Microsoft Visual Studio Solution File, Format Version 8.00
Project("{FAE04EC0-301F-11D3-BF4B-00C04F79EFBC}") = "Snowball.Net-2.0.0", "Snowball.Net-2.0.0.csproj", "{8F9D7A92-F122-413E-9D8D-027E4ECD327C}"
	ProjectSection(ProjectDependencies) = postProject
	EndProjectSection
EndProject
Global
	GlobalSection(DPCodeReviewSolutionGUID) = preSolution
		DPCodeReviewSolutionGUID = {00000000-0000-0000-0000-000000000000}
	EndGlobalSection
	GlobalSection(SolutionConfiguration) = preSolution
		Debug = Debug
		Release = Release
	EndGlobalSection
	GlobalSection(ProjectConfiguration) = postSolution
		{8F9D7A92-F122-413E-9D8D-027E4ECD327C}.Debug.ActiveCfg = Debug|.NET
		{8F9D7A92-F122-413E-9D8D-027E4ECD327C}.Debug.Build.0 = Debug|.NET
		{8F9D7A92-F122-413E-9D8D-027E4ECD327C}.Release.ActiveCfg = Release|.NET
		{8F9D7A92-F122-413E-9D8D-027E4ECD327C}.Release.Build.0 = Release|.NET
	EndGlobalSection
	GlobalSection(ExtensibilityGlobals) = postSolution
	EndGlobalSection
	GlobalSection(ExtensibilityAddIns) = postSolution
	EndGlobalSection
EndGlobal
