
Microsoft Visual Studio Solution File, Format Version 12.00
# Visual Studio 14
VisualStudioVersion = 14.0.24720.0
MinimumVisualStudioVersion = 10.0.40219.1
Project("{FAE04EC0-301F-11D3-BF4B-00C04F79EFBC}") = "Metrics", "Src\Metrics\Metrics.csproj", "{95E29D40-DBEC-49E2-9CC5-26B88966DADE}"
EndProject
Project("{2150E333-8FDC-42A3-9474-1A3956D46DE8}") = ".nuget", ".nuget", "{FE317A5A-E540-401C-994F-353A1349C70B}"
	ProjectSection(SolutionItems) = preProject
		.nuget\NuGet.Config = .nuget\NuGet.Config
		.nuget\NuGet.exe = .nuget\NuGet.exe
	EndProjectSection
EndProject
Project("{2150E333-8FDC-42A3-9474-1A3956D46DE8}") = "Solution Items", "Solution Items", "{9A42F567-91B0-4FFB-A9AD-DB0D158784EA}"
	ProjectSection(SolutionItems) = preProject
		.travis.yml = .travis.yml
		build.bat = build.bat
		build.sh = build.sh
		CHANGELOG.md = CHANGELOG.md
		create-nuget.bat = create-nuget.bat
		Publishing\Metrics.NET.nuspec = Publishing\Metrics.NET.nuspec
		Publishing\Nancy.Metrics.nuspec = Publishing\Nancy.Metrics.nuspec
		Publishing\Owin.Metrics.nuspec = Publishing\Owin.Metrics.nuspec
		Publishing\push-nuget.bat = Publishing\push-nuget.bat
		README.md = README.md
		SharedAssemblyInfo.cs = SharedAssemblyInfo.cs
	EndProjectSection
EndProject
Project("{FAE04EC0-301F-11D3-BF4B-00C04F79EFBC}") = "Test", "Test\Test.csproj", "{CA8B4B2B-6C61-43BB-8912-19E4C278DF59}"
EndProject
Global
	GlobalSection(SolutionConfigurationPlatforms) = preSolution
		Debug|Any CPU = Debug|Any CPU
		Release|Any CPU = Release|Any CPU
	EndGlobalSection
	GlobalSection(ProjectConfigurationPlatforms) = postSolution
		{95E29D40-DBEC-49E2-9CC5-26B88966DADE}.Debug|Any CPU.ActiveCfg = Debug|Any CPU
		{95E29D40-DBEC-49E2-9CC5-26B88966DADE}.Debug|Any CPU.Build.0 = Debug|Any CPU
		{95E29D40-DBEC-49E2-9CC5-26B88966DADE}.Release|Any CPU.ActiveCfg = Release|Any CPU
		{95E29D40-DBEC-49E2-9CC5-26B88966DADE}.Release|Any CPU.Build.0 = Release|Any CPU
		{CA8B4B2B-6C61-43BB-8912-19E4C278DF59}.Debug|Any CPU.ActiveCfg = Debug|Any CPU
		{CA8B4B2B-6C61-43BB-8912-19E4C278DF59}.Debug|Any CPU.Build.0 = Debug|Any CPU
		{CA8B4B2B-6C61-43BB-8912-19E4C278DF59}.Release|Any CPU.ActiveCfg = Release|Any CPU
		{CA8B4B2B-6C61-43BB-8912-19E4C278DF59}.Release|Any CPU.Build.0 = Release|Any CPU
	EndGlobalSection
	GlobalSection(SolutionProperties) = preSolution
		HideSolutionNode = FALSE
	EndGlobalSection
EndGlobal
