
Microsoft Visual Studio Solution File, Format Version 12.00
# Visual Studio 2012
Project("{2150E333-8FDC-42A3-9474-1A3956D46DE8}") = "Solution Items", "Solution Items", "{2D05344B-97D3-4B25-88ED-C1FF1D0996B1}"
	ProjectSection(SolutionItems) = preProject
		docs\codeconf.pdf = docs\codeconf.pdf
		LICENSE = LICENSE
		metrics-mvc.nuspec = metrics-mvc.nuspec
		metrics.nuspec = metrics.nuspec
		pack-nuget-mvc.bat = pack-nuget-mvc.bat
		pack-nuget.bat = pack-nuget.bat
		push-nuget.bat = push-nuget.bat
	EndProjectSection
EndProject
Project("{FAE04EC0-301F-11D3-BF4B-00C04F79EFBC}") = "metrics", "src\metrics\metrics.csproj", "{3FBA902F-4F7E-434D-BE22-89C162B6F92D}"
EndProject
Project("{FAE04EC0-301F-11D3-BF4B-00C04F79EFBC}") = "metrics.AspNetMvc", "src\metrics.AspNetMvc\metrics.AspNetMvc.csproj", "{219114B1-8F59-4D19-9A93-076729BC7805}"
EndProject
Project("{FAE04EC0-301F-11D3-BF4B-00C04F79EFBC}") = "metrics.Tests", "src\metrics.Tests\metrics.Tests.csproj", "{6DAD9669-E49A-41A2-98F8-D0F4E50CC925}"
EndProject
Project("{2150E333-8FDC-42A3-9474-1A3956D46DE8}") = ".nuget", ".nuget", "{529304FF-4AB7-49B3-A369-60E82CBE0C20}"
	ProjectSection(SolutionItems) = preProject
		.nuget\NuGet.Config = .nuget\NuGet.Config
		.nuget\NuGet.exe = .nuget\NuGet.exe
		.nuget\NuGet.targets = .nuget\NuGet.targets
	EndProjectSection
EndProject
Global
	GlobalSection(SolutionConfigurationPlatforms) = preSolution
		Debug|Any CPU = Debug|Any CPU
		Debug|Mixed Platforms = Debug|Mixed Platforms
		Debug|x86 = Debug|x86
		Release|Any CPU = Release|Any CPU
		Release|Mixed Platforms = Release|Mixed Platforms
		Release|x86 = Release|x86
	EndGlobalSection
	GlobalSection(ProjectConfigurationPlatforms) = postSolution
		{3FBA902F-4F7E-434D-BE22-89C162B6F92D}.Debug|Any CPU.ActiveCfg = Debug|Any CPU
		{3FBA902F-4F7E-434D-BE22-89C162B6F92D}.Debug|Any CPU.Build.0 = Debug|Any CPU
		{3FBA902F-4F7E-434D-BE22-89C162B6F92D}.Debug|Mixed Platforms.ActiveCfg = Debug|Any CPU
		{3FBA902F-4F7E-434D-BE22-89C162B6F92D}.Debug|Mixed Platforms.Build.0 = Debug|Any CPU
		{3FBA902F-4F7E-434D-BE22-89C162B6F92D}.Debug|x86.ActiveCfg = Debug|Any CPU
		{3FBA902F-4F7E-434D-BE22-89C162B6F92D}.Release|Any CPU.ActiveCfg = Release|Any CPU
		{3FBA902F-4F7E-434D-BE22-89C162B6F92D}.Release|Any CPU.Build.0 = Release|Any CPU
		{3FBA902F-4F7E-434D-BE22-89C162B6F92D}.Release|Mixed Platforms.ActiveCfg = Release|Any CPU
		{3FBA902F-4F7E-434D-BE22-89C162B6F92D}.Release|Mixed Platforms.Build.0 = Release|Any CPU
		{3FBA902F-4F7E-434D-BE22-89C162B6F92D}.Release|x86.ActiveCfg = Release|Any CPU
		{219114B1-8F59-4D19-9A93-076729BC7805}.Debug|Any CPU.ActiveCfg = Debug|Any CPU
		{219114B1-8F59-4D19-9A93-076729BC7805}.Debug|Any CPU.Build.0 = Debug|Any CPU
		{219114B1-8F59-4D19-9A93-076729BC7805}.Debug|Mixed Platforms.ActiveCfg = Debug|Any CPU
		{219114B1-8F59-4D19-9A93-076729BC7805}.Debug|Mixed Platforms.Build.0 = Debug|Any CPU
		{219114B1-8F59-4D19-9A93-076729BC7805}.Debug|x86.ActiveCfg = Debug|Any CPU
		{219114B1-8F59-4D19-9A93-076729BC7805}.Release|Any CPU.ActiveCfg = Release|Any CPU
		{219114B1-8F59-4D19-9A93-076729BC7805}.Release|Any CPU.Build.0 = Release|Any CPU
		{219114B1-8F59-4D19-9A93-076729BC7805}.Release|Mixed Platforms.ActiveCfg = Release|Any CPU
		{219114B1-8F59-4D19-9A93-076729BC7805}.Release|Mixed Platforms.Build.0 = Release|Any CPU
		{219114B1-8F59-4D19-9A93-076729BC7805}.Release|x86.ActiveCfg = Release|Any CPU
		{6DAD9669-E49A-41A2-98F8-D0F4E50CC925}.Debug|Any CPU.ActiveCfg = Debug|x86
		{6DAD9669-E49A-41A2-98F8-D0F4E50CC925}.Debug|Mixed Platforms.ActiveCfg = Debug|x86
		{6DAD9669-E49A-41A2-98F8-D0F4E50CC925}.Debug|Mixed Platforms.Build.0 = Debug|x86
		{6DAD9669-E49A-41A2-98F8-D0F4E50CC925}.Debug|x86.ActiveCfg = Debug|x86
		{6DAD9669-E49A-41A2-98F8-D0F4E50CC925}.Debug|x86.Build.0 = Debug|x86
		{6DAD9669-E49A-41A2-98F8-D0F4E50CC925}.Release|Any CPU.ActiveCfg = Release|x86
		{6DAD9669-E49A-41A2-98F8-D0F4E50CC925}.Release|Mixed Platforms.ActiveCfg = Release|x86
		{6DAD9669-E49A-41A2-98F8-D0F4E50CC925}.Release|Mixed Platforms.Build.0 = Release|x86
		{6DAD9669-E49A-41A2-98F8-D0F4E50CC925}.Release|x86.ActiveCfg = Release|x86
		{6DAD9669-E49A-41A2-98F8-D0F4E50CC925}.Release|x86.Build.0 = Release|x86
	EndGlobalSection
	GlobalSection(SolutionProperties) = preSolution
		HideSolutionNode = FALSE
	EndGlobalSection
EndGlobal
