
Microsoft Visual Studio Solution File, Format Version 12.00
# Visual Studio 2012
Project("{911E67C6-3D85-4FCE-B560-20A9C3E3FF48}") = "scriptcs", "scriptcs\scriptcs.exe", "{B40DEFD8-764F-4429-8B10-08E4ED4ACBCF}"
	ProjectSection(DebuggerProjectSystem) = preProject
		PortSupplier = 00000000-0000-0000-0000-000000000000
		Executable = C:\Work\RavenDB-2.0\Raven.Build\scriptcs\scriptcs.exe
		RemoteMachine = FITZCHAK-PC
		StartingDirectory = C:\Work\RavenDB-2.0\Raven.Build
		Arguments = CopyProjectLinkedFilesTo.csx
		Environment = Default
		LaunchingEngine = 00000000-0000-0000-0000-000000000000
		LaunchSQLEngine = No
		AttachLaunchAction = No
	EndProjectSection
EndProject
Project("{2150E333-8FDC-42A3-9474-1A3956D46DE8}") = "Solution Items", "Solution Items", "{F7B91368-1585-4B37-8A2A-315F4A367B87}"
	ProjectSection(SolutionItems) = preProject
		CopyProjectLinkedFilesTo.csx = CopyProjectLinkedFilesTo.csx
	EndProjectSection
EndProject
Global
	GlobalSection(SolutionConfigurationPlatforms) = preSolution
		Debug|Any CPU = Debug|Any CPU
	EndGlobalSection
	GlobalSection(ProjectConfigurationPlatforms) = postSolution
		{B40DEFD8-764F-4429-8B10-08E4ED4ACBCF}.Debug|Any CPU.ActiveCfg = Debug|Any CPU
	EndGlobalSection
	GlobalSection(SolutionProperties) = preSolution
		HideSolutionNode = FALSE
	EndGlobalSection
EndGlobal
