
Microsoft Visual Studio Solution File, Format Version 11.00
# Visual Studio 2010
Project("{FAE04EC0-301F-11D3-BF4B-00C04F79EFBC}") = "Raven.Database", "Raven.Database\Raven.Database.csproj", "{212823CD-25E1-41AC-92D1-D6DF4D53FC85}"
	ProjectSection(ProjectDependencies) = postProject
		{AB130CB7-E4D4-4496-BEE6-0538963475FC} = {AB130CB7-E4D4-4496-BEE6-0538963475FC}
	EndProjectSection
EndProject
Project("{FAE04EC0-301F-11D3-BF4B-00C04F79EFBC}") = "Raven.Scenarios", "Raven.Scenarios\Raven.Scenarios.csproj", "{46DB852F-4E76-44BD-B46F-5E7DE7E4B3B7}"
EndProject
Project("{FAE04EC0-301F-11D3-BF4B-00C04F79EFBC}") = "Raven.Server", "Raven.Server\Raven.Server.csproj", "{3B90EB20-AEA3-4972-8219-936F1A62768C}"
EndProject
Project("{FAE04EC0-301F-11D3-BF4B-00C04F79EFBC}") = "Raven.Tests", "Raven.Tests\Raven.Tests.csproj", "{267AC60C-751E-42E9-AA18-66035DEFF63A}"
EndProject
Project("{FAE04EC0-301F-11D3-BF4B-00C04F79EFBC}") = "Raven.Client.Lightweight", "Raven.Client.Lightweight\Raven.Client.Lightweight.csproj", "{4E087ECB-E7CA-4891-AC3C-3C76702715B6}"
EndProject
Project("{FAE04EC0-301F-11D3-BF4B-00C04F79EFBC}") = "Raven.Tryouts", "Raven.Tryouts\Raven.Tryouts.csproj", "{68BC3141-C2EF-487A-B4A6-A0AD7E754FB1}"
EndProject
Project("{FAE04EC0-301F-11D3-BF4B-00C04F79EFBC}") = "Raven.Smuggler", "Raven.Smuggler\Raven.Smuggler.csproj", "{3E6401AC-3E33-4B61-A460-49953654A207}"
EndProject
Project("{FAE04EC0-301F-11D3-BF4B-00C04F79EFBC}") = "Raven.Storage.Esent", "Raven.Storage.Esent\Raven.Storage.Esent.csproj", "{9DEE8674-D0CD-430D-BD9B-6CD95F3CAB22}"
EndProject
Project("{F184B08F-C81C-45F6-A57F-5ABD9991F28F}") = "Raven.Client.VisualBasic.Tests", "Raven.Client.VisualBasic.Tests\Raven.Client.VisualBasic.Tests.vbproj", "{F4D4FDE0-BE9B-4139-A76C-7848A641324A}"
EndProject
Project("{FAE04EC0-301F-11D3-BF4B-00C04F79EFBC}") = "Raven.Storage.Managed", "Raven.Storage.Managed\Raven.Storage.Managed.csproj", "{DA99A419-E137-40DB-9495-0C363B479D4B}"
EndProject
Project("{FAE04EC0-301F-11D3-BF4B-00C04F79EFBC}") = "Raven.Http", "Raven.Http\Raven.Http.csproj", "{508E5F54-A8F3-47F4-9297-CB96F91D4DF8}"
EndProject
Project("{FAE04EC0-301F-11D3-BF4B-00C04F79EFBC}") = "Raven.Abstractions", "Raven.Abstractions\Raven.Abstractions.csproj", "{41AC479E-1EB2-4D23-AAF2-E4C8DF1BC2BA}"
EndProject
Project("{FAE04EC0-301F-11D3-BF4B-00C04F79EFBC}") = "Raven.Client.Embedded", "Raven.Client.Embedded\Raven.Client.Embedded.csproj", "{0F5287AD-37B3-4375-BA3E-3CED64B1FC5B}"
EndProject
Project("{FAE04EC0-301F-11D3-BF4B-00C04F79EFBC}") = "Raven.Munin", "Modules\Munin\Raven.Munin\Raven.Munin.csproj", "{486537C2-EDF7-404F-9CFB-EEE25996DF5F}"
EndProject
Project("{FAE04EC0-301F-11D3-BF4B-00C04F79EFBC}") = "Raven.Munin.Tests", "Modules\Munin\Raven.Munin.Tests\Raven.Munin.Tests.csproj", "{08BE1CAB-13B1-4707-A0A3-6A2FDC1F916D}"
EndProject
Project("{FAE04EC0-301F-11D3-BF4B-00C04F79EFBC}") = "Raven.Client.Silverlight", "Raven.Client.Silverlight\Raven.Client.Silverlight.csproj", "{8A1DB308-D56B-49BC-A421-A2AB32617215}"
EndProject
Project("{FAE04EC0-301F-11D3-BF4B-00C04F79EFBC}") = "Raven.Tests.Silverlight", "Raven.Tests.Silverlight\Raven.Tests.Silverlight.csproj", "{129E5462-F398-499C-B69B-FC07666C6A31}"
EndProject
Project("{FAE04EC0-301F-11D3-BF4B-00C04F79EFBC}") = "Raven.Web", "Raven.Web\Raven.Web.csproj", "{F49C2ED0-1844-44B4-A595-5FD152853B9C}"
EndProject
Project("{FAE04EC0-301F-11D3-BF4B-00C04F79EFBC}") = "Raven.Studio", "Raven.Studio\Raven.Studio.csproj", "{AB130CB7-E4D4-4496-BEE6-0538963475FC}"
EndProject
Project("{FAE04EC0-301F-11D3-BF4B-00C04F79EFBC}") = "Raven.Studio.Plugins", "Raven.Studio.Plugins\Raven.Studio.Plugins.csproj", "{C7C5B03F-A1D9-4CAA-A0F2-6BC879C23556}"
EndProject
Project("{FAE04EC0-301F-11D3-BF4B-00C04F79EFBC}") = "Raven.Studio.SamplePlugin", "Raven.Studio.SamplePlugin\Raven.Studio.SamplePlugin.csproj", "{4A1E618B-1150-41BB-9908-5EDA977AE29A}"
EndProject
Project("{FAE04EC0-301F-11D3-BF4B-00C04F79EFBC}") = "Raven.Json", "Raven.Json\Raven.Json.csproj", "{31740175-3254-489D-AD59-73EF096BA64D}"
EndProject
Global
	GlobalSection(SolutionConfigurationPlatforms) = preSolution
		Debug|Any CPU = Debug|Any CPU
		Debug|Mixed Platforms = Debug|Mixed Platforms
		Debug|x86 = Debug|x86
		Release|Any CPU = Release|Any CPU
		Release|Mixed Platforms = Release|Mixed Platforms
		Release|x86 = Release|x86
	EndGlobalSection
	GlobalSection(ProjectConfigurationPlatforms) = postSolution
		{212823CD-25E1-41AC-92D1-D6DF4D53FC85}.Debug|Any CPU.ActiveCfg = Debug|Any CPU
		{212823CD-25E1-41AC-92D1-D6DF4D53FC85}.Debug|Any CPU.Build.0 = Debug|Any CPU
		{212823CD-25E1-41AC-92D1-D6DF4D53FC85}.Debug|Mixed Platforms.ActiveCfg = Debug|Any CPU
		{212823CD-25E1-41AC-92D1-D6DF4D53FC85}.Debug|Mixed Platforms.Build.0 = Debug|Any CPU
		{212823CD-25E1-41AC-92D1-D6DF4D53FC85}.Debug|x86.ActiveCfg = Debug|Any CPU
		{212823CD-25E1-41AC-92D1-D6DF4D53FC85}.Release|Any CPU.ActiveCfg = Release|Any CPU
		{212823CD-25E1-41AC-92D1-D6DF4D53FC85}.Release|Any CPU.Build.0 = Release|Any CPU
		{212823CD-25E1-41AC-92D1-D6DF4D53FC85}.Release|Mixed Platforms.ActiveCfg = Release|Any CPU
		{212823CD-25E1-41AC-92D1-D6DF4D53FC85}.Release|Mixed Platforms.Build.0 = Release|Any CPU
		{212823CD-25E1-41AC-92D1-D6DF4D53FC85}.Release|x86.ActiveCfg = Release|Any CPU
		{46DB852F-4E76-44BD-B46F-5E7DE7E4B3B7}.Debug|Any CPU.ActiveCfg = Debug|Any CPU
		{46DB852F-4E76-44BD-B46F-5E7DE7E4B3B7}.Debug|Any CPU.Build.0 = Debug|Any CPU
		{46DB852F-4E76-44BD-B46F-5E7DE7E4B3B7}.Debug|Mixed Platforms.ActiveCfg = Debug|Any CPU
		{46DB852F-4E76-44BD-B46F-5E7DE7E4B3B7}.Debug|Mixed Platforms.Build.0 = Debug|Any CPU
		{46DB852F-4E76-44BD-B46F-5E7DE7E4B3B7}.Debug|x86.ActiveCfg = Debug|Any CPU
		{46DB852F-4E76-44BD-B46F-5E7DE7E4B3B7}.Release|Any CPU.ActiveCfg = Release|Any CPU
		{46DB852F-4E76-44BD-B46F-5E7DE7E4B3B7}.Release|Any CPU.Build.0 = Release|Any CPU
		{46DB852F-4E76-44BD-B46F-5E7DE7E4B3B7}.Release|Mixed Platforms.ActiveCfg = Release|Any CPU
		{46DB852F-4E76-44BD-B46F-5E7DE7E4B3B7}.Release|Mixed Platforms.Build.0 = Release|Any CPU
		{46DB852F-4E76-44BD-B46F-5E7DE7E4B3B7}.Release|x86.ActiveCfg = Release|Any CPU
		{3B90EB20-AEA3-4972-8219-936F1A62768C}.Debug|Any CPU.ActiveCfg = Debug|Any CPU
		{3B90EB20-AEA3-4972-8219-936F1A62768C}.Debug|Any CPU.Build.0 = Debug|Any CPU
		{3B90EB20-AEA3-4972-8219-936F1A62768C}.Debug|Mixed Platforms.ActiveCfg = Debug|Any CPU
		{3B90EB20-AEA3-4972-8219-936F1A62768C}.Debug|Mixed Platforms.Build.0 = Debug|Any CPU
		{3B90EB20-AEA3-4972-8219-936F1A62768C}.Debug|x86.ActiveCfg = Debug|Any CPU
		{3B90EB20-AEA3-4972-8219-936F1A62768C}.Release|Any CPU.ActiveCfg = Release|Any CPU
		{3B90EB20-AEA3-4972-8219-936F1A62768C}.Release|Any CPU.Build.0 = Release|Any CPU
		{3B90EB20-AEA3-4972-8219-936F1A62768C}.Release|Mixed Platforms.ActiveCfg = Release|Any CPU
		{3B90EB20-AEA3-4972-8219-936F1A62768C}.Release|Mixed Platforms.Build.0 = Release|Any CPU
		{3B90EB20-AEA3-4972-8219-936F1A62768C}.Release|x86.ActiveCfg = Release|Any CPU
		{267AC60C-751E-42E9-AA18-66035DEFF63A}.Debug|Any CPU.ActiveCfg = Debug|Any CPU
		{267AC60C-751E-42E9-AA18-66035DEFF63A}.Debug|Any CPU.Build.0 = Debug|Any CPU
		{267AC60C-751E-42E9-AA18-66035DEFF63A}.Debug|Mixed Platforms.ActiveCfg = Debug|Any CPU
		{267AC60C-751E-42E9-AA18-66035DEFF63A}.Debug|Mixed Platforms.Build.0 = Debug|Any CPU
		{267AC60C-751E-42E9-AA18-66035DEFF63A}.Debug|x86.ActiveCfg = Debug|Any CPU
		{267AC60C-751E-42E9-AA18-66035DEFF63A}.Release|Any CPU.ActiveCfg = Release|Any CPU
		{267AC60C-751E-42E9-AA18-66035DEFF63A}.Release|Any CPU.Build.0 = Release|Any CPU
		{267AC60C-751E-42E9-AA18-66035DEFF63A}.Release|Mixed Platforms.ActiveCfg = Release|Any CPU
		{267AC60C-751E-42E9-AA18-66035DEFF63A}.Release|Mixed Platforms.Build.0 = Release|Any CPU
		{267AC60C-751E-42E9-AA18-66035DEFF63A}.Release|x86.ActiveCfg = Release|Any CPU
		{4E087ECB-E7CA-4891-AC3C-3C76702715B6}.Debug|Any CPU.ActiveCfg = Debug|Any CPU
		{4E087ECB-E7CA-4891-AC3C-3C76702715B6}.Debug|Any CPU.Build.0 = Debug|Any CPU
		{4E087ECB-E7CA-4891-AC3C-3C76702715B6}.Debug|Mixed Platforms.ActiveCfg = Debug|Any CPU
		{4E087ECB-E7CA-4891-AC3C-3C76702715B6}.Debug|Mixed Platforms.Build.0 = Debug|Any CPU
		{4E087ECB-E7CA-4891-AC3C-3C76702715B6}.Debug|x86.ActiveCfg = Debug|Any CPU
		{4E087ECB-E7CA-4891-AC3C-3C76702715B6}.Release|Any CPU.ActiveCfg = Release|Any CPU
		{4E087ECB-E7CA-4891-AC3C-3C76702715B6}.Release|Any CPU.Build.0 = Release|Any CPU
		{4E087ECB-E7CA-4891-AC3C-3C76702715B6}.Release|Mixed Platforms.ActiveCfg = Release|Any CPU
		{4E087ECB-E7CA-4891-AC3C-3C76702715B6}.Release|Mixed Platforms.Build.0 = Release|Any CPU
		{4E087ECB-E7CA-4891-AC3C-3C76702715B6}.Release|x86.ActiveCfg = Release|Any CPU
		{68BC3141-C2EF-487A-B4A6-A0AD7E754FB1}.Debug|Any CPU.ActiveCfg = Debug|Any CPU
		{68BC3141-C2EF-487A-B4A6-A0AD7E754FB1}.Debug|Any CPU.Build.0 = Debug|Any CPU
		{68BC3141-C2EF-487A-B4A6-A0AD7E754FB1}.Debug|Mixed Platforms.ActiveCfg = Debug|Any CPU
		{68BC3141-C2EF-487A-B4A6-A0AD7E754FB1}.Debug|Mixed Platforms.Build.0 = Debug|Any CPU
		{68BC3141-C2EF-487A-B4A6-A0AD7E754FB1}.Debug|x86.ActiveCfg = Debug|Any CPU
		{68BC3141-C2EF-487A-B4A6-A0AD7E754FB1}.Release|Any CPU.ActiveCfg = Release|Any CPU
		{68BC3141-C2EF-487A-B4A6-A0AD7E754FB1}.Release|Any CPU.Build.0 = Release|Any CPU
		{68BC3141-C2EF-487A-B4A6-A0AD7E754FB1}.Release|Mixed Platforms.ActiveCfg = Release|Any CPU
		{68BC3141-C2EF-487A-B4A6-A0AD7E754FB1}.Release|Mixed Platforms.Build.0 = Release|Any CPU
		{68BC3141-C2EF-487A-B4A6-A0AD7E754FB1}.Release|x86.ActiveCfg = Release|Any CPU
		{3E6401AC-3E33-4B61-A460-49953654A207}.Debug|Any CPU.ActiveCfg = Debug|x86
		{3E6401AC-3E33-4B61-A460-49953654A207}.Debug|Mixed Platforms.ActiveCfg = Debug|x86
		{3E6401AC-3E33-4B61-A460-49953654A207}.Debug|Mixed Platforms.Build.0 = Debug|x86
		{3E6401AC-3E33-4B61-A460-49953654A207}.Debug|x86.ActiveCfg = Debug|x86
		{3E6401AC-3E33-4B61-A460-49953654A207}.Debug|x86.Build.0 = Debug|x86
		{3E6401AC-3E33-4B61-A460-49953654A207}.Release|Any CPU.ActiveCfg = Release|x86
		{3E6401AC-3E33-4B61-A460-49953654A207}.Release|Mixed Platforms.ActiveCfg = Release|x86
		{3E6401AC-3E33-4B61-A460-49953654A207}.Release|Mixed Platforms.Build.0 = Release|x86
		{3E6401AC-3E33-4B61-A460-49953654A207}.Release|x86.ActiveCfg = Release|x86
		{3E6401AC-3E33-4B61-A460-49953654A207}.Release|x86.Build.0 = Release|x86
		{9DEE8674-D0CD-430D-BD9B-6CD95F3CAB22}.Debug|Any CPU.ActiveCfg = Debug|Any CPU
		{9DEE8674-D0CD-430D-BD9B-6CD95F3CAB22}.Debug|Any CPU.Build.0 = Debug|Any CPU
		{9DEE8674-D0CD-430D-BD9B-6CD95F3CAB22}.Debug|Mixed Platforms.ActiveCfg = Debug|Any CPU
		{9DEE8674-D0CD-430D-BD9B-6CD95F3CAB22}.Debug|Mixed Platforms.Build.0 = Debug|Any CPU
		{9DEE8674-D0CD-430D-BD9B-6CD95F3CAB22}.Debug|x86.ActiveCfg = Debug|Any CPU
		{9DEE8674-D0CD-430D-BD9B-6CD95F3CAB22}.Release|Any CPU.ActiveCfg = Release|Any CPU
		{9DEE8674-D0CD-430D-BD9B-6CD95F3CAB22}.Release|Any CPU.Build.0 = Release|Any CPU
		{9DEE8674-D0CD-430D-BD9B-6CD95F3CAB22}.Release|Mixed Platforms.ActiveCfg = Release|Any CPU
		{9DEE8674-D0CD-430D-BD9B-6CD95F3CAB22}.Release|Mixed Platforms.Build.0 = Release|Any CPU
		{9DEE8674-D0CD-430D-BD9B-6CD95F3CAB22}.Release|x86.ActiveCfg = Release|Any CPU
		{F4D4FDE0-BE9B-4139-A76C-7848A641324A}.Debug|Any CPU.ActiveCfg = Debug|Any CPU
		{F4D4FDE0-BE9B-4139-A76C-7848A641324A}.Debug|Any CPU.Build.0 = Debug|Any CPU
		{F4D4FDE0-BE9B-4139-A76C-7848A641324A}.Debug|Mixed Platforms.ActiveCfg = Debug|Any CPU
		{F4D4FDE0-BE9B-4139-A76C-7848A641324A}.Debug|Mixed Platforms.Build.0 = Debug|Any CPU
		{F4D4FDE0-BE9B-4139-A76C-7848A641324A}.Debug|x86.ActiveCfg = Debug|Any CPU
		{F4D4FDE0-BE9B-4139-A76C-7848A641324A}.Release|Any CPU.ActiveCfg = Release|Any CPU
		{F4D4FDE0-BE9B-4139-A76C-7848A641324A}.Release|Any CPU.Build.0 = Release|Any CPU
		{F4D4FDE0-BE9B-4139-A76C-7848A641324A}.Release|Mixed Platforms.ActiveCfg = Release|Any CPU
		{F4D4FDE0-BE9B-4139-A76C-7848A641324A}.Release|Mixed Platforms.Build.0 = Release|Any CPU
		{F4D4FDE0-BE9B-4139-A76C-7848A641324A}.Release|x86.ActiveCfg = Release|Any CPU
		{DA99A419-E137-40DB-9495-0C363B479D4B}.Debug|Any CPU.ActiveCfg = Debug|Any CPU
		{DA99A419-E137-40DB-9495-0C363B479D4B}.Debug|Any CPU.Build.0 = Debug|Any CPU
		{DA99A419-E137-40DB-9495-0C363B479D4B}.Debug|Mixed Platforms.ActiveCfg = Debug|Any CPU
		{DA99A419-E137-40DB-9495-0C363B479D4B}.Debug|Mixed Platforms.Build.0 = Debug|Any CPU
		{DA99A419-E137-40DB-9495-0C363B479D4B}.Debug|x86.ActiveCfg = Debug|Any CPU
		{DA99A419-E137-40DB-9495-0C363B479D4B}.Release|Any CPU.ActiveCfg = Release|Any CPU
		{DA99A419-E137-40DB-9495-0C363B479D4B}.Release|Any CPU.Build.0 = Release|Any CPU
		{DA99A419-E137-40DB-9495-0C363B479D4B}.Release|Mixed Platforms.ActiveCfg = Release|Any CPU
		{DA99A419-E137-40DB-9495-0C363B479D4B}.Release|Mixed Platforms.Build.0 = Release|Any CPU
		{DA99A419-E137-40DB-9495-0C363B479D4B}.Release|x86.ActiveCfg = Release|Any CPU
		{508E5F54-A8F3-47F4-9297-CB96F91D4DF8}.Debug|Any CPU.ActiveCfg = Debug|Any CPU
		{508E5F54-A8F3-47F4-9297-CB96F91D4DF8}.Debug|Any CPU.Build.0 = Debug|Any CPU
		{508E5F54-A8F3-47F4-9297-CB96F91D4DF8}.Debug|Mixed Platforms.ActiveCfg = Debug|Any CPU
		{508E5F54-A8F3-47F4-9297-CB96F91D4DF8}.Debug|Mixed Platforms.Build.0 = Debug|Any CPU
		{508E5F54-A8F3-47F4-9297-CB96F91D4DF8}.Debug|x86.ActiveCfg = Debug|Any CPU
		{508E5F54-A8F3-47F4-9297-CB96F91D4DF8}.Release|Any CPU.ActiveCfg = Release|Any CPU
		{508E5F54-A8F3-47F4-9297-CB96F91D4DF8}.Release|Any CPU.Build.0 = Release|Any CPU
		{508E5F54-A8F3-47F4-9297-CB96F91D4DF8}.Release|Mixed Platforms.ActiveCfg = Release|Any CPU
		{508E5F54-A8F3-47F4-9297-CB96F91D4DF8}.Release|Mixed Platforms.Build.0 = Release|Any CPU
		{508E5F54-A8F3-47F4-9297-CB96F91D4DF8}.Release|x86.ActiveCfg = Release|Any CPU
		{41AC479E-1EB2-4D23-AAF2-E4C8DF1BC2BA}.Debug|Any CPU.ActiveCfg = Debug|Any CPU
		{41AC479E-1EB2-4D23-AAF2-E4C8DF1BC2BA}.Debug|Any CPU.Build.0 = Debug|Any CPU
		{41AC479E-1EB2-4D23-AAF2-E4C8DF1BC2BA}.Debug|Mixed Platforms.ActiveCfg = Debug|Any CPU
		{41AC479E-1EB2-4D23-AAF2-E4C8DF1BC2BA}.Debug|Mixed Platforms.Build.0 = Debug|Any CPU
		{41AC479E-1EB2-4D23-AAF2-E4C8DF1BC2BA}.Debug|x86.ActiveCfg = Debug|Any CPU
		{41AC479E-1EB2-4D23-AAF2-E4C8DF1BC2BA}.Release|Any CPU.ActiveCfg = Release|Any CPU
		{41AC479E-1EB2-4D23-AAF2-E4C8DF1BC2BA}.Release|Any CPU.Build.0 = Release|Any CPU
		{41AC479E-1EB2-4D23-AAF2-E4C8DF1BC2BA}.Release|Mixed Platforms.ActiveCfg = Release|Any CPU
		{41AC479E-1EB2-4D23-AAF2-E4C8DF1BC2BA}.Release|Mixed Platforms.Build.0 = Release|Any CPU
		{41AC479E-1EB2-4D23-AAF2-E4C8DF1BC2BA}.Release|x86.ActiveCfg = Release|Any CPU
		{0F5287AD-37B3-4375-BA3E-3CED64B1FC5B}.Debug|Any CPU.ActiveCfg = Debug|Any CPU
		{0F5287AD-37B3-4375-BA3E-3CED64B1FC5B}.Debug|Any CPU.Build.0 = Debug|Any CPU
		{0F5287AD-37B3-4375-BA3E-3CED64B1FC5B}.Debug|Mixed Platforms.ActiveCfg = Debug|Any CPU
		{0F5287AD-37B3-4375-BA3E-3CED64B1FC5B}.Debug|Mixed Platforms.Build.0 = Debug|Any CPU
		{0F5287AD-37B3-4375-BA3E-3CED64B1FC5B}.Debug|x86.ActiveCfg = Debug|Any CPU
		{0F5287AD-37B3-4375-BA3E-3CED64B1FC5B}.Release|Any CPU.ActiveCfg = Release|Any CPU
		{0F5287AD-37B3-4375-BA3E-3CED64B1FC5B}.Release|Any CPU.Build.0 = Release|Any CPU
		{0F5287AD-37B3-4375-BA3E-3CED64B1FC5B}.Release|Mixed Platforms.ActiveCfg = Release|Any CPU
		{0F5287AD-37B3-4375-BA3E-3CED64B1FC5B}.Release|Mixed Platforms.Build.0 = Release|Any CPU
		{0F5287AD-37B3-4375-BA3E-3CED64B1FC5B}.Release|x86.ActiveCfg = Release|Any CPU
		{486537C2-EDF7-404F-9CFB-EEE25996DF5F}.Debug|Any CPU.ActiveCfg = Debug|Any CPU
		{486537C2-EDF7-404F-9CFB-EEE25996DF5F}.Debug|Any CPU.Build.0 = Debug|Any CPU
		{486537C2-EDF7-404F-9CFB-EEE25996DF5F}.Debug|Mixed Platforms.ActiveCfg = Debug|Any CPU
		{486537C2-EDF7-404F-9CFB-EEE25996DF5F}.Debug|Mixed Platforms.Build.0 = Debug|Any CPU
		{486537C2-EDF7-404F-9CFB-EEE25996DF5F}.Debug|x86.ActiveCfg = Debug|Any CPU
		{486537C2-EDF7-404F-9CFB-EEE25996DF5F}.Release|Any CPU.ActiveCfg = Release|Any CPU
		{486537C2-EDF7-404F-9CFB-EEE25996DF5F}.Release|Any CPU.Build.0 = Release|Any CPU
		{486537C2-EDF7-404F-9CFB-EEE25996DF5F}.Release|Mixed Platforms.ActiveCfg = Release|Any CPU
		{486537C2-EDF7-404F-9CFB-EEE25996DF5F}.Release|Mixed Platforms.Build.0 = Release|Any CPU
		{486537C2-EDF7-404F-9CFB-EEE25996DF5F}.Release|x86.ActiveCfg = Release|Any CPU
		{08BE1CAB-13B1-4707-A0A3-6A2FDC1F916D}.Debug|Any CPU.ActiveCfg = Debug|Any CPU
		{08BE1CAB-13B1-4707-A0A3-6A2FDC1F916D}.Debug|Any CPU.Build.0 = Debug|Any CPU
		{08BE1CAB-13B1-4707-A0A3-6A2FDC1F916D}.Debug|Mixed Platforms.ActiveCfg = Debug|Any CPU
		{08BE1CAB-13B1-4707-A0A3-6A2FDC1F916D}.Debug|Mixed Platforms.Build.0 = Debug|Any CPU
		{08BE1CAB-13B1-4707-A0A3-6A2FDC1F916D}.Debug|x86.ActiveCfg = Debug|Any CPU
		{08BE1CAB-13B1-4707-A0A3-6A2FDC1F916D}.Release|Any CPU.ActiveCfg = Release|Any CPU
		{08BE1CAB-13B1-4707-A0A3-6A2FDC1F916D}.Release|Any CPU.Build.0 = Release|Any CPU
		{08BE1CAB-13B1-4707-A0A3-6A2FDC1F916D}.Release|Mixed Platforms.ActiveCfg = Release|Any CPU
		{08BE1CAB-13B1-4707-A0A3-6A2FDC1F916D}.Release|Mixed Platforms.Build.0 = Release|Any CPU
		{08BE1CAB-13B1-4707-A0A3-6A2FDC1F916D}.Release|x86.ActiveCfg = Release|Any CPU
		{8A1DB308-D56B-49BC-A421-A2AB32617215}.Debug|Any CPU.ActiveCfg = Debug|Any CPU
		{8A1DB308-D56B-49BC-A421-A2AB32617215}.Debug|Any CPU.Build.0 = Debug|Any CPU
		{8A1DB308-D56B-49BC-A421-A2AB32617215}.Debug|Mixed Platforms.ActiveCfg = Debug|Any CPU
		{8A1DB308-D56B-49BC-A421-A2AB32617215}.Debug|Mixed Platforms.Build.0 = Debug|Any CPU
		{8A1DB308-D56B-49BC-A421-A2AB32617215}.Debug|x86.ActiveCfg = Debug|Any CPU
		{8A1DB308-D56B-49BC-A421-A2AB32617215}.Release|Any CPU.ActiveCfg = Release|Any CPU
		{8A1DB308-D56B-49BC-A421-A2AB32617215}.Release|Any CPU.Build.0 = Release|Any CPU
		{8A1DB308-D56B-49BC-A421-A2AB32617215}.Release|Mixed Platforms.ActiveCfg = Release|Any CPU
		{8A1DB308-D56B-49BC-A421-A2AB32617215}.Release|Mixed Platforms.Build.0 = Release|Any CPU
		{8A1DB308-D56B-49BC-A421-A2AB32617215}.Release|x86.ActiveCfg = Release|Any CPU
		{129E5462-F398-499C-B69B-FC07666C6A31}.Debug|Any CPU.ActiveCfg = Debug|Any CPU
		{129E5462-F398-499C-B69B-FC07666C6A31}.Debug|Any CPU.Build.0 = Debug|Any CPU
		{129E5462-F398-499C-B69B-FC07666C6A31}.Debug|Mixed Platforms.ActiveCfg = Debug|Any CPU
		{129E5462-F398-499C-B69B-FC07666C6A31}.Debug|Mixed Platforms.Build.0 = Debug|Any CPU
		{129E5462-F398-499C-B69B-FC07666C6A31}.Debug|x86.ActiveCfg = Debug|Any CPU
		{129E5462-F398-499C-B69B-FC07666C6A31}.Release|Any CPU.ActiveCfg = Release|Any CPU
		{129E5462-F398-499C-B69B-FC07666C6A31}.Release|Any CPU.Build.0 = Release|Any CPU
		{129E5462-F398-499C-B69B-FC07666C6A31}.Release|Mixed Platforms.ActiveCfg = Release|Any CPU
		{129E5462-F398-499C-B69B-FC07666C6A31}.Release|Mixed Platforms.Build.0 = Release|Any CPU
		{129E5462-F398-499C-B69B-FC07666C6A31}.Release|x86.ActiveCfg = Release|Any CPU
		{F49C2ED0-1844-44B4-A595-5FD152853B9C}.Debug|Any CPU.ActiveCfg = Debug|Any CPU
		{F49C2ED0-1844-44B4-A595-5FD152853B9C}.Debug|Any CPU.Build.0 = Debug|Any CPU
		{F49C2ED0-1844-44B4-A595-5FD152853B9C}.Debug|Mixed Platforms.ActiveCfg = Debug|Any CPU
		{F49C2ED0-1844-44B4-A595-5FD152853B9C}.Debug|Mixed Platforms.Build.0 = Debug|Any CPU
		{F49C2ED0-1844-44B4-A595-5FD152853B9C}.Debug|x86.ActiveCfg = Debug|Any CPU
		{F49C2ED0-1844-44B4-A595-5FD152853B9C}.Release|Any CPU.ActiveCfg = Release|Any CPU
		{F49C2ED0-1844-44B4-A595-5FD152853B9C}.Release|Any CPU.Build.0 = Release|Any CPU
		{F49C2ED0-1844-44B4-A595-5FD152853B9C}.Release|Mixed Platforms.ActiveCfg = Release|Any CPU
		{F49C2ED0-1844-44B4-A595-5FD152853B9C}.Release|Mixed Platforms.Build.0 = Release|Any CPU
		{F49C2ED0-1844-44B4-A595-5FD152853B9C}.Release|x86.ActiveCfg = Release|Any CPU
		{AB130CB7-E4D4-4496-BEE6-0538963475FC}.Debug|Any CPU.ActiveCfg = Debug|Any CPU
		{AB130CB7-E4D4-4496-BEE6-0538963475FC}.Debug|Any CPU.Build.0 = Debug|Any CPU
		{AB130CB7-E4D4-4496-BEE6-0538963475FC}.Debug|Mixed Platforms.ActiveCfg = Debug|Any CPU
		{AB130CB7-E4D4-4496-BEE6-0538963475FC}.Debug|Mixed Platforms.Build.0 = Debug|Any CPU
		{AB130CB7-E4D4-4496-BEE6-0538963475FC}.Debug|x86.ActiveCfg = Debug|Any CPU
		{AB130CB7-E4D4-4496-BEE6-0538963475FC}.Release|Any CPU.ActiveCfg = Release|Any CPU
		{AB130CB7-E4D4-4496-BEE6-0538963475FC}.Release|Any CPU.Build.0 = Release|Any CPU
		{AB130CB7-E4D4-4496-BEE6-0538963475FC}.Release|Mixed Platforms.ActiveCfg = Release|Any CPU
		{AB130CB7-E4D4-4496-BEE6-0538963475FC}.Release|Mixed Platforms.Build.0 = Release|Any CPU
		{AB130CB7-E4D4-4496-BEE6-0538963475FC}.Release|x86.ActiveCfg = Release|Any CPU
		{C7C5B03F-A1D9-4CAA-A0F2-6BC879C23556}.Debug|Any CPU.ActiveCfg = Debug|Any CPU
		{C7C5B03F-A1D9-4CAA-A0F2-6BC879C23556}.Debug|Any CPU.Build.0 = Debug|Any CPU
		{C7C5B03F-A1D9-4CAA-A0F2-6BC879C23556}.Debug|Mixed Platforms.ActiveCfg = Debug|Any CPU
		{C7C5B03F-A1D9-4CAA-A0F2-6BC879C23556}.Debug|Mixed Platforms.Build.0 = Debug|Any CPU
		{C7C5B03F-A1D9-4CAA-A0F2-6BC879C23556}.Debug|x86.ActiveCfg = Debug|Any CPU
		{C7C5B03F-A1D9-4CAA-A0F2-6BC879C23556}.Release|Any CPU.ActiveCfg = Release|Any CPU
		{C7C5B03F-A1D9-4CAA-A0F2-6BC879C23556}.Release|Any CPU.Build.0 = Release|Any CPU
		{C7C5B03F-A1D9-4CAA-A0F2-6BC879C23556}.Release|Mixed Platforms.ActiveCfg = Release|Any CPU
		{C7C5B03F-A1D9-4CAA-A0F2-6BC879C23556}.Release|Mixed Platforms.Build.0 = Release|Any CPU
		{C7C5B03F-A1D9-4CAA-A0F2-6BC879C23556}.Release|x86.ActiveCfg = Release|Any CPU
		{4A1E618B-1150-41BB-9908-5EDA977AE29A}.Debug|Any CPU.ActiveCfg = Debug|Any CPU
		{4A1E618B-1150-41BB-9908-5EDA977AE29A}.Debug|Any CPU.Build.0 = Debug|Any CPU
		{4A1E618B-1150-41BB-9908-5EDA977AE29A}.Debug|Mixed Platforms.ActiveCfg = Debug|Any CPU
		{4A1E618B-1150-41BB-9908-5EDA977AE29A}.Debug|Mixed Platforms.Build.0 = Debug|Any CPU
		{4A1E618B-1150-41BB-9908-5EDA977AE29A}.Debug|x86.ActiveCfg = Debug|Any CPU
		{4A1E618B-1150-41BB-9908-5EDA977AE29A}.Release|Any CPU.ActiveCfg = Release|Any CPU
		{4A1E618B-1150-41BB-9908-5EDA977AE29A}.Release|Any CPU.Build.0 = Release|Any CPU
		{4A1E618B-1150-41BB-9908-5EDA977AE29A}.Release|Mixed Platforms.ActiveCfg = Release|Any CPU
		{4A1E618B-1150-41BB-9908-5EDA977AE29A}.Release|Mixed Platforms.Build.0 = Release|Any CPU
		{4A1E618B-1150-41BB-9908-5EDA977AE29A}.Release|x86.ActiveCfg = Release|Any CPU
		{31740175-3254-489D-AD59-73EF096BA64D}.Debug|Any CPU.ActiveCfg = Debug|Any CPU
		{31740175-3254-489D-AD59-73EF096BA64D}.Debug|Any CPU.Build.0 = Debug|Any CPU
		{31740175-3254-489D-AD59-73EF096BA64D}.Debug|Mixed Platforms.ActiveCfg = Debug|Any CPU
		{31740175-3254-489D-AD59-73EF096BA64D}.Debug|Mixed Platforms.Build.0 = Debug|Any CPU
		{31740175-3254-489D-AD59-73EF096BA64D}.Debug|x86.ActiveCfg = Debug|Any CPU
		{31740175-3254-489D-AD59-73EF096BA64D}.Release|Any CPU.ActiveCfg = Release|Any CPU
		{31740175-3254-489D-AD59-73EF096BA64D}.Release|Any CPU.Build.0 = Release|Any CPU
		{31740175-3254-489D-AD59-73EF096BA64D}.Release|Mixed Platforms.ActiveCfg = Release|Any CPU
		{31740175-3254-489D-AD59-73EF096BA64D}.Release|Mixed Platforms.Build.0 = Release|Any CPU
		{31740175-3254-489D-AD59-73EF096BA64D}.Release|x86.ActiveCfg = Release|Any CPU
	EndGlobalSection
	GlobalSection(SolutionProperties) = preSolution
		HideSolutionNode = FALSE
	EndGlobalSection
EndGlobal
