
Microsoft Visual Studio Solution File, Format Version 10.00
# Visual Studio 2008
Project("{FAE04EC0-301F-11D3-BF4B-00C04F79EFBC}") = "Raven.Database", "Raven.Database\Raven.Database.csproj", "{212823CD-25E1-41AC-92D1-D6DF4D53FC85}"
EndProject
Project("{FAE04EC0-301F-11D3-BF4B-00C04F79EFBC}") = "Raven.Client", "Raven.Client\Raven.Client.csproj", "{9F92FD36-60B6-4655-B8C6-00125B46AB6A}"
EndProject
Global
	GlobalSection(SolutionConfigurationPlatforms) = preSolution
		Debug|Any CPU = Debug|Any CPU
		Release|Any CPU = Release|Any CPU
	EndGlobalSection
	GlobalSection(ProjectConfigurationPlatforms) = postSolution
		{212823CD-25E1-41AC-92D1-D6DF4D53FC85}.Debug|Any CPU.ActiveCfg = Debug|Any CPU
		{212823CD-25E1-41AC-92D1-D6DF4D53FC85}.Debug|Any CPU.Build.0 = Debug|Any CPU
		{212823CD-25E1-41AC-92D1-D6DF4D53FC85}.Release|Any CPU.ActiveCfg = Release|Any CPU
		{212823CD-25E1-41AC-92D1-D6DF4D53FC85}.Release|Any CPU.Build.0 = Release|Any CPU
		{9F92FD36-60B6-4655-B8C6-00125B46AB6A}.Debug|Any CPU.ActiveCfg = Debug|Any CPU
		{9F92FD36-60B6-4655-B8C6-00125B46AB6A}.Debug|Any CPU.Build.0 = Debug|Any CPU
		{9F92FD36-60B6-4655-B8C6-00125B46AB6A}.Release|Any CPU.ActiveCfg = Release|Any CPU
		{9F92FD36-60B6-4655-B8C6-00125B46AB6A}.Release|Any CPU.Build.0 = Release|Any CPU
	EndGlobalSection
	GlobalSection(SolutionProperties) = preSolution
		HideSolutionNode = FALSE
	EndGlobalSection
EndGlobal
