
Microsoft Visual Studio Solution File, Format Version 11.00
# Visual Studio 2010
Project("{FAE04EC0-301F-11D3-BF4B-00C04F79EFBC}") = "Raven.Studio", "Raven.Studio\Raven.Studio.csproj", "{6828A6A5-B925-4716-8D08-2B26353C54C2}"
EndProject
Project("{FAE04EC0-301F-11D3-BF4B-00C04F79EFBC}") = "Raven.Client.Silverlight", "..\ravendb\Raven.Client.Silverlight\Raven.Client.Silverlight.csproj", "{8A1DB308-D56B-49BC-A421-A2AB32617215}"
EndProject
Global
	GlobalSection(SolutionConfigurationPlatforms) = preSolution
		Debug|Any CPU = Debug|Any CPU
		Release|Any CPU = Release|Any CPU
	EndGlobalSection
	GlobalSection(ProjectConfigurationPlatforms) = postSolution
		{6828A6A5-B925-4716-8D08-2B26353C54C2}.Debug|Any CPU.ActiveCfg = Debug|Any CPU
		{6828A6A5-B925-4716-8D08-2B26353C54C2}.Debug|Any CPU.Build.0 = Debug|Any CPU
		{6828A6A5-B925-4716-8D08-2B26353C54C2}.Release|Any CPU.ActiveCfg = Release|Any CPU
		{6828A6A5-B925-4716-8D08-2B26353C54C2}.Release|Any CPU.Build.0 = Release|Any CPU
		{8A1DB308-D56B-49BC-A421-A2AB32617215}.Debug|Any CPU.ActiveCfg = Debug|Any CPU
		{8A1DB308-D56B-49BC-A421-A2AB32617215}.Debug|Any CPU.Build.0 = Debug|Any CPU
		{8A1DB308-D56B-49BC-A421-A2AB32617215}.Release|Any CPU.ActiveCfg = Release|Any CPU
		{8A1DB308-D56B-49BC-A421-A2AB32617215}.Release|Any CPU.Build.0 = Release|Any CPU
	EndGlobalSection
	GlobalSection(SolutionProperties) = preSolution
		HideSolutionNode = FALSE
	EndGlobalSection
EndGlobal
