Microsoft Visual Studio Solution File, Format Version 12.00
# Visual Studio 14
VisualStudioVersion = 14.0.23107.0
MinimumVisualStudioVersion = 10.0.40219.1
Project("{2150E333-8FDC-42A3-9474-1A3956D46DE8}") = ".nuget", ".nuget", "{561AA2B3-B289-43D7-AF86-2DEEC2ECCD66}"
	ProjectSection(SolutionItems) = preProject
		.nuget\NuGet.Config = .nuget\NuGet.Config
		.nuget\NuGet.exe = .nuget\NuGet.exe
		.nuget\NuGet.targets = .nuget\NuGet.targets
		.nuget\packages.config = .nuget\packages.config
	EndProjectSection
EndProject
Project("{2150E333-8FDC-42A3-9474-1A3956D46DE8}") = "Tests", "Tests", "{DB0F0968-FB58-4A29-8BEA-F73E55D92665}"
EndProject
Project("{2150E333-8FDC-42A3-9474-1A3956D46DE8}") = "Tools", "Tools", "{702CE58F-C8D5-4C3E-8138-98D20B0E26F9}"
EndProject
Project("{2150E333-8FDC-42A3-9474-1A3956D46DE8}") = "Voron", "Voron", "{B67A7937-6AE0-452B-824A-491E19E1710D}"
EndProject
Project("{2150E333-8FDC-42A3-9474-1A3956D46DE8}") = "Bundles", "Bundles", "{B7C4AD28-873C-45D5-8331-5CF9EEB41CC8}"
	ProjectSection(FolderStartupServices) = postProject
		{82A7F48D-3B50-4B1E-B82E-3ADA8210C358} = {82A7F48D-3B50-4B1E-B82E-3ADA8210C358}
	EndProjectSection
EndProject
Project("{2150E333-8FDC-42A3-9474-1A3956D46DE8}") = "Sparrow", "Sparrow", "{39EAEB7D-1638-48FA-9BAB-E4FA8F7DB7A4}"
EndProject
Project("{8BB2217D-0F2D-49D1-97BC-3654ED321F3B}") = "Raven.Abstractions", "Raven.Abstractions\Raven.Abstractions.xproj", "{B47725E6-ABB2-411F-9487-004D05FF3581}"
EndProject
Project("{2150E333-8FDC-42A3-9474-1A3956D46DE8}") = "Solution Items", "Solution Items", "{EB12E1F7-87B6-4098-9D4C-C27D3F798F06}"
	ProjectSection(SolutionItems) = preProject
		global.json = global.json
	EndProjectSection
EndProject
Project("{8BB2217D-0F2D-49D1-97BC-3654ED321F3B}") = "Sparrow", "Raven.Sparrow\Sparrow\Sparrow.xproj", "{74281EB6-A5B8-4377-A20D-A845195328ED}"
EndProject
Project("{8BB2217D-0F2D-49D1-97BC-3654ED321F3B}") = "Raven.Tryouts", "Raven.Tryouts\Raven.Tryouts.xproj", "{8FB9F3E5-9041-4708-ADF5-63684927E57A}"
EndProject
Project("{8BB2217D-0F2D-49D1-97BC-3654ED321F3B}") = "Raven.Client.Lightweight", "Raven.Client.Lightweight\Raven.Client.Lightweight.xproj", "{E4B2F12E-402A-424C-AB95-8CCA10913337}"
EndProject
Project("{8BB2217D-0F2D-49D1-97BC-3654ED321F3B}") = "Raven.Tests.Core", "Raven.Tests.Core\Raven.Tests.Core.xproj", "{D0139CD0-2720-4B4E-A76C-A83EB1BA954B}"
EndProject
Global
	GlobalSection(SolutionConfigurationPlatforms) = preSolution
		Debug|Any CPU = Debug|Any CPU
		Profiling|Any CPU = Profiling|Any CPU
		Release|Any CPU = Release|Any CPU
	EndGlobalSection
	GlobalSection(ProjectConfigurationPlatforms) = postSolution
		{B47725E6-ABB2-411F-9487-004D05FF3581}.Debug|Any CPU.ActiveCfg = Debug|Any CPU
		{B47725E6-ABB2-411F-9487-004D05FF3581}.Profiling|Any CPU.ActiveCfg = Debug|Any CPU
		{B47725E6-ABB2-411F-9487-004D05FF3581}.Profiling|Any CPU.Build.0 = Debug|Any CPU
		{B47725E6-ABB2-411F-9487-004D05FF3581}.Release|Any CPU.ActiveCfg = Release|Any CPU
		{B47725E6-ABB2-411F-9487-004D05FF3581}.Release|Any CPU.Build.0 = Release|Any CPU
		{74281EB6-A5B8-4377-A20D-A845195328ED}.Debug|Any CPU.ActiveCfg = Debug|Any CPU
		{74281EB6-A5B8-4377-A20D-A845195328ED}.Profiling|Any CPU.ActiveCfg = Debug|Any CPU
		{74281EB6-A5B8-4377-A20D-A845195328ED}.Profiling|Any CPU.Build.0 = Debug|Any CPU
		{74281EB6-A5B8-4377-A20D-A845195328ED}.Release|Any CPU.ActiveCfg = Release|Any CPU
		{74281EB6-A5B8-4377-A20D-A845195328ED}.Release|Any CPU.Build.0 = Release|Any CPU
		{8FB9F3E5-9041-4708-ADF5-63684927E57A}.Debug|Any CPU.ActiveCfg = Debug|Any CPU
		{8FB9F3E5-9041-4708-ADF5-63684927E57A}.Debug|Any CPU.Build.0 = Debug|Any CPU
		{8FB9F3E5-9041-4708-ADF5-63684927E57A}.Profiling|Any CPU.ActiveCfg = Debug|Any CPU
		{8FB9F3E5-9041-4708-ADF5-63684927E57A}.Profiling|Any CPU.Build.0 = Debug|Any CPU
		{8FB9F3E5-9041-4708-ADF5-63684927E57A}.Release|Any CPU.ActiveCfg = Release|Any CPU
		{8FB9F3E5-9041-4708-ADF5-63684927E57A}.Release|Any CPU.Build.0 = Release|Any CPU
		{E4B2F12E-402A-424C-AB95-8CCA10913337}.Debug|Any CPU.ActiveCfg = Debug|Any CPU
		{E4B2F12E-402A-424C-AB95-8CCA10913337}.Debug|Any CPU.Build.0 = Debug|Any CPU
		{E4B2F12E-402A-424C-AB95-8CCA10913337}.Profiling|Any CPU.ActiveCfg = Debug|Any CPU
		{E4B2F12E-402A-424C-AB95-8CCA10913337}.Profiling|Any CPU.Build.0 = Debug|Any CPU
		{E4B2F12E-402A-424C-AB95-8CCA10913337}.Release|Any CPU.ActiveCfg = Release|Any CPU
		{E4B2F12E-402A-424C-AB95-8CCA10913337}.Release|Any CPU.Build.0 = Release|Any CPU
		{D0139CD0-2720-4B4E-A76C-A83EB1BA954B}.Debug|Any CPU.ActiveCfg = Debug|Any CPU
		{D0139CD0-2720-4B4E-A76C-A83EB1BA954B}.Debug|Any CPU.Build.0 = Debug|Any CPU
		{D0139CD0-2720-4B4E-A76C-A83EB1BA954B}.Profiling|Any CPU.ActiveCfg = Debug|Any CPU
		{D0139CD0-2720-4B4E-A76C-A83EB1BA954B}.Profiling|Any CPU.Build.0 = Debug|Any CPU
		{D0139CD0-2720-4B4E-A76C-A83EB1BA954B}.Release|Any CPU.ActiveCfg = Release|Any CPU
		{D0139CD0-2720-4B4E-A76C-A83EB1BA954B}.Release|Any CPU.Build.0 = Release|Any CPU
	EndGlobalSection
	GlobalSection(SolutionProperties) = preSolution
		HideSolutionNode = FALSE
	EndGlobalSection
	GlobalSection(NestedProjects) = preSolution
		{74281EB6-A5B8-4377-A20D-A845195328ED} = {39EAEB7D-1638-48FA-9BAB-E4FA8F7DB7A4}
		{8FB9F3E5-9041-4708-ADF5-63684927E57A} = {DB0F0968-FB58-4A29-8BEA-F73E55D92665}
		{D0139CD0-2720-4B4E-A76C-A83EB1BA954B} = {DB0F0968-FB58-4A29-8BEA-F73E55D92665}
	EndGlobalSection
	GlobalSection(CodealikeProperties) = postSolution
		SolutionGuid = 6944aade-3195-477c-8aed-9ebe2902fc57
	EndGlobalSection
EndGlobal
