
Microsoft Visual Studio Solution File, Format Version 11.00
# Visual Studio 2010
Project("{FAE04EC0-301F-11D3-BF4B-00C04F79EFBC}") = "Raven.Database", "Raven.Database\Raven.Database.csproj", "{212823CD-25E1-41AC-92D1-D6DF4D53FC85}"
EndProject
Project("{FAE04EC0-301F-11D3-BF4B-00C04F79EFBC}") = "Raven.Importer", "Raven.Importer\Raven.Importer.csproj", "{D41ADD5B-B538-44BC-BC5B-131073C5C8C6}"
EndProject
Project("{FAE04EC0-301F-11D3-BF4B-00C04F79EFBC}") = "Raven.Scenarios", "Raven.Scenarios\Raven.Scenarios.csproj", "{46DB852F-4E76-44BD-B46F-5E7DE7E4B3B7}"
EndProject
Project("{FAE04EC0-301F-11D3-BF4B-00C04F79EFBC}") = "Raven.Server", "Raven.Server\Raven.Server.csproj", "{3B90EB20-AEA3-4972-8219-936F1A62768C}"
EndProject
Project("{FAE04EC0-301F-11D3-BF4B-00C04F79EFBC}") = "Raven.Tests", "Raven.Tests\Raven.Tests.csproj", "{267AC60C-751E-42E9-AA18-66035DEFF63A}"
EndProject
Project("{FAE04EC0-301F-11D3-BF4B-00C04F79EFBC}") = "Raven.Tryouts", "Raven.Tryouts\Raven.Tryouts.csproj", "{68BC3141-C2EF-487A-B4A6-A0AD7E754FB1}"
EndProject
Project("{FAE04EC0-301F-11D3-BF4B-00C04F79EFBC}") = "Raven.Client", "Raven.Client\Raven.Client.csproj", "{9F92FD36-60B6-4655-B8C6-00125B46AB6A}"
EndProject
Project("{FAE04EC0-301F-11D3-BF4B-00C04F79EFBC}") = "Raven.Client.Tests", "Raven.Client.Tests\Raven.Client.Tests.csproj", "{36B31D69-508B-4594-8F8E-85774BAA7D3F}"
EndProject
Project("{2150E333-8FDC-42A3-9474-1A3956D46DE8}") = "Demo Apps", "Demo Apps", "{4B80B6C6-EDC3-4FB0-A7AB-CB48F321543A}"
EndProject
Project("{FAE04EC0-301F-11D3-BF4B-00C04F79EFBC}") = "Raven.Sample.ShardClient", "Raven.Sample.ShardClient\Raven.Sample.ShardClient.csproj", "{B40059BD-5E50-4855-8EE1-1576E007E5F4}"
EndProject
Project("{FAE04EC0-301F-11D3-BF4B-00C04F79EFBC}") = "Raven.Sample.SimpleClient", "Raven.Sample.SimpleClient\Raven.Sample.SimpleClient.csproj", "{FAE55BF3-BC8D-47A9-9E32-305ED5C40EDF}"
EndProject
Global
	GlobalSection(SolutionConfigurationPlatforms) = preSolution
		Debug|Any CPU = Debug|Any CPU
		Debug|Mixed Platforms = Debug|Mixed Platforms
		Debug|x86 = Debug|x86
		Release|Any CPU = Release|Any CPU
		Release|Mixed Platforms = Release|Mixed Platforms
		Release|x86 = Release|x86
	EndGlobalSection
	GlobalSection(ProjectConfigurationPlatforms) = postSolution
		{212823CD-25E1-41AC-92D1-D6DF4D53FC85}.Debug|Any CPU.ActiveCfg = Debug|Any CPU
		{212823CD-25E1-41AC-92D1-D6DF4D53FC85}.Debug|Any CPU.Build.0 = Debug|Any CPU
		{212823CD-25E1-41AC-92D1-D6DF4D53FC85}.Debug|Mixed Platforms.ActiveCfg = Debug|Any CPU
		{212823CD-25E1-41AC-92D1-D6DF4D53FC85}.Debug|Mixed Platforms.Build.0 = Debug|Any CPU
		{212823CD-25E1-41AC-92D1-D6DF4D53FC85}.Debug|x86.ActiveCfg = Debug|Any CPU
		{212823CD-25E1-41AC-92D1-D6DF4D53FC85}.Release|Any CPU.ActiveCfg = Release|Any CPU
		{212823CD-25E1-41AC-92D1-D6DF4D53FC85}.Release|Any CPU.Build.0 = Release|Any CPU
		{212823CD-25E1-41AC-92D1-D6DF4D53FC85}.Release|Mixed Platforms.ActiveCfg = Release|Any CPU
		{212823CD-25E1-41AC-92D1-D6DF4D53FC85}.Release|Mixed Platforms.Build.0 = Release|Any CPU
		{212823CD-25E1-41AC-92D1-D6DF4D53FC85}.Release|x86.ActiveCfg = Release|Any CPU
		{D41ADD5B-B538-44BC-BC5B-131073C5C8C6}.Debug|Any CPU.ActiveCfg = Debug|Any CPU
		{D41ADD5B-B538-44BC-BC5B-131073C5C8C6}.Debug|Any CPU.Build.0 = Debug|Any CPU
		{D41ADD5B-B538-44BC-BC5B-131073C5C8C6}.Debug|Mixed Platforms.ActiveCfg = Debug|Any CPU
		{D41ADD5B-B538-44BC-BC5B-131073C5C8C6}.Debug|Mixed Platforms.Build.0 = Debug|Any CPU
		{D41ADD5B-B538-44BC-BC5B-131073C5C8C6}.Debug|x86.ActiveCfg = Debug|Any CPU
		{D41ADD5B-B538-44BC-BC5B-131073C5C8C6}.Release|Any CPU.ActiveCfg = Release|Any CPU
		{D41ADD5B-B538-44BC-BC5B-131073C5C8C6}.Release|Any CPU.Build.0 = Release|Any CPU
		{D41ADD5B-B538-44BC-BC5B-131073C5C8C6}.Release|Mixed Platforms.ActiveCfg = Release|Any CPU
		{D41ADD5B-B538-44BC-BC5B-131073C5C8C6}.Release|Mixed Platforms.Build.0 = Release|Any CPU
		{D41ADD5B-B538-44BC-BC5B-131073C5C8C6}.Release|x86.ActiveCfg = Release|Any CPU
		{46DB852F-4E76-44BD-B46F-5E7DE7E4B3B7}.Debug|Any CPU.ActiveCfg = Debug|Any CPU
		{46DB852F-4E76-44BD-B46F-5E7DE7E4B3B7}.Debug|Any CPU.Build.0 = Debug|Any CPU
		{46DB852F-4E76-44BD-B46F-5E7DE7E4B3B7}.Debug|Mixed Platforms.ActiveCfg = Debug|Any CPU
		{46DB852F-4E76-44BD-B46F-5E7DE7E4B3B7}.Debug|Mixed Platforms.Build.0 = Debug|Any CPU
		{46DB852F-4E76-44BD-B46F-5E7DE7E4B3B7}.Debug|x86.ActiveCfg = Debug|Any CPU
		{46DB852F-4E76-44BD-B46F-5E7DE7E4B3B7}.Release|Any CPU.ActiveCfg = Release|Any CPU
		{46DB852F-4E76-44BD-B46F-5E7DE7E4B3B7}.Release|Any CPU.Build.0 = Release|Any CPU
		{46DB852F-4E76-44BD-B46F-5E7DE7E4B3B7}.Release|Mixed Platforms.ActiveCfg = Release|Any CPU
		{46DB852F-4E76-44BD-B46F-5E7DE7E4B3B7}.Release|Mixed Platforms.Build.0 = Release|Any CPU
		{46DB852F-4E76-44BD-B46F-5E7DE7E4B3B7}.Release|x86.ActiveCfg = Release|Any CPU
		{3B90EB20-AEA3-4972-8219-936F1A62768C}.Debug|Any CPU.ActiveCfg = Debug|Any CPU
		{3B90EB20-AEA3-4972-8219-936F1A62768C}.Debug|Any CPU.Build.0 = Debug|Any CPU
		{3B90EB20-AEA3-4972-8219-936F1A62768C}.Debug|Mixed Platforms.ActiveCfg = Debug|Any CPU
		{3B90EB20-AEA3-4972-8219-936F1A62768C}.Debug|Mixed Platforms.Build.0 = Debug|Any CPU
		{3B90EB20-AEA3-4972-8219-936F1A62768C}.Debug|x86.ActiveCfg = Debug|Any CPU
		{3B90EB20-AEA3-4972-8219-936F1A62768C}.Release|Any CPU.ActiveCfg = Release|Any CPU
		{3B90EB20-AEA3-4972-8219-936F1A62768C}.Release|Any CPU.Build.0 = Release|Any CPU
		{3B90EB20-AEA3-4972-8219-936F1A62768C}.Release|Mixed Platforms.ActiveCfg = Release|Any CPU
		{3B90EB20-AEA3-4972-8219-936F1A62768C}.Release|Mixed Platforms.Build.0 = Release|Any CPU
		{3B90EB20-AEA3-4972-8219-936F1A62768C}.Release|x86.ActiveCfg = Release|Any CPU
		{267AC60C-751E-42E9-AA18-66035DEFF63A}.Debug|Any CPU.ActiveCfg = Debug|Any CPU
		{267AC60C-751E-42E9-AA18-66035DEFF63A}.Debug|Any CPU.Build.0 = Debug|Any CPU
		{267AC60C-751E-42E9-AA18-66035DEFF63A}.Debug|Mixed Platforms.ActiveCfg = Debug|Any CPU
		{267AC60C-751E-42E9-AA18-66035DEFF63A}.Debug|Mixed Platforms.Build.0 = Debug|Any CPU
		{267AC60C-751E-42E9-AA18-66035DEFF63A}.Debug|x86.ActiveCfg = Debug|Any CPU
		{267AC60C-751E-42E9-AA18-66035DEFF63A}.Release|Any CPU.ActiveCfg = Release|Any CPU
		{267AC60C-751E-42E9-AA18-66035DEFF63A}.Release|Any CPU.Build.0 = Release|Any CPU
		{267AC60C-751E-42E9-AA18-66035DEFF63A}.Release|Mixed Platforms.ActiveCfg = Release|Any CPU
		{267AC60C-751E-42E9-AA18-66035DEFF63A}.Release|Mixed Platforms.Build.0 = Release|Any CPU
		{267AC60C-751E-42E9-AA18-66035DEFF63A}.Release|x86.ActiveCfg = Release|Any CPU
		{68BC3141-C2EF-487A-B4A6-A0AD7E754FB1}.Debug|Any CPU.ActiveCfg = Debug|Any CPU
		{68BC3141-C2EF-487A-B4A6-A0AD7E754FB1}.Debug|Any CPU.Build.0 = Debug|Any CPU
		{68BC3141-C2EF-487A-B4A6-A0AD7E754FB1}.Debug|Mixed Platforms.ActiveCfg = Debug|Any CPU
		{68BC3141-C2EF-487A-B4A6-A0AD7E754FB1}.Debug|Mixed Platforms.Build.0 = Debug|Any CPU
		{68BC3141-C2EF-487A-B4A6-A0AD7E754FB1}.Debug|x86.ActiveCfg = Debug|Any CPU
		{68BC3141-C2EF-487A-B4A6-A0AD7E754FB1}.Release|Any CPU.ActiveCfg = Release|Any CPU
		{68BC3141-C2EF-487A-B4A6-A0AD7E754FB1}.Release|Any CPU.Build.0 = Release|Any CPU
		{68BC3141-C2EF-487A-B4A6-A0AD7E754FB1}.Release|Mixed Platforms.ActiveCfg = Release|Any CPU
		{68BC3141-C2EF-487A-B4A6-A0AD7E754FB1}.Release|Mixed Platforms.Build.0 = Release|Any CPU
		{68BC3141-C2EF-487A-B4A6-A0AD7E754FB1}.Release|x86.ActiveCfg = Release|Any CPU
		{9F92FD36-60B6-4655-B8C6-00125B46AB6A}.Debug|Any CPU.ActiveCfg = Debug|Any CPU
		{9F92FD36-60B6-4655-B8C6-00125B46AB6A}.Debug|Any CPU.Build.0 = Debug|Any CPU
		{9F92FD36-60B6-4655-B8C6-00125B46AB6A}.Debug|Mixed Platforms.ActiveCfg = Debug|Any CPU
		{9F92FD36-60B6-4655-B8C6-00125B46AB6A}.Debug|Mixed Platforms.Build.0 = Debug|Any CPU
		{9F92FD36-60B6-4655-B8C6-00125B46AB6A}.Debug|x86.ActiveCfg = Debug|Any CPU
		{9F92FD36-60B6-4655-B8C6-00125B46AB6A}.Release|Any CPU.ActiveCfg = Release|Any CPU
		{9F92FD36-60B6-4655-B8C6-00125B46AB6A}.Release|Any CPU.Build.0 = Release|Any CPU
		{9F92FD36-60B6-4655-B8C6-00125B46AB6A}.Release|Mixed Platforms.ActiveCfg = Release|Any CPU
		{9F92FD36-60B6-4655-B8C6-00125B46AB6A}.Release|Mixed Platforms.Build.0 = Release|Any CPU
		{9F92FD36-60B6-4655-B8C6-00125B46AB6A}.Release|x86.ActiveCfg = Release|Any CPU
		{36B31D69-508B-4594-8F8E-85774BAA7D3F}.Debug|Any CPU.ActiveCfg = Debug|Any CPU
		{36B31D69-508B-4594-8F8E-85774BAA7D3F}.Debug|Any CPU.Build.0 = Debug|Any CPU
		{36B31D69-508B-4594-8F8E-85774BAA7D3F}.Debug|Mixed Platforms.ActiveCfg = Debug|Any CPU
		{36B31D69-508B-4594-8F8E-85774BAA7D3F}.Debug|Mixed Platforms.Build.0 = Debug|Any CPU
		{36B31D69-508B-4594-8F8E-85774BAA7D3F}.Debug|x86.ActiveCfg = Debug|Any CPU
		{36B31D69-508B-4594-8F8E-85774BAA7D3F}.Release|Any CPU.ActiveCfg = Release|Any CPU
		{36B31D69-508B-4594-8F8E-85774BAA7D3F}.Release|Any CPU.Build.0 = Release|Any CPU
		{36B31D69-508B-4594-8F8E-85774BAA7D3F}.Release|Mixed Platforms.ActiveCfg = Release|Any CPU
		{36B31D69-508B-4594-8F8E-85774BAA7D3F}.Release|Mixed Platforms.Build.0 = Release|Any CPU
		{36B31D69-508B-4594-8F8E-85774BAA7D3F}.Release|x86.ActiveCfg = Release|Any CPU
		{B40059BD-5E50-4855-8EE1-1576E007E5F4}.Debug|Any CPU.ActiveCfg = Debug|x86
		{B40059BD-5E50-4855-8EE1-1576E007E5F4}.Debug|Mixed Platforms.ActiveCfg = Debug|x86
		{B40059BD-5E50-4855-8EE1-1576E007E5F4}.Debug|Mixed Platforms.Build.0 = Debug|x86
		{B40059BD-5E50-4855-8EE1-1576E007E5F4}.Debug|x86.ActiveCfg = Debug|x86
		{B40059BD-5E50-4855-8EE1-1576E007E5F4}.Debug|x86.Build.0 = Debug|x86
		{B40059BD-5E50-4855-8EE1-1576E007E5F4}.Release|Any CPU.ActiveCfg = Release|x86
		{B40059BD-5E50-4855-8EE1-1576E007E5F4}.Release|Mixed Platforms.ActiveCfg = Release|x86
		{B40059BD-5E50-4855-8EE1-1576E007E5F4}.Release|Mixed Platforms.Build.0 = Release|x86
		{B40059BD-5E50-4855-8EE1-1576E007E5F4}.Release|x86.ActiveCfg = Release|x86
		{B40059BD-5E50-4855-8EE1-1576E007E5F4}.Release|x86.Build.0 = Release|x86
		{FAE55BF3-BC8D-47A9-9E32-305ED5C40EDF}.Debug|Any CPU.ActiveCfg = Debug|x86
		{FAE55BF3-BC8D-47A9-9E32-305ED5C40EDF}.Debug|Mixed Platforms.ActiveCfg = Debug|x86
		{FAE55BF3-BC8D-47A9-9E32-305ED5C40EDF}.Debug|Mixed Platforms.Build.0 = Debug|x86
		{FAE55BF3-BC8D-47A9-9E32-305ED5C40EDF}.Debug|x86.ActiveCfg = Debug|x86
		{FAE55BF3-BC8D-47A9-9E32-305ED5C40EDF}.Debug|x86.Build.0 = Debug|x86
		{FAE55BF3-BC8D-47A9-9E32-305ED5C40EDF}.Release|Any CPU.ActiveCfg = Release|x86
		{FAE55BF3-BC8D-47A9-9E32-305ED5C40EDF}.Release|Mixed Platforms.ActiveCfg = Release|x86
		{FAE55BF3-BC8D-47A9-9E32-305ED5C40EDF}.Release|Mixed Platforms.Build.0 = Release|x86
		{FAE55BF3-BC8D-47A9-9E32-305ED5C40EDF}.Release|x86.ActiveCfg = Release|x86
		{FAE55BF3-BC8D-47A9-9E32-305ED5C40EDF}.Release|x86.Build.0 = Release|x86
	EndGlobalSection
	GlobalSection(SolutionProperties) = preSolution
		HideSolutionNode = FALSE
	EndGlobalSection
	GlobalSection(NestedProjects) = preSolution
		{68BC3141-C2EF-487A-B4A6-A0AD7E754FB1} = {4B80B6C6-EDC3-4FB0-A7AB-CB48F321543A}
		{B40059BD-5E50-4855-8EE1-1576E007E5F4} = {4B80B6C6-EDC3-4FB0-A7AB-CB48F321543A}
		{FAE55BF3-BC8D-47A9-9E32-305ED5C40EDF} = {4B80B6C6-EDC3-4FB0-A7AB-CB48F321543A}
	EndGlobalSection
EndGlobal
