
Microsoft Visual Studio Solution File, Format Version 12.00
# Visual Studio 14
VisualStudioVersion = 14.0.25420.1
MinimumVisualStudioVersion = 10.0.40219.1
Project("{2150E333-8FDC-42A3-9474-1A3956D46DE8}") = "src", "src", "{02838C57-DE0E-465D-9FBB-248DA87BEAAE}"
EndProject
Project("{2150E333-8FDC-42A3-9474-1A3956D46DE8}") = "Solution Items", "Solution Items", "{7C0225BB-6184-4859-8ED1-2251A492A449}"
	ProjectSection(SolutionItems) = preProject
		global.json = global.json
	EndProjectSection
EndProject
Project("{8BB2217D-0F2D-49D1-97BC-3654ED321F3B}") = "Voron", "src\Voron\Voron.xproj", "{DC9C8F92-92F6-4C44-BBEA-39CF5D68FB13}"
EndProject
Project("{8BB2217D-0F2D-49D1-97BC-3654ED321F3B}") = "Sparrow", "src\Sparrow\Sparrow.xproj", "{6D5528D1-B2DD-484B-8606-91D68E065659}"
EndProject
Project("{2150E333-8FDC-42A3-9474-1A3956D46DE8}") = "test", "test", "{764C36EA-83A0-4BA3-BA36-53A6808C13A9}"
EndProject
Project("{2150E333-8FDC-42A3-9474-1A3956D46DE8}") = "bench", "bench", "{C3388268-F662-4D76-A25D-FC4F31CE6AA1}"
EndProject
Project("{8BB2217D-0F2D-49D1-97BC-3654ED321F3B}") = "Voron.Benchmark", "bench\Voron.Benchmark\Voron.Benchmark.xproj", "{643C979C-2022-4F15-9933-893EEC2CDB05}"
EndProject
Project("{8BB2217D-0F2D-49D1-97BC-3654ED321F3B}") = "Raven.Client", "src\Raven.Client\Raven.Client.xproj", "{F7A39761-E538-447A-8475-EC57975E54CE}"
EndProject
Project("{8BB2217D-0F2D-49D1-97BC-3654ED321F3B}") = "Raven.Server", "src\Raven.Server\Raven.Server.xproj", "{BE39FC8A-4668-43A0-972C-73827DE07CC1}"
EndProject
Project("{8BB2217D-0F2D-49D1-97BC-3654ED321F3B}") = "SlowTests", "test\SlowTests\SlowTests.xproj", "{8CA165A3-5124-4634-9F42-A7B216969380}"
EndProject
Project("{8BB2217D-0F2D-49D1-97BC-3654ED321F3B}") = "FastTests", "test\FastTests\FastTests.xproj", "{F116CB0A-1A37-4099-9ADF-874F0EC39295}"
EndProject
Project("{8BB2217D-0F2D-49D1-97BC-3654ED321F3B}") = "Tryouts", "test\Tryouts\Tryouts.xproj", "{56D159AD-EE71-45EC-8CF0-A5D642C41B2D}"
EndProject
Project("{8BB2217D-0F2D-49D1-97BC-3654ED321F3B}") = "Raven.Studio", "src\Raven.Studio\Raven.Studio.xproj", "{3417A612-A817-4700-BE18-4E87CE9CAA3E}"
EndProject
Project("{2150E333-8FDC-42A3-9474-1A3956D46DE8}") = "libs", "libs", "{FED31B7C-041C-489C-BFA9-D88815FC63D0}"
EndProject
Project("{8BB2217D-0F2D-49D1-97BC-3654ED321F3B}") = "GeoAPI", "libs\GeoAPI\GeoAPI.xproj", "{CA861B27-BF7D-4D03-9722-E88C817D1029}"
EndProject
Project("{8BB2217D-0F2D-49D1-97BC-3654ED321F3B}") = "Lucene.Net.Contrib.Spatial.NTS", "libs\Lucene.Net.Contrib.Spatial.NTS\Lucene.Net.Contrib.Spatial.NTS.xproj", "{92661E07-BECE-4702-BE82-C0ED05780AD2}"
EndProject
Project("{8BB2217D-0F2D-49D1-97BC-3654ED321F3B}") = "NetTopologySuite", "libs\NetTopologySuite\NetTopologySuite.xproj", "{112A7901-8E41-4FAB-AC98-77A2A49146BC}"
EndProject
Project("{8BB2217D-0F2D-49D1-97BC-3654ED321F3B}") = "Spatial4n.Core", "libs\Spatial4n.Core\Spatial4n.Core.xproj", "{D6608EC8-735A-4CF5-8DB9-38EE52183E30}"
EndProject
Project("{8BB2217D-0F2D-49D1-97BC-3654ED321F3B}") = "Lucene.Net", "libs\Lucene.Net\Lucene.Net.xproj", "{1EE1349E-0573-4C9F-8668-01287623EB30}"
EndProject
Project("{8BB2217D-0F2D-49D1-97BC-3654ED321F3B}") = "Jint", "libs\Jint\Jint.xproj", "{4C3C6C23-3C39-456F-919D-A86E4322EDBE}"
EndProject
Project("{8BB2217D-0F2D-49D1-97BC-3654ED321F3B}") = "Subscriptions.Benchmark", "bench\Subscriptions.Benchmark\Subscriptions.Benchmark.xproj", "{D3054BBE-45D2-406D-BE83-0C5AB2DB80E8}"
EndProject
Project("{8BB2217D-0F2D-49D1-97BC-3654ED321F3B}") = "BulkInsert.Benchmark", "bench\BulkInsert.Benchmark\BulkInsert.Benchmark.xproj", "{447C3359-4A9D-4AAD-AA76-6AD3D181D202}"
EndProject
Global
	GlobalSection(SolutionConfigurationPlatforms) = preSolution
		Debug|Any CPU = Debug|Any CPU
		Release|Any CPU = Release|Any CPU
	EndGlobalSection
	GlobalSection(ProjectConfigurationPlatforms) = postSolution
		{DC9C8F92-92F6-4C44-BBEA-39CF5D68FB13}.Debug|Any CPU.ActiveCfg = Debug|Any CPU
		{DC9C8F92-92F6-4C44-BBEA-39CF5D68FB13}.Debug|Any CPU.Build.0 = Debug|Any CPU
		{DC9C8F92-92F6-4C44-BBEA-39CF5D68FB13}.Release|Any CPU.ActiveCfg = Release|Any CPU
		{DC9C8F92-92F6-4C44-BBEA-39CF5D68FB13}.Release|Any CPU.Build.0 = Release|Any CPU
		{6D5528D1-B2DD-484B-8606-91D68E065659}.Debug|Any CPU.ActiveCfg = Debug|Any CPU
		{6D5528D1-B2DD-484B-8606-91D68E065659}.Debug|Any CPU.Build.0 = Debug|Any CPU
		{6D5528D1-B2DD-484B-8606-91D68E065659}.Release|Any CPU.ActiveCfg = Release|Any CPU
		{6D5528D1-B2DD-484B-8606-91D68E065659}.Release|Any CPU.Build.0 = Release|Any CPU
		{643C979C-2022-4F15-9933-893EEC2CDB05}.Debug|Any CPU.ActiveCfg = Debug|Any CPU
		{643C979C-2022-4F15-9933-893EEC2CDB05}.Debug|Any CPU.Build.0 = Debug|Any CPU
		{643C979C-2022-4F15-9933-893EEC2CDB05}.Release|Any CPU.ActiveCfg = Release|Any CPU
		{643C979C-2022-4F15-9933-893EEC2CDB05}.Release|Any CPU.Build.0 = Release|Any CPU
		{F7A39761-E538-447A-8475-EC57975E54CE}.Debug|Any CPU.ActiveCfg = Debug|Any CPU
		{F7A39761-E538-447A-8475-EC57975E54CE}.Debug|Any CPU.Build.0 = Debug|Any CPU
		{F7A39761-E538-447A-8475-EC57975E54CE}.Release|Any CPU.ActiveCfg = Release|Any CPU
		{F7A39761-E538-447A-8475-EC57975E54CE}.Release|Any CPU.Build.0 = Release|Any CPU
		{BE39FC8A-4668-43A0-972C-73827DE07CC1}.Debug|Any CPU.ActiveCfg = Debug|Any CPU
		{BE39FC8A-4668-43A0-972C-73827DE07CC1}.Debug|Any CPU.Build.0 = Debug|Any CPU
		{BE39FC8A-4668-43A0-972C-73827DE07CC1}.Release|Any CPU.ActiveCfg = Release|Any CPU
		{BE39FC8A-4668-43A0-972C-73827DE07CC1}.Release|Any CPU.Build.0 = Release|Any CPU
		{8CA165A3-5124-4634-9F42-A7B216969380}.Debug|Any CPU.ActiveCfg = Debug|Any CPU
		{8CA165A3-5124-4634-9F42-A7B216969380}.Debug|Any CPU.Build.0 = Debug|Any CPU
		{8CA165A3-5124-4634-9F42-A7B216969380}.Release|Any CPU.ActiveCfg = Release|Any CPU
		{8CA165A3-5124-4634-9F42-A7B216969380}.Release|Any CPU.Build.0 = Release|Any CPU
		{F116CB0A-1A37-4099-9ADF-874F0EC39295}.Debug|Any CPU.ActiveCfg = Debug|Any CPU
		{F116CB0A-1A37-4099-9ADF-874F0EC39295}.Debug|Any CPU.Build.0 = Debug|Any CPU
		{F116CB0A-1A37-4099-9ADF-874F0EC39295}.Release|Any CPU.ActiveCfg = Release|Any CPU
		{F116CB0A-1A37-4099-9ADF-874F0EC39295}.Release|Any CPU.Build.0 = Release|Any CPU
		{56D159AD-EE71-45EC-8CF0-A5D642C41B2D}.Debug|Any CPU.ActiveCfg = Debug|Any CPU
		{56D159AD-EE71-45EC-8CF0-A5D642C41B2D}.Debug|Any CPU.Build.0 = Debug|Any CPU
		{56D159AD-EE71-45EC-8CF0-A5D642C41B2D}.Release|Any CPU.ActiveCfg = Release|Any CPU
		{56D159AD-EE71-45EC-8CF0-A5D642C41B2D}.Release|Any CPU.Build.0 = Release|Any CPU
		{3417A612-A817-4700-BE18-4E87CE9CAA3E}.Debug|Any CPU.ActiveCfg = Debug|Any CPU
		{3417A612-A817-4700-BE18-4E87CE9CAA3E}.Debug|Any CPU.Build.0 = Debug|Any CPU
		{3417A612-A817-4700-BE18-4E87CE9CAA3E}.Release|Any CPU.ActiveCfg = Release|Any CPU
		{3417A612-A817-4700-BE18-4E87CE9CAA3E}.Release|Any CPU.Build.0 = Release|Any CPU
		{CA861B27-BF7D-4D03-9722-E88C817D1029}.Debug|Any CPU.ActiveCfg = Debug|Any CPU
		{CA861B27-BF7D-4D03-9722-E88C817D1029}.Debug|Any CPU.Build.0 = Debug|Any CPU
		{CA861B27-BF7D-4D03-9722-E88C817D1029}.Release|Any CPU.ActiveCfg = Release|Any CPU
		{CA861B27-BF7D-4D03-9722-E88C817D1029}.Release|Any CPU.Build.0 = Release|Any CPU
		{92661E07-BECE-4702-BE82-C0ED05780AD2}.Debug|Any CPU.ActiveCfg = Debug|Any CPU
		{92661E07-BECE-4702-BE82-C0ED05780AD2}.Debug|Any CPU.Build.0 = Debug|Any CPU
		{92661E07-BECE-4702-BE82-C0ED05780AD2}.Release|Any CPU.ActiveCfg = Release|Any CPU
		{92661E07-BECE-4702-BE82-C0ED05780AD2}.Release|Any CPU.Build.0 = Release|Any CPU
		{112A7901-8E41-4FAB-AC98-77A2A49146BC}.Debug|Any CPU.ActiveCfg = Debug|Any CPU
		{112A7901-8E41-4FAB-AC98-77A2A49146BC}.Debug|Any CPU.Build.0 = Debug|Any CPU
		{112A7901-8E41-4FAB-AC98-77A2A49146BC}.Release|Any CPU.ActiveCfg = Release|Any CPU
		{112A7901-8E41-4FAB-AC98-77A2A49146BC}.Release|Any CPU.Build.0 = Release|Any CPU
		{D6608EC8-735A-4CF5-8DB9-38EE52183E30}.Debug|Any CPU.ActiveCfg = Debug|Any CPU
		{D6608EC8-735A-4CF5-8DB9-38EE52183E30}.Debug|Any CPU.Build.0 = Debug|Any CPU
		{D6608EC8-735A-4CF5-8DB9-38EE52183E30}.Release|Any CPU.ActiveCfg = Release|Any CPU
		{D6608EC8-735A-4CF5-8DB9-38EE52183E30}.Release|Any CPU.Build.0 = Release|Any CPU
		{1EE1349E-0573-4C9F-8668-01287623EB30}.Debug|Any CPU.ActiveCfg = Debug|Any CPU
		{1EE1349E-0573-4C9F-8668-01287623EB30}.Debug|Any CPU.Build.0 = Debug|Any CPU
		{1EE1349E-0573-4C9F-8668-01287623EB30}.Release|Any CPU.ActiveCfg = Release|Any CPU
		{1EE1349E-0573-4C9F-8668-01287623EB30}.Release|Any CPU.Build.0 = Release|Any CPU
		{4C3C6C23-3C39-456F-919D-A86E4322EDBE}.Debug|Any CPU.ActiveCfg = Debug|Any CPU
		{4C3C6C23-3C39-456F-919D-A86E4322EDBE}.Debug|Any CPU.Build.0 = Debug|Any CPU
		{4C3C6C23-3C39-456F-919D-A86E4322EDBE}.Release|Any CPU.ActiveCfg = Release|Any CPU
		{4C3C6C23-3C39-456F-919D-A86E4322EDBE}.Release|Any CPU.Build.0 = Release|Any CPU
		{D3054BBE-45D2-406D-BE83-0C5AB2DB80E8}.Debug|Any CPU.ActiveCfg = Debug|Any CPU
		{D3054BBE-45D2-406D-BE83-0C5AB2DB80E8}.Debug|Any CPU.Build.0 = Debug|Any CPU
		{D3054BBE-45D2-406D-BE83-0C5AB2DB80E8}.Release|Any CPU.ActiveCfg = Release|Any CPU
		{D3054BBE-45D2-406D-BE83-0C5AB2DB80E8}.Release|Any CPU.Build.0 = Release|Any CPU
		{447C3359-4A9D-4AAD-AA76-6AD3D181D202}.Debug|Any CPU.ActiveCfg = Debug|Any CPU
		{447C3359-4A9D-4AAD-AA76-6AD3D181D202}.Debug|Any CPU.Build.0 = Debug|Any CPU
		{447C3359-4A9D-4AAD-AA76-6AD3D181D202}.Release|Any CPU.ActiveCfg = Release|Any CPU
		{447C3359-4A9D-4AAD-AA76-6AD3D181D202}.Release|Any CPU.Build.0 = Release|Any CPU
	EndGlobalSection
	GlobalSection(SolutionProperties) = preSolution
		HideSolutionNode = FALSE
	EndGlobalSection
	GlobalSection(NestedProjects) = preSolution
		{DC9C8F92-92F6-4C44-BBEA-39CF5D68FB13} = {02838C57-DE0E-465D-9FBB-248DA87BEAAE}
		{6D5528D1-B2DD-484B-8606-91D68E065659} = {02838C57-DE0E-465D-9FBB-248DA87BEAAE}
		{643C979C-2022-4F15-9933-893EEC2CDB05} = {C3388268-F662-4D76-A25D-FC4F31CE6AA1}
		{F7A39761-E538-447A-8475-EC57975E54CE} = {02838C57-DE0E-465D-9FBB-248DA87BEAAE}
		{BE39FC8A-4668-43A0-972C-73827DE07CC1} = {02838C57-DE0E-465D-9FBB-248DA87BEAAE}
		{8CA165A3-5124-4634-9F42-A7B216969380} = {764C36EA-83A0-4BA3-BA36-53A6808C13A9}
		{F116CB0A-1A37-4099-9ADF-874F0EC39295} = {764C36EA-83A0-4BA3-BA36-53A6808C13A9}
		{56D159AD-EE71-45EC-8CF0-A5D642C41B2D} = {764C36EA-83A0-4BA3-BA36-53A6808C13A9}
		{3417A612-A817-4700-BE18-4E87CE9CAA3E} = {02838C57-DE0E-465D-9FBB-248DA87BEAAE}
		{CA861B27-BF7D-4D03-9722-E88C817D1029} = {FED31B7C-041C-489C-BFA9-D88815FC63D0}
		{92661E07-BECE-4702-BE82-C0ED05780AD2} = {FED31B7C-041C-489C-BFA9-D88815FC63D0}
		{112A7901-8E41-4FAB-AC98-77A2A49146BC} = {FED31B7C-041C-489C-BFA9-D88815FC63D0}
		{D6608EC8-735A-4CF5-8DB9-38EE52183E30} = {FED31B7C-041C-489C-BFA9-D88815FC63D0}
		{1EE1349E-0573-4C9F-8668-01287623EB30} = {FED31B7C-041C-489C-BFA9-D88815FC63D0}
		{4C3C6C23-3C39-456F-919D-A86E4322EDBE} = {FED31B7C-041C-489C-BFA9-D88815FC63D0}
		{D3054BBE-45D2-406D-BE83-0C5AB2DB80E8} = {C3388268-F662-4D76-A25D-FC4F31CE6AA1}
		{447C3359-4A9D-4AAD-AA76-6AD3D181D202} = {C3388268-F662-4D76-A25D-FC4F31CE6AA1}
	EndGlobalSection
	GlobalSection(CodealikeProperties) = postSolution
		SolutionGuid = 6944aade-3195-477c-8aed-9ebe2902fc57
	EndGlobalSection
EndGlobal
