
Microsoft Visual Studio Solution File, Format Version 12.00
# Visual Studio 2012
Project("{FAE04EC0-301F-11D3-BF4B-00C04F79EFBC}") = "Voron", "Voron\Voron.csproj", "{FF83C7C2-BC7B-4DCC-A782-49EF9BBD9390}"
EndProject
Project("{FAE04EC0-301F-11D3-BF4B-00C04F79EFBC}") = "Voron.Tests", "Voron.Tests\Voron.Tests.csproj", "{3C2CD044-CF12-48D1-9C43-64A9058C165E}"
EndProject
Project("{FAE04EC0-301F-11D3-BF4B-00C04F79EFBC}") = "Voron.Tryout", "Voron.Tryout\Voron.Tryout.csproj", "{FE36CB0D-80BE-4898-9599-81FDC9D4BF77}"
EndProject
Project("{2150E333-8FDC-42A3-9474-1A3956D46DE8}") = ".nuget", ".nuget", "{23547EC0-D7FB-47B7-8F6C-8EDB90631968}"
	ProjectSection(SolutionItems) = preProject
		.nuget\NuGet.Config = .nuget\NuGet.Config
		.nuget\NuGet.exe = .nuget\NuGet.exe
		.nuget\NuGet.targets = .nuget\NuGet.targets
	EndProjectSection
EndProject
Project("{FAE04EC0-301F-11D3-BF4B-00C04F79EFBC}") = "Voron.Benchmark", "Voron.Benchmark\Voron.Benchmark.csproj", "{D73D8888-3F42-4CCA-8802-A958150A7BB4}"
EndProject
Global
	GlobalSection(SolutionConfigurationPlatforms) = preSolution
		Debug|Any CPU = Debug|Any CPU
		Release|Any CPU = Release|Any CPU
	EndGlobalSection
	GlobalSection(ProjectConfigurationPlatforms) = postSolution
		{FF83C7C2-BC7B-4DCC-A782-49EF9BBD9390}.Debug|Any CPU.ActiveCfg = Debug|Any CPU
		{FF83C7C2-BC7B-4DCC-A782-49EF9BBD9390}.Debug|Any CPU.Build.0 = Debug|Any CPU
		{FF83C7C2-BC7B-4DCC-A782-49EF9BBD9390}.Release|Any CPU.ActiveCfg = Release|Any CPU
		{FF83C7C2-BC7B-4DCC-A782-49EF9BBD9390}.Release|Any CPU.Build.0 = Release|Any CPU
		{3C2CD044-CF12-48D1-9C43-64A9058C165E}.Debug|Any CPU.ActiveCfg = Debug|Any CPU
		{3C2CD044-CF12-48D1-9C43-64A9058C165E}.Debug|Any CPU.Build.0 = Debug|Any CPU
		{3C2CD044-CF12-48D1-9C43-64A9058C165E}.Release|Any CPU.ActiveCfg = Release|Any CPU
		{3C2CD044-CF12-48D1-9C43-64A9058C165E}.Release|Any CPU.Build.0 = Release|Any CPU
		{FE36CB0D-80BE-4898-9599-81FDC9D4BF77}.Debug|Any CPU.ActiveCfg = Debug|Any CPU
		{FE36CB0D-80BE-4898-9599-81FDC9D4BF77}.Debug|Any CPU.Build.0 = Debug|Any CPU
		{FE36CB0D-80BE-4898-9599-81FDC9D4BF77}.Release|Any CPU.ActiveCfg = Release|Any CPU
		{FE36CB0D-80BE-4898-9599-81FDC9D4BF77}.Release|Any CPU.Build.0 = Release|Any CPU
		{D73D8888-3F42-4CCA-8802-A958150A7BB4}.Debug|Any CPU.ActiveCfg = Debug|Any CPU
		{D73D8888-3F42-4CCA-8802-A958150A7BB4}.Debug|Any CPU.Build.0 = Debug|Any CPU
		{D73D8888-3F42-4CCA-8802-A958150A7BB4}.Release|Any CPU.ActiveCfg = Release|Any CPU
		{D73D8888-3F42-4CCA-8802-A958150A7BB4}.Release|Any CPU.Build.0 = Release|Any CPU
	EndGlobalSection
	GlobalSection(SolutionProperties) = preSolution
		HideSolutionNode = FALSE
	EndGlobalSection
EndGlobal
