
Microsoft Visual Studio Solution File, Format Version 10.00
# Visual Studio 2008
Project("{FAE04EC0-301F-11D3-BF4B-00C04F79EFBC}") = "Tests", "Tests.csproj", "{19FC2A6B-4DE9-403F-8CEF-10850F57B96E}"
EndProject
Global
	GlobalSection(SolutionConfigurationPlatforms) = preSolution
		Debug|Any CPU = Debug|Any CPU
		Release|Any CPU = Release|Any CPU
	EndGlobalSection
	GlobalSection(ProjectConfigurationPlatforms) = postSolution
		{19FC2A6B-4DE9-403F-8CEF-10850F57B96E}.Debug|Any CPU.ActiveCfg = Debug|Any CPU
		{19FC2A6B-4DE9-403F-8CEF-10850F57B96E}.Debug|Any CPU.Build.0 = Debug|Any CPU
		{19FC2A6B-4DE9-403F-8CEF-10850F57B96E}.Release|Any CPU.ActiveCfg = Release|Any CPU
		{19FC2A6B-4DE9-403F-8CEF-10850F57B96E}.Release|Any CPU.Build.0 = Release|Any CPU
	EndGlobalSection
	GlobalSection(SolutionProperties) = preSolution
		HideSolutionNode = FALSE
	EndGlobalSection
EndGlobal
