
Microsoft Visual Studio Solution File, Format Version 10.00
# Visual Studio 2008
Project("{FAE04EC0-301F-11D3-BF4B-00C04F79EFBC}") = "Spatial.Net", "Spatial.Net.csproj", "{35C347F4-24B2-4BE5-8117-A0E3001551CE}"
EndProject
Project("{FAE04EC0-301F-11D3-BF4B-00C04F79EFBC}") = "Tests", "..\Tests\Tests.csproj", "{19FC2A6B-4DE9-403F-8CEF-10850F57B96E}"
EndProject
Global
	GlobalSection(SolutionConfigurationPlatforms) = preSolution
		Debug|Any CPU = Debug|Any CPU
		Release|Any CPU = Release|Any CPU
	EndGlobalSection
	GlobalSection(ProjectConfigurationPlatforms) = postSolution
		{35C347F4-24B2-4BE5-8117-A0E3001551CE}.Debug|Any CPU.ActiveCfg = Debug|Any CPU
		{35C347F4-24B2-4BE5-8117-A0E3001551CE}.Debug|Any CPU.Build.0 = Debug|Any CPU
		{35C347F4-24B2-4BE5-8117-A0E3001551CE}.Release|Any CPU.ActiveCfg = Release|Any CPU
		{35C347F4-24B2-4BE5-8117-A0E3001551CE}.Release|Any CPU.Build.0 = Release|Any CPU
		{19FC2A6B-4DE9-403F-8CEF-10850F57B96E}.Debug|Any CPU.ActiveCfg = Debug|Any CPU
		{19FC2A6B-4DE9-403F-8CEF-10850F57B96E}.Debug|Any CPU.Build.0 = Debug|Any CPU
		{19FC2A6B-4DE9-403F-8CEF-10850F57B96E}.Release|Any CPU.ActiveCfg = Release|Any CPU
		{19FC2A6B-4DE9-403F-8CEF-10850F57B96E}.Release|Any CPU.Build.0 = Release|Any CPU
	EndGlobalSection
	GlobalSection(SolutionProperties) = preSolution
		HideSolutionNode = FALSE
	EndGlobalSection
EndGlobal
