
Microsoft Visual Studio Solution File, Format Version 11.00
# Visual Studio 2010
Project("{2150E333-8FDC-42A3-9474-1A3956D46DE8}") = "Solution Items", "Solution Items", "{18B3E50E-454E-49DB-A92F-E1D7DAD2AF7D}"
	ProjectSection(SolutionItems) = preProject
		CodeCoverage.testrunconfig = CodeCoverage.testrunconfig
		esent.vsmdi = esent.vsmdi
		Normal.testrunconfig = Normal.testrunconfig
	EndProjectSection
EndProject
Project("{FAE04EC0-301F-11D3-BF4B-00C04F79EFBC}") = "EsentInterop", "EsentInterop.csproj", "{E929E163-52A0-4AAC-917B-6D7FAF70C45E}"
EndProject
Project("{FAE04EC0-301F-11D3-BF4B-00C04F79EFBC}") = "DbUtil", "..\EsentInteropSamples\DbUtil\DbUtil.csproj", "{E0B163B0-5AC6-4304-B932-BFC1F6A2A4EB}"
EndProject
Project("{FAE04EC0-301F-11D3-BF4B-00C04F79EFBC}") = "StockSample", "..\EsentInteropSamples\StockSample\StockSample.csproj", "{B0E6D3AB-26F8-4A77-A7E1-D8024B8FFFCF}"
EndProject
Project("{FAE04EC0-301F-11D3-BF4B-00C04F79EFBC}") = "EsentCollections", "..\EsentCollections\EsentCollections.csproj", "{CF2D4EE4-0D11-404D-B800-C4DCFEC42588}"
EndProject
Project("{FAE04EC0-301F-11D3-BF4B-00C04F79EFBC}") = "HelloWorld", "..\EsentCollectionsSamples\HelloWorld\HelloWorld.csproj", "{8341DE8C-5BC7-461F-B42D-AA2B72586A5C}"
EndProject
Project("{FAE04EC0-301F-11D3-BF4B-00C04F79EFBC}") = "RssDictionarySample", "..\EsentCollectionsSamples\RssDictionarySample\RssDictionarySample.csproj", "{134FBC80-2E23-451B-A6B3-72B0AA2234F9}"
EndProject
Project("{FAE04EC0-301F-11D3-BF4B-00C04F79EFBC}") = "EsentInteropTests", "..\EsentInteropTests\EsentInteropTests.csproj", "{85B2B7BB-BF95-42DF-8CBF-348AEF63BD1F}"
EndProject
Project("{FAE04EC0-301F-11D3-BF4B-00C04F79EFBC}") = "EsentCollectionsTests", "..\EsentCollectionsTests\EsentCollectionsTests.csproj", "{D3A1C1C8-6119-4827-AC24-1FF49FACFD4D}"
EndProject
Project("{FAE04EC0-301F-11D3-BF4B-00C04F79EFBC}") = "DbUtilTests", "..\EsentInteropSamples\DbUtilTests\DbUtilTests.csproj", "{C9B82A4F-8306-41A9-91DA-1BA5080F1DB0}"
EndProject
Project("{FAE04EC0-301F-11D3-BF4B-00C04F79EFBC}") = "EsentSample", "..\EsentInteropSamples\EsentSample\EsentSample.csproj", "{44D46916-891F-435F-B914-AE8AC80613FD}"
EndProject
Project("{FAE04EC0-301F-11D3-BF4B-00C04F79EFBC}") = "BasicTest", "..\EsentInteropSamples\BasicTest\BasicTest.csproj", "{08819B49-02B8-4F93-A143-F9B0461CEA64}"
EndProject
Global
	GlobalSection(TestCaseManagementSettings) = postSolution
		CategoryFile = Esent.vsmdi
	EndGlobalSection
	GlobalSection(SolutionConfigurationPlatforms) = preSolution
		Debug|Any CPU = Debug|Any CPU
		Release|Any CPU = Release|Any CPU
	EndGlobalSection
	GlobalSection(ProjectConfigurationPlatforms) = postSolution
		{E929E163-52A0-4AAC-917B-6D7FAF70C45E}.Debug|Any CPU.ActiveCfg = Debug|Any CPU
		{E929E163-52A0-4AAC-917B-6D7FAF70C45E}.Debug|Any CPU.Build.0 = Debug|Any CPU
		{E929E163-52A0-4AAC-917B-6D7FAF70C45E}.Release|Any CPU.ActiveCfg = Release|Any CPU
		{E929E163-52A0-4AAC-917B-6D7FAF70C45E}.Release|Any CPU.Build.0 = Release|Any CPU
		{E0B163B0-5AC6-4304-B932-BFC1F6A2A4EB}.Debug|Any CPU.ActiveCfg = Debug|Any CPU
		{E0B163B0-5AC6-4304-B932-BFC1F6A2A4EB}.Debug|Any CPU.Build.0 = Debug|Any CPU
		{E0B163B0-5AC6-4304-B932-BFC1F6A2A4EB}.Release|Any CPU.ActiveCfg = Release|Any CPU
		{E0B163B0-5AC6-4304-B932-BFC1F6A2A4EB}.Release|Any CPU.Build.0 = Release|Any CPU
		{B0E6D3AB-26F8-4A77-A7E1-D8024B8FFFCF}.Debug|Any CPU.ActiveCfg = Debug|Any CPU
		{B0E6D3AB-26F8-4A77-A7E1-D8024B8FFFCF}.Debug|Any CPU.Build.0 = Debug|Any CPU
		{B0E6D3AB-26F8-4A77-A7E1-D8024B8FFFCF}.Release|Any CPU.ActiveCfg = Release|Any CPU
		{B0E6D3AB-26F8-4A77-A7E1-D8024B8FFFCF}.Release|Any CPU.Build.0 = Release|Any CPU
		{CF2D4EE4-0D11-404D-B800-C4DCFEC42588}.Debug|Any CPU.ActiveCfg = Debug|Any CPU
		{CF2D4EE4-0D11-404D-B800-C4DCFEC42588}.Debug|Any CPU.Build.0 = Debug|Any CPU
		{CF2D4EE4-0D11-404D-B800-C4DCFEC42588}.Release|Any CPU.ActiveCfg = Release|Any CPU
		{CF2D4EE4-0D11-404D-B800-C4DCFEC42588}.Release|Any CPU.Build.0 = Release|Any CPU
		{8341DE8C-5BC7-461F-B42D-AA2B72586A5C}.Debug|Any CPU.ActiveCfg = Debug|Any CPU
		{8341DE8C-5BC7-461F-B42D-AA2B72586A5C}.Debug|Any CPU.Build.0 = Debug|Any CPU
		{8341DE8C-5BC7-461F-B42D-AA2B72586A5C}.Release|Any CPU.ActiveCfg = Release|Any CPU
		{8341DE8C-5BC7-461F-B42D-AA2B72586A5C}.Release|Any CPU.Build.0 = Release|Any CPU
		{134FBC80-2E23-451B-A6B3-72B0AA2234F9}.Debug|Any CPU.ActiveCfg = Debug|Any CPU
		{134FBC80-2E23-451B-A6B3-72B0AA2234F9}.Debug|Any CPU.Build.0 = Debug|Any CPU
		{134FBC80-2E23-451B-A6B3-72B0AA2234F9}.Release|Any CPU.ActiveCfg = Release|Any CPU
		{134FBC80-2E23-451B-A6B3-72B0AA2234F9}.Release|Any CPU.Build.0 = Release|Any CPU
		{85B2B7BB-BF95-42DF-8CBF-348AEF63BD1F}.Debug|Any CPU.ActiveCfg = Debug|Any CPU
		{85B2B7BB-BF95-42DF-8CBF-348AEF63BD1F}.Debug|Any CPU.Build.0 = Debug|Any CPU
		{85B2B7BB-BF95-42DF-8CBF-348AEF63BD1F}.Release|Any CPU.ActiveCfg = Release|Any CPU
		{85B2B7BB-BF95-42DF-8CBF-348AEF63BD1F}.Release|Any CPU.Build.0 = Release|Any CPU
		{D3A1C1C8-6119-4827-AC24-1FF49FACFD4D}.Debug|Any CPU.ActiveCfg = Debug|Any CPU
		{D3A1C1C8-6119-4827-AC24-1FF49FACFD4D}.Debug|Any CPU.Build.0 = Debug|Any CPU
		{D3A1C1C8-6119-4827-AC24-1FF49FACFD4D}.Release|Any CPU.ActiveCfg = Release|Any CPU
		{D3A1C1C8-6119-4827-AC24-1FF49FACFD4D}.Release|Any CPU.Build.0 = Release|Any CPU
		{C9B82A4F-8306-41A9-91DA-1BA5080F1DB0}.Debug|Any CPU.ActiveCfg = Debug|Any CPU
		{C9B82A4F-8306-41A9-91DA-1BA5080F1DB0}.Debug|Any CPU.Build.0 = Debug|Any CPU
		{C9B82A4F-8306-41A9-91DA-1BA5080F1DB0}.Release|Any CPU.ActiveCfg = Release|Any CPU
		{C9B82A4F-8306-41A9-91DA-1BA5080F1DB0}.Release|Any CPU.Build.0 = Release|Any CPU
		{44D46916-891F-435F-B914-AE8AC80613FD}.Debug|Any CPU.ActiveCfg = Debug|Any CPU
		{44D46916-891F-435F-B914-AE8AC80613FD}.Debug|Any CPU.Build.0 = Debug|Any CPU
		{44D46916-891F-435F-B914-AE8AC80613FD}.Release|Any CPU.ActiveCfg = Release|Any CPU
		{44D46916-891F-435F-B914-AE8AC80613FD}.Release|Any CPU.Build.0 = Release|Any CPU
		{08819B49-02B8-4F93-A143-F9B0461CEA64}.Debug|Any CPU.ActiveCfg = Debug|Any CPU
		{08819B49-02B8-4F93-A143-F9B0461CEA64}.Debug|Any CPU.Build.0 = Debug|Any CPU
		{08819B49-02B8-4F93-A143-F9B0461CEA64}.Release|Any CPU.ActiveCfg = Release|Any CPU
		{08819B49-02B8-4F93-A143-F9B0461CEA64}.Release|Any CPU.Build.0 = Release|Any CPU
	EndGlobalSection
	GlobalSection(SolutionProperties) = preSolution
		HideSolutionNode = FALSE
	EndGlobalSection
EndGlobal
