
Microsoft Visual Studio Solution File, Format Version 11.00
# Visual Studio 2010
Project("{FAE04EC0-301F-11D3-BF4B-00C04F79EFBC}") = "Raven.Backup", "Raven.Backup.csproj", "{DBB6561C-6264-430D-8F3C-E11C6268981E}"
EndProject
Global
    GlobalSection(SolutionConfigurationPlatforms) = preSolution
        Debug|x86 = Debug|x86
        Release|x86 = Release|x86
    EndGlobalSection
    GlobalSection(ProjectConfigurationPlatforms) = postSolution
        {DBB6561C-6264-430D-8F3C-E11C6268981E}.Debug|x86.ActiveCfg = Debug|x86
        {DBB6561C-6264-430D-8F3C-E11C6268981E}.Debug|x86.Build.0 = Debug|x86
        {DBB6561C-6264-430D-8F3C-E11C6268981E}.Release|x86.ActiveCfg = Release|x86
        {DBB6561C-6264-430D-8F3C-E11C6268981E}.Release|x86.Build.0 = Release|x86
    EndGlobalSection
    GlobalSection(SolutionProperties) = preSolution
        HideSolutionNode = FALSE
    EndGlobalSection
EndGlobal
