
Microsoft Visual Studio Solution File, Format Version 11.00
# Visual Studio 2010
Project("{FAE04EC0-301F-11D3-BF4B-00C04F79EFBC}") = "Raven.Json", "Raven.Json\Raven.Json.csproj", "{31740175-3254-489D-AD59-73EF096BA64D}"
EndProject
Project("{FAE04EC0-301F-11D3-BF4B-00C04F79EFBC}") = "Raven.Json.Tests", "Raven.Json.Tests\Raven.Json.Tests.csproj", "{3037657A-4C90-47C2-A9BD-D18B38341E32}"
EndProject
Global
	GlobalSection(SolutionConfigurationPlatforms) = preSolution
		Debug|Any CPU = Debug|Any CPU
		Release|Any CPU = Release|Any CPU
	EndGlobalSection
	GlobalSection(ProjectConfigurationPlatforms) = postSolution
		{31740175-3254-489D-AD59-73EF096BA64D}.Debug|Any CPU.ActiveCfg = Debug|Any CPU
		{31740175-3254-489D-AD59-73EF096BA64D}.Debug|Any CPU.Build.0 = Debug|Any CPU
		{31740175-3254-489D-AD59-73EF096BA64D}.Release|Any CPU.ActiveCfg = Release|Any CPU
		{31740175-3254-489D-AD59-73EF096BA64D}.Release|Any CPU.Build.0 = Release|Any CPU
		{3037657A-4C90-47C2-A9BD-D18B38341E32}.Debug|Any CPU.ActiveCfg = Debug|Any CPU
		{3037657A-4C90-47C2-A9BD-D18B38341E32}.Debug|Any CPU.Build.0 = Debug|Any CPU
		{3037657A-4C90-47C2-A9BD-D18B38341E32}.Release|Any CPU.ActiveCfg = Release|Any CPU
		{3037657A-4C90-47C2-A9BD-D18B38341E32}.Release|Any CPU.Build.0 = Release|Any CPU
	EndGlobalSection
	GlobalSection(SolutionProperties) = preSolution
		HideSolutionNode = FALSE
	EndGlobalSection
EndGlobal
