<?xml version="1.0" encoding="utf-8"?>
<Project ToolsVersion="4.0" xmlns="http://schemas.microsoft.com/developer/msbuild/2003">
  <ItemGroup>
    <Filter Include="Source Files">
      <UniqueIdentifier>{4FC737F1-C7A5-4376-A066-2A32D752A2FF}</UniqueIdentifier>
      <Extensions>cpp;c;cc;cxx;def;odl;idl;hpj;bat;asm;asmx</Extensions>
    </Filter>
    <Filter Include="Header Files">
      <UniqueIdentifier>{93995380-89BD-4b04-88EB-625FBE52EBFB}</UniqueIdentifier>
      <Extensions>h;hh;hpp;hxx;hm;inl;inc;ipp;xsd</Extensions>
    </Filter>
    <Filter Include="Resource Files">
      <UniqueIdentifier>{67DA6AB6-F800-4c08-8B7A-83BB121AAD01}</UniqueIdentifier>
      <Extensions>rc;ico;cur;bmp;dlg;rc2;rct;bin;rgs;gif;jpg;jpeg;jpe;resx;tiff;tif;png;wav;mfcribbon-ms</Extensions>
    </Filter>
    <Filter Include="Source Files\Win">
      <UniqueIdentifier>{fab785fd-5e3f-4e13-91e8-b755fc0b2ba2}</UniqueIdentifier>
    </Filter>
    <Filter Include="Source Files\Posix">
      <UniqueIdentifier>{40f59f77-9ccc-42d7-95ad-415edbb1b6b3}</UniqueIdentifier>
    </Filter>
  </ItemGroup>
  <ItemGroup>
    <ClInclude Include="inc\internal_posix.h">
      <Filter>Header Files</Filter>
    </ClInclude>
    <ClInclude Include="inc\internal_win.h">
      <Filter>Header Files</Filter>
    </ClInclude>
    <ClInclude Include="inc\rvn.h">
      <Filter>Header Files</Filter>
    </ClInclude>
    <ClInclude Include="inc\status_codes.h">
      <Filter>Header Files</Filter>
    </ClInclude>
  </ItemGroup>
  <ItemGroup>
    <ClCompile Include="src\fileutils_all.c">
      <Filter>Source Files</Filter>
    </ClCompile>
    <ClCompile Include="src\rvngetpalver.c">
      <Filter>Source Files</Filter>
    </ClCompile>
    <ClCompile Include="src\win\fileutils.c">
      <Filter>Source Files\Win</Filter>
    </ClCompile>
    <ClCompile Include="src\win\getcurrentthreadid.c">
      <Filter>Source Files\Win</Filter>
    </ClCompile>
    <ClCompile Include="src\win\geterrorstring.c">
      <Filter>Source Files\Win</Filter>
    </ClCompile>
    <ClCompile Include="src\win\getsysteminformation.c">
      <Filter>Source Files\Win</Filter>
    </ClCompile>
    <ClCompile Include="src\win\journal.c">
      <Filter>Source Files\Win</Filter>
    </ClCompile>
    <ClCompile Include="src\win\mapping.c">
      <Filter>Source Files\Win</Filter>
    </ClCompile>
    <ClCompile Include="src\win\virtualmemory.c">
      <Filter>Source Files\Win</Filter>
    </ClCompile>
    <ClCompile Include="src\win\writefileheader.c">
      <Filter>Source Files\Win</Filter>
    </ClCompile>
    <ClCompile Include="src\win\pager.c">
      <Filter>Source Files</Filter>
    </ClCompile>
    <ClCompile Include="test.c">
      <Filter>Source Files</Filter>
    </ClCompile>
    <ClCompile Include="src\posix\fileutils.c">
      <Filter>Source Files\Posix</Filter>
    </ClCompile>
    <ClCompile Include="src\posix\geterrorstring.c">
      <Filter>Source Files\Posix</Filter>
    </ClCompile>
    <ClCompile Include="src\posix\getsysteminformation.c">
      <Filter>Source Files\Posix</Filter>
    </ClCompile>
    <ClCompile Include="src\posix\journal.c">
      <Filter>Source Files\Posix</Filter>
    </ClCompile>
    <ClCompile Include="src\posix\linuxonly.c">
      <Filter>Source Files\Posix</Filter>
    </ClCompile>
    <ClCompile Include="src\posix\maconly.c">
      <Filter>Source Files\Posix</Filter>
    </ClCompile>
    <ClCompile Include="src\posix\mapping.c">
      <Filter>Source Files\Posix</Filter>
    </ClCompile>
    <ClCompile Include="src\posix\sync.c">
      <Filter>Source Files\Posix</Filter>
    </ClCompile>
    <ClCompile Include="src\posix\virtualmemory.c">
      <Filter>Source Files\Posix</Filter>
    </ClCompile>
    <ClCompile Include="src\posix\writefileheader.c">
      <Filter>Source Files\Posix</Filter>
    </ClCompile>
  </ItemGroup>
  <ItemGroup>
    <None Include="..\..\scripts\assets\icon.png">
      <Filter>Resource Files</Filter>
    </None>
  </ItemGroup>
</Project>