
Microsoft Visual Studio Solution File, Format Version 11.00
# Visual Studio 2010
Project("{FAE04EC0-301F-11D3-BF4B-00C04F79EFBC}") = "Raven.Sample.ComplexSharding", "Raven.Sample.ComplexSharding\Raven.Sample.ComplexSharding.csproj", "{C7F492BF-8C5C-4080-85A0-A0C4A63D68F2}"
EndProject
Project("{FAE04EC0-301F-11D3-BF4B-00C04F79EFBC}") = "Raven.Sample.ShardClient", "Raven.Sample.ShardClient\Raven.Sample.ShardClient.csproj", "{B40059BD-5E50-4855-8EE1-1576E007E5F4}"
EndProject
Project("{FAE04EC0-301F-11D3-BF4B-00C04F79EFBC}") = "Raven.Sample.SimpleClient", "Raven.Sample.SimpleClient\Raven.Sample.SimpleClient.csproj", "{FAE55BF3-BC8D-47A9-9E32-305ED5C40EDF}"
EndProject
Project("{FAE04EC0-301F-11D3-BF4B-00C04F79EFBC}") = "MvcMusicStore", "MvcMusicStore\MvcMusicStore.csproj", "{C83FE52C-47DD-4433-B34E-9C9D72BBFFA1}"
EndProject
Project("{FAE04EC0-301F-11D3-BF4B-00C04F79EFBC}") = "Raven.Client.Lightweight", "..\Raven.Client.Lightweight\Raven.Client.Lightweight.csproj", "{4E087ECB-E7CA-4891-AC3C-3C76702715B6}"
EndProject
Project("{FAE04EC0-301F-11D3-BF4B-00C04F79EFBC}") = "Raven.Sample.Replication", "Raven.Sample.Replication\Raven.Sample.Replication.csproj", "{9F620303-44D9-4ACE-BB37-8CE742B710EB}"
EndProject
Global
	GlobalSection(SolutionConfigurationPlatforms) = preSolution
		Debug|Any CPU = Debug|Any CPU
		Debug|Mixed Platforms = Debug|Mixed Platforms
		Debug|x86 = Debug|x86
		Release|Any CPU = Release|Any CPU
		Release|Mixed Platforms = Release|Mixed Platforms
		Release|x86 = Release|x86
	EndGlobalSection
	GlobalSection(ProjectConfigurationPlatforms) = postSolution
		{C7F492BF-8C5C-4080-85A0-A0C4A63D68F2}.Debug|Any CPU.ActiveCfg = Debug|x86
		{C7F492BF-8C5C-4080-85A0-A0C4A63D68F2}.Debug|Mixed Platforms.ActiveCfg = Debug|x86
		{C7F492BF-8C5C-4080-85A0-A0C4A63D68F2}.Debug|Mixed Platforms.Build.0 = Debug|x86
		{C7F492BF-8C5C-4080-85A0-A0C4A63D68F2}.Debug|x86.ActiveCfg = Debug|x86
		{C7F492BF-8C5C-4080-85A0-A0C4A63D68F2}.Debug|x86.Build.0 = Debug|x86
		{C7F492BF-8C5C-4080-85A0-A0C4A63D68F2}.Release|Any CPU.ActiveCfg = Release|x86
		{C7F492BF-8C5C-4080-85A0-A0C4A63D68F2}.Release|Mixed Platforms.ActiveCfg = Release|x86
		{C7F492BF-8C5C-4080-85A0-A0C4A63D68F2}.Release|Mixed Platforms.Build.0 = Release|x86
		{C7F492BF-8C5C-4080-85A0-A0C4A63D68F2}.Release|x86.ActiveCfg = Release|x86
		{C7F492BF-8C5C-4080-85A0-A0C4A63D68F2}.Release|x86.Build.0 = Release|x86
		{B40059BD-5E50-4855-8EE1-1576E007E5F4}.Debug|Any CPU.ActiveCfg = Debug|x86
		{B40059BD-5E50-4855-8EE1-1576E007E5F4}.Debug|Mixed Platforms.ActiveCfg = Debug|x86
		{B40059BD-5E50-4855-8EE1-1576E007E5F4}.Debug|Mixed Platforms.Build.0 = Debug|x86
		{B40059BD-5E50-4855-8EE1-1576E007E5F4}.Debug|x86.ActiveCfg = Debug|x86
		{B40059BD-5E50-4855-8EE1-1576E007E5F4}.Debug|x86.Build.0 = Debug|x86
		{B40059BD-5E50-4855-8EE1-1576E007E5F4}.Release|Any CPU.ActiveCfg = Release|x86
		{B40059BD-5E50-4855-8EE1-1576E007E5F4}.Release|Mixed Platforms.ActiveCfg = Release|x86
		{B40059BD-5E50-4855-8EE1-1576E007E5F4}.Release|Mixed Platforms.Build.0 = Release|x86
		{B40059BD-5E50-4855-8EE1-1576E007E5F4}.Release|x86.ActiveCfg = Release|x86
		{B40059BD-5E50-4855-8EE1-1576E007E5F4}.Release|x86.Build.0 = Release|x86
		{FAE55BF3-BC8D-47A9-9E32-305ED5C40EDF}.Debug|Any CPU.ActiveCfg = Debug|x86
		{FAE55BF3-BC8D-47A9-9E32-305ED5C40EDF}.Debug|Mixed Platforms.ActiveCfg = Debug|x86
		{FAE55BF3-BC8D-47A9-9E32-305ED5C40EDF}.Debug|Mixed Platforms.Build.0 = Debug|x86
		{FAE55BF3-BC8D-47A9-9E32-305ED5C40EDF}.Debug|x86.ActiveCfg = Debug|x86
		{FAE55BF3-BC8D-47A9-9E32-305ED5C40EDF}.Debug|x86.Build.0 = Debug|x86
		{FAE55BF3-BC8D-47A9-9E32-305ED5C40EDF}.Release|Any CPU.ActiveCfg = Release|x86
		{FAE55BF3-BC8D-47A9-9E32-305ED5C40EDF}.Release|Mixed Platforms.ActiveCfg = Release|x86
		{FAE55BF3-BC8D-47A9-9E32-305ED5C40EDF}.Release|Mixed Platforms.Build.0 = Release|x86
		{FAE55BF3-BC8D-47A9-9E32-305ED5C40EDF}.Release|x86.ActiveCfg = Release|x86
		{FAE55BF3-BC8D-47A9-9E32-305ED5C40EDF}.Release|x86.Build.0 = Release|x86
		{C83FE52C-47DD-4433-B34E-9C9D72BBFFA1}.Debug|Any CPU.ActiveCfg = Debug|Any CPU
		{C83FE52C-47DD-4433-B34E-9C9D72BBFFA1}.Debug|Any CPU.Build.0 = Debug|Any CPU
		{C83FE52C-47DD-4433-B34E-9C9D72BBFFA1}.Debug|Mixed Platforms.ActiveCfg = Debug|Any CPU
		{C83FE52C-47DD-4433-B34E-9C9D72BBFFA1}.Debug|Mixed Platforms.Build.0 = Debug|Any CPU
		{C83FE52C-47DD-4433-B34E-9C9D72BBFFA1}.Debug|x86.ActiveCfg = Debug|Any CPU
		{C83FE52C-47DD-4433-B34E-9C9D72BBFFA1}.Release|Any CPU.ActiveCfg = Release|Any CPU
		{C83FE52C-47DD-4433-B34E-9C9D72BBFFA1}.Release|Any CPU.Build.0 = Release|Any CPU
		{C83FE52C-47DD-4433-B34E-9C9D72BBFFA1}.Release|Mixed Platforms.ActiveCfg = Release|Any CPU
		{C83FE52C-47DD-4433-B34E-9C9D72BBFFA1}.Release|Mixed Platforms.Build.0 = Release|Any CPU
		{C83FE52C-47DD-4433-B34E-9C9D72BBFFA1}.Release|x86.ActiveCfg = Release|Any CPU
		{4E087ECB-E7CA-4891-AC3C-3C76702715B6}.Debug|Any CPU.ActiveCfg = Debug|Any CPU
		{4E087ECB-E7CA-4891-AC3C-3C76702715B6}.Debug|Any CPU.Build.0 = Debug|Any CPU
		{4E087ECB-E7CA-4891-AC3C-3C76702715B6}.Debug|Mixed Platforms.ActiveCfg = Debug|Any CPU
		{4E087ECB-E7CA-4891-AC3C-3C76702715B6}.Debug|Mixed Platforms.Build.0 = Debug|Any CPU
		{4E087ECB-E7CA-4891-AC3C-3C76702715B6}.Debug|x86.ActiveCfg = Debug|Any CPU
		{4E087ECB-E7CA-4891-AC3C-3C76702715B6}.Release|Any CPU.ActiveCfg = Release|Any CPU
		{4E087ECB-E7CA-4891-AC3C-3C76702715B6}.Release|Any CPU.Build.0 = Release|Any CPU
		{4E087ECB-E7CA-4891-AC3C-3C76702715B6}.Release|Mixed Platforms.ActiveCfg = Release|Any CPU
		{4E087ECB-E7CA-4891-AC3C-3C76702715B6}.Release|Mixed Platforms.Build.0 = Release|Any CPU
		{4E087ECB-E7CA-4891-AC3C-3C76702715B6}.Release|x86.ActiveCfg = Release|Any CPU
		{9F620303-44D9-4ACE-BB37-8CE742B710EB}.Debug|Any CPU.ActiveCfg = Debug|x86
		{9F620303-44D9-4ACE-BB37-8CE742B710EB}.Debug|Mixed Platforms.ActiveCfg = Debug|x86
		{9F620303-44D9-4ACE-BB37-8CE742B710EB}.Debug|Mixed Platforms.Build.0 = Debug|x86
		{9F620303-44D9-4ACE-BB37-8CE742B710EB}.Debug|x86.ActiveCfg = Debug|x86
		{9F620303-44D9-4ACE-BB37-8CE742B710EB}.Debug|x86.Build.0 = Debug|x86
		{9F620303-44D9-4ACE-BB37-8CE742B710EB}.Release|Any CPU.ActiveCfg = Release|x86
		{9F620303-44D9-4ACE-BB37-8CE742B710EB}.Release|Mixed Platforms.ActiveCfg = Release|x86
		{9F620303-44D9-4ACE-BB37-8CE742B710EB}.Release|Mixed Platforms.Build.0 = Release|x86
		{9F620303-44D9-4ACE-BB37-8CE742B710EB}.Release|x86.ActiveCfg = Release|x86
		{9F620303-44D9-4ACE-BB37-8CE742B710EB}.Release|x86.Build.0 = Release|x86
	EndGlobalSection
	GlobalSection(SolutionProperties) = preSolution
		HideSolutionNode = FALSE
	EndGlobalSection
EndGlobal
