
Microsoft Visual Studio Solution File, Format Version 10.00
# Visual Studio 2008
Project("{2150E333-8FDC-42A3-9474-1A3956D46DE8}") = "Solution Items", "Solution Items", "{0892C279-7C09-4046-957B-BA5362C50D2F}"
	ProjectSection(SolutionItems) = preProject
		LocalTestRun.testrunconfig = LocalTestRun.testrunconfig
	EndProjectSection
EndProject
Project("{FAE04EC0-301F-11D3-BF4B-00C04F79EFBC}") = "EsentInterop", "..\EsentInterop\EsentInterop.csproj", "{E929E163-52A0-4AAC-917B-6D7FAF70C45E}"
EndProject
Project("{FAE04EC0-301F-11D3-BF4B-00C04F79EFBC}") = "Pixie", "Pixie.csproj", "{C04E3673-CBA3-4B15-8D92-98AC0C676ADB}"
EndProject
Project("{FAE04EC0-301F-11D3-BF4B-00C04F79EFBC}") = "PixieSample", "..\PixieSamples\GettingStarted\PixieSample.csproj", "{EB19183E-5224-4801-B073-A15A9AE32C13}"
EndProject
Project("{FAE04EC0-301F-11D3-BF4B-00C04F79EFBC}") = "PixieTests", "PixieTests\PixieTests.csproj", "{7B70729C-8E3E-4D2C-8927-7ADB07D218F8}"
EndProject
Global
	GlobalSection(SolutionConfigurationPlatforms) = preSolution
		Debug|Any CPU = Debug|Any CPU
		Debug|x64 = Debug|x64
		Full|Any CPU = Full|Any CPU
		Full|x64 = Full|x64
		Release|Any CPU = Release|Any CPU
		Release|x64 = Release|x64
	EndGlobalSection
	GlobalSection(ProjectConfigurationPlatforms) = postSolution
		{E929E163-52A0-4AAC-917B-6D7FAF70C45E}.Debug|Any CPU.ActiveCfg = Debug|Any CPU
		{E929E163-52A0-4AAC-917B-6D7FAF70C45E}.Debug|Any CPU.Build.0 = Debug|Any CPU
		{E929E163-52A0-4AAC-917B-6D7FAF70C45E}.Debug|x64.ActiveCfg = Debug|x64
		{E929E163-52A0-4AAC-917B-6D7FAF70C45E}.Debug|x64.Build.0 = Debug|x64
		{E929E163-52A0-4AAC-917B-6D7FAF70C45E}.Full|Any CPU.ActiveCfg = Full|Any CPU
		{E929E163-52A0-4AAC-917B-6D7FAF70C45E}.Full|Any CPU.Build.0 = Full|Any CPU
		{E929E163-52A0-4AAC-917B-6D7FAF70C45E}.Full|x64.ActiveCfg = Full|x64
		{E929E163-52A0-4AAC-917B-6D7FAF70C45E}.Full|x64.Build.0 = Full|x64
		{E929E163-52A0-4AAC-917B-6D7FAF70C45E}.Release|Any CPU.ActiveCfg = Release|Any CPU
		{E929E163-52A0-4AAC-917B-6D7FAF70C45E}.Release|Any CPU.Build.0 = Release|Any CPU
		{E929E163-52A0-4AAC-917B-6D7FAF70C45E}.Release|x64.ActiveCfg = Release|x64
		{E929E163-52A0-4AAC-917B-6D7FAF70C45E}.Release|x64.Build.0 = Release|x64
		{C04E3673-CBA3-4B15-8D92-98AC0C676ADB}.Debug|Any CPU.ActiveCfg = Debug|Any CPU
		{C04E3673-CBA3-4B15-8D92-98AC0C676ADB}.Debug|Any CPU.Build.0 = Debug|Any CPU
		{C04E3673-CBA3-4B15-8D92-98AC0C676ADB}.Debug|x64.ActiveCfg = Debug|Any CPU
		{C04E3673-CBA3-4B15-8D92-98AC0C676ADB}.Full|Any CPU.ActiveCfg = Release|Any CPU
		{C04E3673-CBA3-4B15-8D92-98AC0C676ADB}.Full|Any CPU.Build.0 = Release|Any CPU
		{C04E3673-CBA3-4B15-8D92-98AC0C676ADB}.Full|x64.ActiveCfg = Release|Any CPU
		{C04E3673-CBA3-4B15-8D92-98AC0C676ADB}.Release|Any CPU.ActiveCfg = Release|Any CPU
		{C04E3673-CBA3-4B15-8D92-98AC0C676ADB}.Release|Any CPU.Build.0 = Release|Any CPU
		{C04E3673-CBA3-4B15-8D92-98AC0C676ADB}.Release|x64.ActiveCfg = Release|Any CPU
		{EB19183E-5224-4801-B073-A15A9AE32C13}.Debug|Any CPU.ActiveCfg = Debug|Any CPU
		{EB19183E-5224-4801-B073-A15A9AE32C13}.Debug|Any CPU.Build.0 = Debug|Any CPU
		{EB19183E-5224-4801-B073-A15A9AE32C13}.Debug|x64.ActiveCfg = Debug|Any CPU
		{EB19183E-5224-4801-B073-A15A9AE32C13}.Full|Any CPU.ActiveCfg = Release|Any CPU
		{EB19183E-5224-4801-B073-A15A9AE32C13}.Full|Any CPU.Build.0 = Release|Any CPU
		{EB19183E-5224-4801-B073-A15A9AE32C13}.Full|x64.ActiveCfg = Release|Any CPU
		{EB19183E-5224-4801-B073-A15A9AE32C13}.Release|Any CPU.ActiveCfg = Release|Any CPU
		{EB19183E-5224-4801-B073-A15A9AE32C13}.Release|Any CPU.Build.0 = Release|Any CPU
		{EB19183E-5224-4801-B073-A15A9AE32C13}.Release|x64.ActiveCfg = Release|Any CPU
		{7B70729C-8E3E-4D2C-8927-7ADB07D218F8}.Debug|Any CPU.ActiveCfg = Debug|Any CPU
		{7B70729C-8E3E-4D2C-8927-7ADB07D218F8}.Debug|Any CPU.Build.0 = Debug|Any CPU
		{7B70729C-8E3E-4D2C-8927-7ADB07D218F8}.Debug|x64.ActiveCfg = Debug|Any CPU
		{7B70729C-8E3E-4D2C-8927-7ADB07D218F8}.Full|Any CPU.ActiveCfg = Release|Any CPU
		{7B70729C-8E3E-4D2C-8927-7ADB07D218F8}.Full|Any CPU.Build.0 = Release|Any CPU
		{7B70729C-8E3E-4D2C-8927-7ADB07D218F8}.Full|x64.ActiveCfg = Release|Any CPU
		{7B70729C-8E3E-4D2C-8927-7ADB07D218F8}.Release|Any CPU.ActiveCfg = Release|Any CPU
		{7B70729C-8E3E-4D2C-8927-7ADB07D218F8}.Release|Any CPU.Build.0 = Release|Any CPU
		{7B70729C-8E3E-4D2C-8927-7ADB07D218F8}.Release|x64.ActiveCfg = Release|Any CPU
	EndGlobalSection
	GlobalSection(SolutionProperties) = preSolution
		HideSolutionNode = FALSE
	EndGlobalSection
EndGlobal
