Microsoft Visual Studio Solution File, Format Version 8.00
Project("{FAE04EC0-301F-11D3-BF4B-00C04F79EFBC}") = "SynExpand", "SynExpand\SynExpand.csproj", "{1407C9BA-337C-4C6C-B065-68328D3871B3}"
	ProjectSection(ProjectDependencies) = postProject
	EndProjectSection
EndProject
Project("{FAE04EC0-301F-11D3-BF4B-00C04F79EFBC}") = "Syns2Index", "Syns2Index\Syns2Index.csproj", "{7563D4D9-AE91-42BA-A270-1D264660F6DF}"
	ProjectSection(ProjectDependencies) = postProject
	EndProjectSection
EndProject
Project("{FAE04EC0-301F-11D3-BF4B-00C04F79EFBC}") = "SynLookup", "SynLookup\SynLookup.csproj", "{2CA12E3F-76E1-4FA6-9E87-37079A7B7C69}"
	ProjectSection(ProjectDependencies) = postProject
	EndProjectSection
EndProject
Global
	GlobalSection(DPCodeReviewSolutionGUID) = preSolution
		DPCodeReviewSolutionGUID = {00000000-0000-0000-0000-000000000000}
	EndGlobalSection
	GlobalSection(SolutionConfiguration) = preSolution
		Debug = Debug
		Release = Release
	EndGlobalSection
	GlobalSection(ProjectConfiguration) = postSolution
		{1407C9BA-337C-4C6C-B065-68328D3871B3}.Debug.ActiveCfg = Debug|.NET
		{1407C9BA-337C-4C6C-B065-68328D3871B3}.Debug.Build.0 = Debug|.NET
		{1407C9BA-337C-4C6C-B065-68328D3871B3}.Release.ActiveCfg = Release|.NET
		{1407C9BA-337C-4C6C-B065-68328D3871B3}.Release.Build.0 = Release|.NET
		{7563D4D9-AE91-42BA-A270-1D264660F6DF}.Debug.ActiveCfg = Debug|.NET
		{7563D4D9-AE91-42BA-A270-1D264660F6DF}.Debug.Build.0 = Debug|.NET
		{7563D4D9-AE91-42BA-A270-1D264660F6DF}.Release.ActiveCfg = Release|.NET
		{7563D4D9-AE91-42BA-A270-1D264660F6DF}.Release.Build.0 = Release|.NET
		{2CA12E3F-76E1-4FA6-9E87-37079A7B7C69}.Debug.ActiveCfg = Debug|.NET
		{2CA12E3F-76E1-4FA6-9E87-37079A7B7C69}.Debug.Build.0 = Debug|.NET
		{2CA12E3F-76E1-4FA6-9E87-37079A7B7C69}.Release.ActiveCfg = Release|.NET
		{2CA12E3F-76E1-4FA6-9E87-37079A7B7C69}.Release.Build.0 = Release|.NET
	EndGlobalSection
	GlobalSection(SolutionItems) = postSolution
		Build.xml = Build.xml
		Package.html = Package.html
		README.txt = README.txt
	EndGlobalSection
	GlobalSection(ExtensibilityGlobals) = postSolution
	EndGlobalSection
	GlobalSection(ExtensibilityAddIns) = postSolution
	EndGlobalSection
EndGlobal
