
Microsoft Visual Studio Solution File, Format Version 11.00
# Visual Studio 2010
Project("{FAE04EC0-301F-11D3-BF4B-00C04F79EFBC}") = "Raven.Munin", "Raven.Munin\Raven.Munin.csproj", "{486537C2-EDF7-404F-9CFB-EEE25996DF5F}"
EndProject
Project("{FAE04EC0-301F-11D3-BF4B-00C04F79EFBC}") = "Raven.Munin.Tests", "Raven.Munin.Tests\Raven.Munin.Tests.csproj", "{08BE1CAB-13B1-4707-A0A3-6A2FDC1F916D}"
EndProject
Global
	GlobalSection(SolutionConfigurationPlatforms) = preSolution
		Debug|Any CPU = Debug|Any CPU
		Release|Any CPU = Release|Any CPU
	EndGlobalSection
	GlobalSection(ProjectConfigurationPlatforms) = postSolution
		{486537C2-EDF7-404F-9CFB-EEE25996DF5F}.Debug|Any CPU.ActiveCfg = Debug|Any CPU
		{486537C2-EDF7-404F-9CFB-EEE25996DF5F}.Debug|Any CPU.Build.0 = Debug|Any CPU
		{486537C2-EDF7-404F-9CFB-EEE25996DF5F}.Release|Any CPU.ActiveCfg = Release|Any CPU
		{486537C2-EDF7-404F-9CFB-EEE25996DF5F}.Release|Any CPU.Build.0 = Release|Any CPU
		{08BE1CAB-13B1-4707-A0A3-6A2FDC1F916D}.Debug|Any CPU.ActiveCfg = Debug|Any CPU
		{08BE1CAB-13B1-4707-A0A3-6A2FDC1F916D}.Debug|Any CPU.Build.0 = Debug|Any CPU
		{08BE1CAB-13B1-4707-A0A3-6A2FDC1F916D}.Release|Any CPU.ActiveCfg = Release|Any CPU
		{08BE1CAB-13B1-4707-A0A3-6A2FDC1F916D}.Release|Any CPU.Build.0 = Release|Any CPU
	EndGlobalSection
	GlobalSection(SolutionProperties) = preSolution
		HideSolutionNode = FALSE
	EndGlobalSection
EndGlobal
