
Microsoft Visual Studio Solution File, Format Version 9.00
# Visual Studio 2005
Project("{FAE04EC0-301F-11D3-BF4B-00C04F79EFBC}") = "Lucene.Net", "Lucene.Net.csproj", "{5D4AD9BE-1FFB-41AB-9943-25737971BF57}"
EndProject
Global
	GlobalSection(SolutionConfigurationPlatforms) = preSolution
		Debug|Any CPU = Debug|Any CPU
		Release|Any CPU = Release|Any CPU
	EndGlobalSection
	GlobalSection(ProjectConfigurationPlatforms) = postSolution
		{5D4AD9BE-1FFB-41AB-9943-25737971BF57}.Debug|Any CPU.ActiveCfg = Debug|Any CPU
		{5D4AD9BE-1FFB-41AB-9943-25737971BF57}.Debug|Any CPU.Build.0 = Debug|Any CPU
		{5D4AD9BE-1FFB-41AB-9943-25737971BF57}.Release|Any CPU.ActiveCfg = Release|Any CPU
		{5D4AD9BE-1FFB-41AB-9943-25737971BF57}.Release|Any CPU.Build.0 = Release|Any CPU
	EndGlobalSection
	GlobalSection(SolutionProperties) = preSolution
		HideSolutionNode = FALSE
	EndGlobalSection
EndGlobal
