Microsoft Visual Studio Solution File, Format Version 12.00
# Visual Studio 2010
Project("{FAE04EC0-301F-11D3-BF4B-00C04F79EFBC}") = "Raven.Bundles.Tests", "Raven.Bundles.Tests\Raven.Bundles.Tests.csproj", "{35CFAB1C-7934-4481-AC0D-7102F7DEE7F8}"
EndProject
Project("{FAE04EC0-301F-11D3-BF4B-00C04F79EFBC}") = "Raven.Bundles.Versioning", "Raven.Bundles.Versioning\Raven.Bundles.Versioning.csproj", "{22BCC20F-FC1F-4523-A717-77CDF8519C1D}"
EndProject
Project("{FAE04EC0-301F-11D3-BF4B-00C04F79EFBC}") = "Raven.Database", "..\Raven.Database\Raven.Database.csproj", "{212823CD-25E1-41AC-92D1-D6DF4D53FC85}"
EndProject
Project("{FAE04EC0-301F-11D3-BF4B-00C04F79EFBC}") = "Raven.Server", "..\Raven.Server\Raven.Server.csproj", "{3B90EB20-AEA3-4972-8219-936F1A62768C}"
EndProject
Project("{FAE04EC0-301F-11D3-BF4B-00C04F79EFBC}") = "Raven.Storage.Esent", "..\Raven.Storage.Esent\Raven.Storage.Esent.csproj", "{9DEE8674-D0CD-430D-BD9B-6CD95F3CAB22}"
EndProject
Project("{2150E333-8FDC-42A3-9474-1A3956D46DE8}") = "Raven", "Raven", "{86C266B7-8898-452C-AA95-4CCB81C382B7}"
EndProject
Project("{FAE04EC0-301F-11D3-BF4B-00C04F79EFBC}") = "Raven.Bundles.Authorization", "Raven.Bundles.Authorization\Raven.Bundles.Authorization.csproj", "{034FFD8F-F917-4A45-B920-9C460CD66BAF}"
EndProject
Project("{FAE04EC0-301F-11D3-BF4B-00C04F79EFBC}") = "Raven.Client.Authorization", "Raven.Client.Authorization\Raven.Client.Authorization.csproj", "{3A852FD2-E0F9-449C-8F66-0C6A180D030A}"
EndProject
Project("{FAE04EC0-301F-11D3-BF4B-00C04F79EFBC}") = "Raven.Bundles.Expiration", "Raven.Bundles.Expiration\Raven.Bundles.Expiration.csproj", "{5E2C2AAA-31E4-4F2B-A3E3-E1332D2D338A}"
EndProject
Project("{FAE04EC0-301F-11D3-BF4B-00C04F79EFBC}") = "Raven.Client.Lightweight", "..\Raven.Client.Lightweight\Raven.Client.Lightweight.csproj", "{4E087ECB-E7CA-4891-AC3C-3C76702715B6}"
EndProject
Project("{FAE04EC0-301F-11D3-BF4B-00C04F79EFBC}") = "Raven.Bundles.IndexReplication", "Raven.Bundles.IndexReplication\Raven.Bundles.IndexReplication.csproj", "{2728BBA7-5142-445E-BAA5-142A25E0666D}"
EndProject
Project("{FAE04EC0-301F-11D3-BF4B-00C04F79EFBC}") = "Raven.Bundles.Tryouts", "Raven.Bundles.Tryouts\Raven.Bundles.Tryouts.csproj", "{BE11F85B-4E0D-482A-9293-9E7D37FF72FE}"
EndProject
Project("{FAE04EC0-301F-11D3-BF4B-00C04F79EFBC}") = "Raven.Abstractions", "..\Raven.Abstractions\Raven.Abstractions.csproj", "{41AC479E-1EB2-4D23-AAF2-E4C8DF1BC2BA}"
EndProject
Project("{FAE04EC0-301F-11D3-BF4B-00C04F79EFBC}") = "Raven.Bundles.CascadeDelete", "Raven.Bundles.CascadeDelete\Raven.Bundles.CascadeDelete.csproj", "{D9CCC62F-0B4E-4B37-BE7E-203D34B4EC4F}"
EndProject
Project("{FAE04EC0-301F-11D3-BF4B-00C04F79EFBC}") = "Raven.Storage.Managed", "..\Raven.Storage.Managed\Raven.Storage.Managed.csproj", "{DA99A419-E137-40DB-9495-0C363B479D4B}"
EndProject
Project("{FAE04EC0-301F-11D3-BF4B-00C04F79EFBC}") = "Raven.Client.Versioning", "Raven.Client.Versioning\Raven.Client.Versioning.csproj", "{ADC25452-35F2-488E-9F2F-40C76F4927DB}"
EndProject
Project("{FAE04EC0-301F-11D3-BF4B-00C04F79EFBC}") = "Raven.Bundles.Quotas", "Raven.Bundles.Quotas\Raven.Bundles.Quotas.csproj", "{0DD9FF7B-311B-4D75-A2DD-4A5D61CC9C09}"
EndProject
Project("{FAE04EC0-301F-11D3-BF4B-00C04F79EFBC}") = "Raven.Client.Embedded", "..\Raven.Client.Embedded\Raven.Client.Embedded.csproj", "{0F5287AD-37B3-4375-BA3E-3CED64B1FC5B}"
EndProject
Project("{FAE04EC0-301F-11D3-BF4B-00C04F79EFBC}") = "Raven.Bundles.Authentication", "Raven.Bundles.Authentication\Raven.Bundles.Authentication.csproj", "{53DA3AE4-1648-43B9-A814-BAFD89AEBF2A}"
EndProject
Project("{FAE04EC0-301F-11D3-BF4B-00C04F79EFBC}") = "Raven.Bundles.MoreLikeThis", "Raven.Bundles.MoreLikeThis\Raven.Bundles.MoreLikeThis.csproj", "{EA00C89B-161A-4D62-8A88-9063900F0BC2}"
EndProject
Project("{FAE04EC0-301F-11D3-BF4B-00C04F79EFBC}") = "Raven.Client.MoreLikeThis", "Raven.Client.MoreLikeThis\Raven.Client.MoreLikeThis.csproj", "{039CB1C3-C4F3-4D87-A2C0-7531E386E6A3}"
EndProject
Project("{2150E333-8FDC-42A3-9474-1A3956D46DE8}") = "Solution Items", "Solution Items", "{139EAFC1-CE88-46CD-BAFA-D8C11C392171}"
	ProjectSection(SolutionItems) = preProject
		NuGet.config = NuGet.config
	EndProjectSection
EndProject
Project("{FAE04EC0-301F-11D3-BF4B-00C04F79EFBC}") = "Raven.Munin", "..\Raven.Munin\Raven.Munin.csproj", "{486537C2-EDF7-404F-9CFB-EEE25996DF5F}"
EndProject
Project("{FAE04EC0-301F-11D3-BF4B-00C04F79EFBC}") = "Raven.Smuggler", "..\Raven.Smuggler\Raven.Smuggler.csproj", "{3E6401AC-3E33-4B61-A460-49953654A207}"
EndProject
Project("{FAE04EC0-301F-11D3-BF4B-00C04F79EFBC}") = "Raven.Bundles.UniqueConstraints", "Raven.Bundles.UniqueConstraints\Raven.Bundles.UniqueConstraints.csproj", "{4C026F8A-FB36-4A30-82E9-324D207F6B48}"
EndProject
Project("{FAE04EC0-301F-11D3-BF4B-00C04F79EFBC}") = "Raven.Client.UniqueConstraints", "Raven.Client.UniqueConstraints\Raven.Client.UniqueConstraints.csproj", "{D185331D-2B7C-4251-8EBE-140EDE1FAB9F}"
EndProject
Project("{FAE04EC0-301F-11D3-BF4B-00C04F79EFBC}") = "Raven.Bundles.IndexedProperties", "Raven.Bundles.IndexedProperties\Raven.Bundles.IndexedProperties.csproj", "{012F5E7B-DDC3-4B8C-BA39-1394536D58BE}"
EndProject
Project("{FAE04EC0-301F-11D3-BF4B-00C04F79EFBC}") = "Raven.Tests", "..\Raven.Tests\Raven.Tests.csproj", "{267AC60C-751E-42E9-AA18-66035DEFF63A}"
EndProject
Project("{FAE04EC0-301F-11D3-BF4B-00C04F79EFBC}") = "Raven.Client.IndexedProperties", "Raven.Client.IndexedProperties\Raven.Client.IndexedProperties.csproj", "{F41C7F7E-A287-449A-A545-E7152937EF77}"
EndProject
Global
	GlobalSection(SolutionConfigurationPlatforms) = preSolution
		Debug|Any CPU = Debug|Any CPU
		Debug|Mixed Platforms = Debug|Mixed Platforms
		Debug|x86 = Debug|x86
		Release|Any CPU = Release|Any CPU
		Release|Mixed Platforms = Release|Mixed Platforms
		Release|x86 = Release|x86
	EndGlobalSection
	GlobalSection(ProjectConfigurationPlatforms) = postSolution
		{35CFAB1C-7934-4481-AC0D-7102F7DEE7F8}.Debug|Any CPU.ActiveCfg = Debug|Any CPU
		{35CFAB1C-7934-4481-AC0D-7102F7DEE7F8}.Debug|Any CPU.Build.0 = Debug|Any CPU
		{35CFAB1C-7934-4481-AC0D-7102F7DEE7F8}.Debug|Mixed Platforms.ActiveCfg = Debug|Any CPU
		{35CFAB1C-7934-4481-AC0D-7102F7DEE7F8}.Debug|Mixed Platforms.Build.0 = Debug|Any CPU
		{35CFAB1C-7934-4481-AC0D-7102F7DEE7F8}.Debug|x86.ActiveCfg = Debug|Any CPU
		{35CFAB1C-7934-4481-AC0D-7102F7DEE7F8}.Release|Any CPU.ActiveCfg = Release|Any CPU
		{35CFAB1C-7934-4481-AC0D-7102F7DEE7F8}.Release|Any CPU.Build.0 = Release|Any CPU
		{35CFAB1C-7934-4481-AC0D-7102F7DEE7F8}.Release|Mixed Platforms.ActiveCfg = Release|Any CPU
		{35CFAB1C-7934-4481-AC0D-7102F7DEE7F8}.Release|Mixed Platforms.Build.0 = Release|Any CPU
		{35CFAB1C-7934-4481-AC0D-7102F7DEE7F8}.Release|x86.ActiveCfg = Release|Any CPU
		{22BCC20F-FC1F-4523-A717-77CDF8519C1D}.Debug|Any CPU.ActiveCfg = Debug|Any CPU
		{22BCC20F-FC1F-4523-A717-77CDF8519C1D}.Debug|Any CPU.Build.0 = Debug|Any CPU
		{22BCC20F-FC1F-4523-A717-77CDF8519C1D}.Debug|Mixed Platforms.ActiveCfg = Debug|Any CPU
		{22BCC20F-FC1F-4523-A717-77CDF8519C1D}.Debug|Mixed Platforms.Build.0 = Debug|Any CPU
		{22BCC20F-FC1F-4523-A717-77CDF8519C1D}.Debug|x86.ActiveCfg = Debug|Any CPU
		{22BCC20F-FC1F-4523-A717-77CDF8519C1D}.Release|Any CPU.ActiveCfg = Release|Any CPU
		{22BCC20F-FC1F-4523-A717-77CDF8519C1D}.Release|Any CPU.Build.0 = Release|Any CPU
		{22BCC20F-FC1F-4523-A717-77CDF8519C1D}.Release|Mixed Platforms.ActiveCfg = Release|Any CPU
		{22BCC20F-FC1F-4523-A717-77CDF8519C1D}.Release|Mixed Platforms.Build.0 = Release|Any CPU
		{22BCC20F-FC1F-4523-A717-77CDF8519C1D}.Release|x86.ActiveCfg = Release|Any CPU
		{212823CD-25E1-41AC-92D1-D6DF4D53FC85}.Debug|Any CPU.ActiveCfg = Debug|Any CPU
		{212823CD-25E1-41AC-92D1-D6DF4D53FC85}.Debug|Any CPU.Build.0 = Debug|Any CPU
		{212823CD-25E1-41AC-92D1-D6DF4D53FC85}.Debug|Mixed Platforms.ActiveCfg = Debug|Any CPU
		{212823CD-25E1-41AC-92D1-D6DF4D53FC85}.Debug|Mixed Platforms.Build.0 = Debug|Any CPU
		{212823CD-25E1-41AC-92D1-D6DF4D53FC85}.Debug|x86.ActiveCfg = Debug|Any CPU
		{212823CD-25E1-41AC-92D1-D6DF4D53FC85}.Release|Any CPU.ActiveCfg = Release|Any CPU
		{212823CD-25E1-41AC-92D1-D6DF4D53FC85}.Release|Any CPU.Build.0 = Release|Any CPU
		{212823CD-25E1-41AC-92D1-D6DF4D53FC85}.Release|Mixed Platforms.ActiveCfg = Release|Any CPU
		{212823CD-25E1-41AC-92D1-D6DF4D53FC85}.Release|Mixed Platforms.Build.0 = Release|Any CPU
		{212823CD-25E1-41AC-92D1-D6DF4D53FC85}.Release|x86.ActiveCfg = Release|Any CPU
		{3B90EB20-AEA3-4972-8219-936F1A62768C}.Debug|Any CPU.ActiveCfg = Debug|Any CPU
		{3B90EB20-AEA3-4972-8219-936F1A62768C}.Debug|Any CPU.Build.0 = Debug|Any CPU
		{3B90EB20-AEA3-4972-8219-936F1A62768C}.Debug|Mixed Platforms.ActiveCfg = Debug|Any CPU
		{3B90EB20-AEA3-4972-8219-936F1A62768C}.Debug|Mixed Platforms.Build.0 = Debug|Any CPU
		{3B90EB20-AEA3-4972-8219-936F1A62768C}.Debug|x86.ActiveCfg = Debug|Any CPU
		{3B90EB20-AEA3-4972-8219-936F1A62768C}.Release|Any CPU.ActiveCfg = Release|Any CPU
		{3B90EB20-AEA3-4972-8219-936F1A62768C}.Release|Any CPU.Build.0 = Release|Any CPU
		{3B90EB20-AEA3-4972-8219-936F1A62768C}.Release|Mixed Platforms.ActiveCfg = Release|Any CPU
		{3B90EB20-AEA3-4972-8219-936F1A62768C}.Release|Mixed Platforms.Build.0 = Release|Any CPU
		{3B90EB20-AEA3-4972-8219-936F1A62768C}.Release|x86.ActiveCfg = Release|Any CPU
		{9DEE8674-D0CD-430D-BD9B-6CD95F3CAB22}.Debug|Any CPU.ActiveCfg = Debug|Any CPU
		{9DEE8674-D0CD-430D-BD9B-6CD95F3CAB22}.Debug|Any CPU.Build.0 = Debug|Any CPU
		{9DEE8674-D0CD-430D-BD9B-6CD95F3CAB22}.Debug|Mixed Platforms.ActiveCfg = Debug|Any CPU
		{9DEE8674-D0CD-430D-BD9B-6CD95F3CAB22}.Debug|Mixed Platforms.Build.0 = Debug|Any CPU
		{9DEE8674-D0CD-430D-BD9B-6CD95F3CAB22}.Debug|x86.ActiveCfg = Debug|Any CPU
		{9DEE8674-D0CD-430D-BD9B-6CD95F3CAB22}.Release|Any CPU.ActiveCfg = Release|Any CPU
		{9DEE8674-D0CD-430D-BD9B-6CD95F3CAB22}.Release|Any CPU.Build.0 = Release|Any CPU
		{9DEE8674-D0CD-430D-BD9B-6CD95F3CAB22}.Release|Mixed Platforms.ActiveCfg = Release|Any CPU
		{9DEE8674-D0CD-430D-BD9B-6CD95F3CAB22}.Release|Mixed Platforms.Build.0 = Release|Any CPU
		{9DEE8674-D0CD-430D-BD9B-6CD95F3CAB22}.Release|x86.ActiveCfg = Release|Any CPU
		{034FFD8F-F917-4A45-B920-9C460CD66BAF}.Debug|Any CPU.ActiveCfg = Debug|Any CPU
		{034FFD8F-F917-4A45-B920-9C460CD66BAF}.Debug|Any CPU.Build.0 = Debug|Any CPU
		{034FFD8F-F917-4A45-B920-9C460CD66BAF}.Debug|Mixed Platforms.ActiveCfg = Debug|Any CPU
		{034FFD8F-F917-4A45-B920-9C460CD66BAF}.Debug|Mixed Platforms.Build.0 = Debug|Any CPU
		{034FFD8F-F917-4A45-B920-9C460CD66BAF}.Debug|x86.ActiveCfg = Debug|Any CPU
		{034FFD8F-F917-4A45-B920-9C460CD66BAF}.Release|Any CPU.ActiveCfg = Release|Any CPU
		{034FFD8F-F917-4A45-B920-9C460CD66BAF}.Release|Any CPU.Build.0 = Release|Any CPU
		{034FFD8F-F917-4A45-B920-9C460CD66BAF}.Release|Mixed Platforms.ActiveCfg = Release|Any CPU
		{034FFD8F-F917-4A45-B920-9C460CD66BAF}.Release|Mixed Platforms.Build.0 = Release|Any CPU
		{034FFD8F-F917-4A45-B920-9C460CD66BAF}.Release|x86.ActiveCfg = Release|Any CPU
		{3A852FD2-E0F9-449C-8F66-0C6A180D030A}.Debug|Any CPU.ActiveCfg = Debug|Any CPU
		{3A852FD2-E0F9-449C-8F66-0C6A180D030A}.Debug|Any CPU.Build.0 = Debug|Any CPU
		{3A852FD2-E0F9-449C-8F66-0C6A180D030A}.Debug|Mixed Platforms.ActiveCfg = Debug|Any CPU
		{3A852FD2-E0F9-449C-8F66-0C6A180D030A}.Debug|Mixed Platforms.Build.0 = Debug|Any CPU
		{3A852FD2-E0F9-449C-8F66-0C6A180D030A}.Debug|x86.ActiveCfg = Debug|Any CPU
		{3A852FD2-E0F9-449C-8F66-0C6A180D030A}.Release|Any CPU.ActiveCfg = Release|Any CPU
		{3A852FD2-E0F9-449C-8F66-0C6A180D030A}.Release|Any CPU.Build.0 = Release|Any CPU
		{3A852FD2-E0F9-449C-8F66-0C6A180D030A}.Release|Mixed Platforms.ActiveCfg = Release|Any CPU
		{3A852FD2-E0F9-449C-8F66-0C6A180D030A}.Release|Mixed Platforms.Build.0 = Release|Any CPU
		{3A852FD2-E0F9-449C-8F66-0C6A180D030A}.Release|x86.ActiveCfg = Release|Any CPU
		{5E2C2AAA-31E4-4F2B-A3E3-E1332D2D338A}.Debug|Any CPU.ActiveCfg = Debug|Any CPU
		{5E2C2AAA-31E4-4F2B-A3E3-E1332D2D338A}.Debug|Any CPU.Build.0 = Debug|Any CPU
		{5E2C2AAA-31E4-4F2B-A3E3-E1332D2D338A}.Debug|Mixed Platforms.ActiveCfg = Debug|Any CPU
		{5E2C2AAA-31E4-4F2B-A3E3-E1332D2D338A}.Debug|Mixed Platforms.Build.0 = Debug|Any CPU
		{5E2C2AAA-31E4-4F2B-A3E3-E1332D2D338A}.Debug|x86.ActiveCfg = Debug|Any CPU
		{5E2C2AAA-31E4-4F2B-A3E3-E1332D2D338A}.Release|Any CPU.ActiveCfg = Release|Any CPU
		{5E2C2AAA-31E4-4F2B-A3E3-E1332D2D338A}.Release|Any CPU.Build.0 = Release|Any CPU
		{5E2C2AAA-31E4-4F2B-A3E3-E1332D2D338A}.Release|Mixed Platforms.ActiveCfg = Release|Any CPU
		{5E2C2AAA-31E4-4F2B-A3E3-E1332D2D338A}.Release|Mixed Platforms.Build.0 = Release|Any CPU
		{5E2C2AAA-31E4-4F2B-A3E3-E1332D2D338A}.Release|x86.ActiveCfg = Release|Any CPU
		{4E087ECB-E7CA-4891-AC3C-3C76702715B6}.Debug|Any CPU.ActiveCfg = Debug|Any CPU
		{4E087ECB-E7CA-4891-AC3C-3C76702715B6}.Debug|Any CPU.Build.0 = Debug|Any CPU
		{4E087ECB-E7CA-4891-AC3C-3C76702715B6}.Debug|Mixed Platforms.ActiveCfg = Debug|Any CPU
		{4E087ECB-E7CA-4891-AC3C-3C76702715B6}.Debug|Mixed Platforms.Build.0 = Debug|Any CPU
		{4E087ECB-E7CA-4891-AC3C-3C76702715B6}.Debug|x86.ActiveCfg = Debug|Any CPU
		{4E087ECB-E7CA-4891-AC3C-3C76702715B6}.Release|Any CPU.ActiveCfg = Release|Any CPU
		{4E087ECB-E7CA-4891-AC3C-3C76702715B6}.Release|Any CPU.Build.0 = Release|Any CPU
		{4E087ECB-E7CA-4891-AC3C-3C76702715B6}.Release|Mixed Platforms.ActiveCfg = Release|Any CPU
		{4E087ECB-E7CA-4891-AC3C-3C76702715B6}.Release|Mixed Platforms.Build.0 = Release|Any CPU
		{4E087ECB-E7CA-4891-AC3C-3C76702715B6}.Release|x86.ActiveCfg = Release|Any CPU
		{2728BBA7-5142-445E-BAA5-142A25E0666D}.Debug|Any CPU.ActiveCfg = Debug|Any CPU
		{2728BBA7-5142-445E-BAA5-142A25E0666D}.Debug|Any CPU.Build.0 = Debug|Any CPU
		{2728BBA7-5142-445E-BAA5-142A25E0666D}.Debug|Mixed Platforms.ActiveCfg = Debug|Any CPU
		{2728BBA7-5142-445E-BAA5-142A25E0666D}.Debug|Mixed Platforms.Build.0 = Debug|Any CPU
		{2728BBA7-5142-445E-BAA5-142A25E0666D}.Debug|x86.ActiveCfg = Debug|Any CPU
		{2728BBA7-5142-445E-BAA5-142A25E0666D}.Release|Any CPU.ActiveCfg = Release|Any CPU
		{2728BBA7-5142-445E-BAA5-142A25E0666D}.Release|Any CPU.Build.0 = Release|Any CPU
		{2728BBA7-5142-445E-BAA5-142A25E0666D}.Release|Mixed Platforms.ActiveCfg = Release|Any CPU
		{2728BBA7-5142-445E-BAA5-142A25E0666D}.Release|Mixed Platforms.Build.0 = Release|Any CPU
		{2728BBA7-5142-445E-BAA5-142A25E0666D}.Release|x86.ActiveCfg = Release|Any CPU
		{BE11F85B-4E0D-482A-9293-9E7D37FF72FE}.Debug|Any CPU.ActiveCfg = Debug|x86
		{BE11F85B-4E0D-482A-9293-9E7D37FF72FE}.Debug|Mixed Platforms.ActiveCfg = Debug|x86
		{BE11F85B-4E0D-482A-9293-9E7D37FF72FE}.Debug|Mixed Platforms.Build.0 = Debug|x86
		{BE11F85B-4E0D-482A-9293-9E7D37FF72FE}.Debug|x86.ActiveCfg = Debug|x86
		{BE11F85B-4E0D-482A-9293-9E7D37FF72FE}.Debug|x86.Build.0 = Debug|x86
		{BE11F85B-4E0D-482A-9293-9E7D37FF72FE}.Release|Any CPU.ActiveCfg = Release|x86
		{BE11F85B-4E0D-482A-9293-9E7D37FF72FE}.Release|Mixed Platforms.ActiveCfg = Release|x86
		{BE11F85B-4E0D-482A-9293-9E7D37FF72FE}.Release|Mixed Platforms.Build.0 = Release|x86
		{BE11F85B-4E0D-482A-9293-9E7D37FF72FE}.Release|x86.ActiveCfg = Release|x86
		{BE11F85B-4E0D-482A-9293-9E7D37FF72FE}.Release|x86.Build.0 = Release|x86
		{41AC479E-1EB2-4D23-AAF2-E4C8DF1BC2BA}.Debug|Any CPU.ActiveCfg = Debug|Any CPU
		{41AC479E-1EB2-4D23-AAF2-E4C8DF1BC2BA}.Debug|Any CPU.Build.0 = Debug|Any CPU
		{41AC479E-1EB2-4D23-AAF2-E4C8DF1BC2BA}.Debug|Mixed Platforms.ActiveCfg = Debug|Any CPU
		{41AC479E-1EB2-4D23-AAF2-E4C8DF1BC2BA}.Debug|Mixed Platforms.Build.0 = Debug|Any CPU
		{41AC479E-1EB2-4D23-AAF2-E4C8DF1BC2BA}.Debug|x86.ActiveCfg = Debug|Any CPU
		{41AC479E-1EB2-4D23-AAF2-E4C8DF1BC2BA}.Release|Any CPU.ActiveCfg = Release|Any CPU
		{41AC479E-1EB2-4D23-AAF2-E4C8DF1BC2BA}.Release|Any CPU.Build.0 = Release|Any CPU
		{41AC479E-1EB2-4D23-AAF2-E4C8DF1BC2BA}.Release|Mixed Platforms.ActiveCfg = Release|Any CPU
		{41AC479E-1EB2-4D23-AAF2-E4C8DF1BC2BA}.Release|Mixed Platforms.Build.0 = Release|Any CPU
		{41AC479E-1EB2-4D23-AAF2-E4C8DF1BC2BA}.Release|x86.ActiveCfg = Release|Any CPU
		{D9CCC62F-0B4E-4B37-BE7E-203D34B4EC4F}.Debug|Any CPU.ActiveCfg = Debug|Any CPU
		{D9CCC62F-0B4E-4B37-BE7E-203D34B4EC4F}.Debug|Any CPU.Build.0 = Debug|Any CPU
		{D9CCC62F-0B4E-4B37-BE7E-203D34B4EC4F}.Debug|Mixed Platforms.ActiveCfg = Debug|Any CPU
		{D9CCC62F-0B4E-4B37-BE7E-203D34B4EC4F}.Debug|Mixed Platforms.Build.0 = Debug|Any CPU
		{D9CCC62F-0B4E-4B37-BE7E-203D34B4EC4F}.Debug|x86.ActiveCfg = Debug|Any CPU
		{D9CCC62F-0B4E-4B37-BE7E-203D34B4EC4F}.Release|Any CPU.ActiveCfg = Release|Any CPU
		{D9CCC62F-0B4E-4B37-BE7E-203D34B4EC4F}.Release|Any CPU.Build.0 = Release|Any CPU
		{D9CCC62F-0B4E-4B37-BE7E-203D34B4EC4F}.Release|Mixed Platforms.ActiveCfg = Release|Any CPU
		{D9CCC62F-0B4E-4B37-BE7E-203D34B4EC4F}.Release|Mixed Platforms.Build.0 = Release|Any CPU
		{D9CCC62F-0B4E-4B37-BE7E-203D34B4EC4F}.Release|x86.ActiveCfg = Release|Any CPU
		{DA99A419-E137-40DB-9495-0C363B479D4B}.Debug|Any CPU.ActiveCfg = Debug|Any CPU
		{DA99A419-E137-40DB-9495-0C363B479D4B}.Debug|Any CPU.Build.0 = Debug|Any CPU
		{DA99A419-E137-40DB-9495-0C363B479D4B}.Debug|Mixed Platforms.ActiveCfg = Debug|Any CPU
		{DA99A419-E137-40DB-9495-0C363B479D4B}.Debug|Mixed Platforms.Build.0 = Debug|Any CPU
		{DA99A419-E137-40DB-9495-0C363B479D4B}.Debug|x86.ActiveCfg = Debug|Any CPU
		{DA99A419-E137-40DB-9495-0C363B479D4B}.Release|Any CPU.ActiveCfg = Release|Any CPU
		{DA99A419-E137-40DB-9495-0C363B479D4B}.Release|Any CPU.Build.0 = Release|Any CPU
		{DA99A419-E137-40DB-9495-0C363B479D4B}.Release|Mixed Platforms.ActiveCfg = Release|Any CPU
		{DA99A419-E137-40DB-9495-0C363B479D4B}.Release|Mixed Platforms.Build.0 = Release|Any CPU
		{DA99A419-E137-40DB-9495-0C363B479D4B}.Release|x86.ActiveCfg = Release|Any CPU
		{ADC25452-35F2-488E-9F2F-40C76F4927DB}.Debug|Any CPU.ActiveCfg = Debug|Any CPU
		{ADC25452-35F2-488E-9F2F-40C76F4927DB}.Debug|Any CPU.Build.0 = Debug|Any CPU
		{ADC25452-35F2-488E-9F2F-40C76F4927DB}.Debug|Mixed Platforms.ActiveCfg = Debug|Any CPU
		{ADC25452-35F2-488E-9F2F-40C76F4927DB}.Debug|Mixed Platforms.Build.0 = Debug|Any CPU
		{ADC25452-35F2-488E-9F2F-40C76F4927DB}.Debug|x86.ActiveCfg = Debug|Any CPU
		{ADC25452-35F2-488E-9F2F-40C76F4927DB}.Release|Any CPU.ActiveCfg = Release|Any CPU
		{ADC25452-35F2-488E-9F2F-40C76F4927DB}.Release|Any CPU.Build.0 = Release|Any CPU
		{ADC25452-35F2-488E-9F2F-40C76F4927DB}.Release|Mixed Platforms.ActiveCfg = Release|Any CPU
		{ADC25452-35F2-488E-9F2F-40C76F4927DB}.Release|Mixed Platforms.Build.0 = Release|Any CPU
		{ADC25452-35F2-488E-9F2F-40C76F4927DB}.Release|x86.ActiveCfg = Release|Any CPU
		{0DD9FF7B-311B-4D75-A2DD-4A5D61CC9C09}.Debug|Any CPU.ActiveCfg = Debug|Any CPU
		{0DD9FF7B-311B-4D75-A2DD-4A5D61CC9C09}.Debug|Any CPU.Build.0 = Debug|Any CPU
		{0DD9FF7B-311B-4D75-A2DD-4A5D61CC9C09}.Debug|Mixed Platforms.ActiveCfg = Debug|Any CPU
		{0DD9FF7B-311B-4D75-A2DD-4A5D61CC9C09}.Debug|Mixed Platforms.Build.0 = Debug|Any CPU
		{0DD9FF7B-311B-4D75-A2DD-4A5D61CC9C09}.Debug|x86.ActiveCfg = Debug|Any CPU
		{0DD9FF7B-311B-4D75-A2DD-4A5D61CC9C09}.Release|Any CPU.ActiveCfg = Release|Any CPU
		{0DD9FF7B-311B-4D75-A2DD-4A5D61CC9C09}.Release|Any CPU.Build.0 = Release|Any CPU
		{0DD9FF7B-311B-4D75-A2DD-4A5D61CC9C09}.Release|Mixed Platforms.ActiveCfg = Release|Any CPU
		{0DD9FF7B-311B-4D75-A2DD-4A5D61CC9C09}.Release|Mixed Platforms.Build.0 = Release|Any CPU
		{0DD9FF7B-311B-4D75-A2DD-4A5D61CC9C09}.Release|x86.ActiveCfg = Release|Any CPU
		{0F5287AD-37B3-4375-BA3E-3CED64B1FC5B}.Debug|Any CPU.ActiveCfg = Debug|Any CPU
		{0F5287AD-37B3-4375-BA3E-3CED64B1FC5B}.Debug|Any CPU.Build.0 = Debug|Any CPU
		{0F5287AD-37B3-4375-BA3E-3CED64B1FC5B}.Debug|Mixed Platforms.ActiveCfg = Debug|Any CPU
		{0F5287AD-37B3-4375-BA3E-3CED64B1FC5B}.Debug|Mixed Platforms.Build.0 = Debug|Any CPU
		{0F5287AD-37B3-4375-BA3E-3CED64B1FC5B}.Debug|x86.ActiveCfg = Debug|Any CPU
		{0F5287AD-37B3-4375-BA3E-3CED64B1FC5B}.Release|Any CPU.ActiveCfg = Release|Any CPU
		{0F5287AD-37B3-4375-BA3E-3CED64B1FC5B}.Release|Any CPU.Build.0 = Release|Any CPU
		{0F5287AD-37B3-4375-BA3E-3CED64B1FC5B}.Release|Mixed Platforms.ActiveCfg = Release|Any CPU
		{0F5287AD-37B3-4375-BA3E-3CED64B1FC5B}.Release|Mixed Platforms.Build.0 = Release|Any CPU
		{0F5287AD-37B3-4375-BA3E-3CED64B1FC5B}.Release|x86.ActiveCfg = Release|Any CPU
		{53DA3AE4-1648-43B9-A814-BAFD89AEBF2A}.Debug|Any CPU.ActiveCfg = Debug|Any CPU
		{53DA3AE4-1648-43B9-A814-BAFD89AEBF2A}.Debug|Any CPU.Build.0 = Debug|Any CPU
		{53DA3AE4-1648-43B9-A814-BAFD89AEBF2A}.Debug|Mixed Platforms.ActiveCfg = Debug|Any CPU
		{53DA3AE4-1648-43B9-A814-BAFD89AEBF2A}.Debug|Mixed Platforms.Build.0 = Debug|Any CPU
		{53DA3AE4-1648-43B9-A814-BAFD89AEBF2A}.Debug|x86.ActiveCfg = Debug|Any CPU
		{53DA3AE4-1648-43B9-A814-BAFD89AEBF2A}.Release|Any CPU.ActiveCfg = Release|Any CPU
		{53DA3AE4-1648-43B9-A814-BAFD89AEBF2A}.Release|Any CPU.Build.0 = Release|Any CPU
		{53DA3AE4-1648-43B9-A814-BAFD89AEBF2A}.Release|Mixed Platforms.ActiveCfg = Release|Any CPU
		{53DA3AE4-1648-43B9-A814-BAFD89AEBF2A}.Release|Mixed Platforms.Build.0 = Release|Any CPU
		{53DA3AE4-1648-43B9-A814-BAFD89AEBF2A}.Release|x86.ActiveCfg = Release|Any CPU
		{EA00C89B-161A-4D62-8A88-9063900F0BC2}.Debug|Any CPU.ActiveCfg = Debug|Any CPU
		{EA00C89B-161A-4D62-8A88-9063900F0BC2}.Debug|Any CPU.Build.0 = Debug|Any CPU
		{EA00C89B-161A-4D62-8A88-9063900F0BC2}.Debug|Mixed Platforms.ActiveCfg = Debug|Any CPU
		{EA00C89B-161A-4D62-8A88-9063900F0BC2}.Debug|Mixed Platforms.Build.0 = Debug|Any CPU
		{EA00C89B-161A-4D62-8A88-9063900F0BC2}.Debug|x86.ActiveCfg = Debug|Any CPU
		{EA00C89B-161A-4D62-8A88-9063900F0BC2}.Release|Any CPU.ActiveCfg = Release|Any CPU
		{EA00C89B-161A-4D62-8A88-9063900F0BC2}.Release|Any CPU.Build.0 = Release|Any CPU
		{EA00C89B-161A-4D62-8A88-9063900F0BC2}.Release|Mixed Platforms.ActiveCfg = Release|Any CPU
		{EA00C89B-161A-4D62-8A88-9063900F0BC2}.Release|Mixed Platforms.Build.0 = Release|Any CPU
		{EA00C89B-161A-4D62-8A88-9063900F0BC2}.Release|x86.ActiveCfg = Release|Any CPU
		{039CB1C3-C4F3-4D87-A2C0-7531E386E6A3}.Debug|Any CPU.ActiveCfg = Debug|Any CPU
		{039CB1C3-C4F3-4D87-A2C0-7531E386E6A3}.Debug|Any CPU.Build.0 = Debug|Any CPU
		{039CB1C3-C4F3-4D87-A2C0-7531E386E6A3}.Debug|Mixed Platforms.ActiveCfg = Debug|Any CPU
		{039CB1C3-C4F3-4D87-A2C0-7531E386E6A3}.Debug|Mixed Platforms.Build.0 = Debug|Any CPU
		{039CB1C3-C4F3-4D87-A2C0-7531E386E6A3}.Debug|x86.ActiveCfg = Debug|Any CPU
		{039CB1C3-C4F3-4D87-A2C0-7531E386E6A3}.Release|Any CPU.ActiveCfg = Release|Any CPU
		{039CB1C3-C4F3-4D87-A2C0-7531E386E6A3}.Release|Any CPU.Build.0 = Release|Any CPU
		{039CB1C3-C4F3-4D87-A2C0-7531E386E6A3}.Release|Mixed Platforms.ActiveCfg = Release|Any CPU
		{039CB1C3-C4F3-4D87-A2C0-7531E386E6A3}.Release|Mixed Platforms.Build.0 = Release|Any CPU
		{039CB1C3-C4F3-4D87-A2C0-7531E386E6A3}.Release|x86.ActiveCfg = Release|Any CPU
		{486537C2-EDF7-404F-9CFB-EEE25996DF5F}.Debug|Any CPU.ActiveCfg = Debug|Any CPU
		{486537C2-EDF7-404F-9CFB-EEE25996DF5F}.Debug|Any CPU.Build.0 = Debug|Any CPU
		{486537C2-EDF7-404F-9CFB-EEE25996DF5F}.Debug|Mixed Platforms.ActiveCfg = Debug|Any CPU
		{486537C2-EDF7-404F-9CFB-EEE25996DF5F}.Debug|Mixed Platforms.Build.0 = Debug|Any CPU
		{486537C2-EDF7-404F-9CFB-EEE25996DF5F}.Debug|x86.ActiveCfg = Debug|Any CPU
		{486537C2-EDF7-404F-9CFB-EEE25996DF5F}.Release|Any CPU.ActiveCfg = Release|Any CPU
		{486537C2-EDF7-404F-9CFB-EEE25996DF5F}.Release|Any CPU.Build.0 = Release|Any CPU
		{486537C2-EDF7-404F-9CFB-EEE25996DF5F}.Release|Mixed Platforms.ActiveCfg = Release|Any CPU
		{486537C2-EDF7-404F-9CFB-EEE25996DF5F}.Release|Mixed Platforms.Build.0 = Release|Any CPU
		{486537C2-EDF7-404F-9CFB-EEE25996DF5F}.Release|x86.ActiveCfg = Release|Any CPU
		{3E6401AC-3E33-4B61-A460-49953654A207}.Debug|Any CPU.ActiveCfg = Debug|x86
		{3E6401AC-3E33-4B61-A460-49953654A207}.Debug|Mixed Platforms.ActiveCfg = Debug|x86
		{3E6401AC-3E33-4B61-A460-49953654A207}.Debug|Mixed Platforms.Build.0 = Debug|x86
		{3E6401AC-3E33-4B61-A460-49953654A207}.Debug|x86.ActiveCfg = Debug|x86
		{3E6401AC-3E33-4B61-A460-49953654A207}.Debug|x86.Build.0 = Debug|x86
		{3E6401AC-3E33-4B61-A460-49953654A207}.Release|Any CPU.ActiveCfg = Release|x86
		{3E6401AC-3E33-4B61-A460-49953654A207}.Release|Mixed Platforms.ActiveCfg = Release|x86
		{3E6401AC-3E33-4B61-A460-49953654A207}.Release|Mixed Platforms.Build.0 = Release|x86
		{3E6401AC-3E33-4B61-A460-49953654A207}.Release|x86.ActiveCfg = Release|x86
		{3E6401AC-3E33-4B61-A460-49953654A207}.Release|x86.Build.0 = Release|x86
		{4C026F8A-FB36-4A30-82E9-324D207F6B48}.Debug|Any CPU.ActiveCfg = Debug|Any CPU
		{4C026F8A-FB36-4A30-82E9-324D207F6B48}.Debug|Any CPU.Build.0 = Debug|Any CPU
		{4C026F8A-FB36-4A30-82E9-324D207F6B48}.Debug|Mixed Platforms.ActiveCfg = Debug|Any CPU
		{4C026F8A-FB36-4A30-82E9-324D207F6B48}.Debug|Mixed Platforms.Build.0 = Debug|Any CPU
		{4C026F8A-FB36-4A30-82E9-324D207F6B48}.Debug|x86.ActiveCfg = Debug|Any CPU
		{4C026F8A-FB36-4A30-82E9-324D207F6B48}.Release|Any CPU.ActiveCfg = Release|Any CPU
		{4C026F8A-FB36-4A30-82E9-324D207F6B48}.Release|Any CPU.Build.0 = Release|Any CPU
		{4C026F8A-FB36-4A30-82E9-324D207F6B48}.Release|Mixed Platforms.ActiveCfg = Release|Any CPU
		{4C026F8A-FB36-4A30-82E9-324D207F6B48}.Release|Mixed Platforms.Build.0 = Release|Any CPU
		{4C026F8A-FB36-4A30-82E9-324D207F6B48}.Release|x86.ActiveCfg = Release|Any CPU
		{D185331D-2B7C-4251-8EBE-140EDE1FAB9F}.Debug|Any CPU.ActiveCfg = Debug|Any CPU
		{D185331D-2B7C-4251-8EBE-140EDE1FAB9F}.Debug|Any CPU.Build.0 = Debug|Any CPU
		{D185331D-2B7C-4251-8EBE-140EDE1FAB9F}.Debug|Mixed Platforms.ActiveCfg = Debug|Any CPU
		{D185331D-2B7C-4251-8EBE-140EDE1FAB9F}.Debug|Mixed Platforms.Build.0 = Debug|Any CPU
		{D185331D-2B7C-4251-8EBE-140EDE1FAB9F}.Debug|x86.ActiveCfg = Debug|Any CPU
		{D185331D-2B7C-4251-8EBE-140EDE1FAB9F}.Release|Any CPU.ActiveCfg = Release|Any CPU
		{D185331D-2B7C-4251-8EBE-140EDE1FAB9F}.Release|Any CPU.Build.0 = Release|Any CPU
		{D185331D-2B7C-4251-8EBE-140EDE1FAB9F}.Release|Mixed Platforms.ActiveCfg = Release|Any CPU
		{D185331D-2B7C-4251-8EBE-140EDE1FAB9F}.Release|Mixed Platforms.Build.0 = Release|Any CPU
		{D185331D-2B7C-4251-8EBE-140EDE1FAB9F}.Release|x86.ActiveCfg = Release|Any CPU
		{012F5E7B-DDC3-4B8C-BA39-1394536D58BE}.Debug|Any CPU.ActiveCfg = Debug|Any CPU
		{012F5E7B-DDC3-4B8C-BA39-1394536D58BE}.Debug|Any CPU.Build.0 = Debug|Any CPU
		{012F5E7B-DDC3-4B8C-BA39-1394536D58BE}.Debug|Mixed Platforms.ActiveCfg = Debug|Any CPU
		{012F5E7B-DDC3-4B8C-BA39-1394536D58BE}.Debug|Mixed Platforms.Build.0 = Debug|Any CPU
		{012F5E7B-DDC3-4B8C-BA39-1394536D58BE}.Debug|x86.ActiveCfg = Debug|Any CPU
		{012F5E7B-DDC3-4B8C-BA39-1394536D58BE}.Release|Any CPU.ActiveCfg = Release|Any CPU
		{012F5E7B-DDC3-4B8C-BA39-1394536D58BE}.Release|Any CPU.Build.0 = Release|Any CPU
		{012F5E7B-DDC3-4B8C-BA39-1394536D58BE}.Release|Mixed Platforms.ActiveCfg = Release|Any CPU
		{012F5E7B-DDC3-4B8C-BA39-1394536D58BE}.Release|Mixed Platforms.Build.0 = Release|Any CPU
		{012F5E7B-DDC3-4B8C-BA39-1394536D58BE}.Release|x86.ActiveCfg = Release|Any CPU
		{267AC60C-751E-42E9-AA18-66035DEFF63A}.Debug|Any CPU.ActiveCfg = Debug|Any CPU
		{267AC60C-751E-42E9-AA18-66035DEFF63A}.Debug|Any CPU.Build.0 = Debug|Any CPU
		{267AC60C-751E-42E9-AA18-66035DEFF63A}.Debug|Mixed Platforms.ActiveCfg = Debug|Any CPU
		{267AC60C-751E-42E9-AA18-66035DEFF63A}.Debug|Mixed Platforms.Build.0 = Debug|Any CPU
		{267AC60C-751E-42E9-AA18-66035DEFF63A}.Debug|x86.ActiveCfg = Debug|Any CPU
		{267AC60C-751E-42E9-AA18-66035DEFF63A}.Release|Any CPU.ActiveCfg = Release|Any CPU
		{267AC60C-751E-42E9-AA18-66035DEFF63A}.Release|Any CPU.Build.0 = Release|Any CPU
		{267AC60C-751E-42E9-AA18-66035DEFF63A}.Release|Mixed Platforms.ActiveCfg = Release|Any CPU
		{267AC60C-751E-42E9-AA18-66035DEFF63A}.Release|Mixed Platforms.Build.0 = Release|Any CPU
		{267AC60C-751E-42E9-AA18-66035DEFF63A}.Release|x86.ActiveCfg = Release|Any CPU
		{F41C7F7E-A287-449A-A545-E7152937EF77}.Debug|Any CPU.ActiveCfg = Debug|Any CPU
		{F41C7F7E-A287-449A-A545-E7152937EF77}.Debug|Any CPU.Build.0 = Debug|Any CPU
		{F41C7F7E-A287-449A-A545-E7152937EF77}.Debug|Mixed Platforms.ActiveCfg = Debug|Any CPU
		{F41C7F7E-A287-449A-A545-E7152937EF77}.Debug|Mixed Platforms.Build.0 = Debug|Any CPU
		{F41C7F7E-A287-449A-A545-E7152937EF77}.Debug|x86.ActiveCfg = Debug|Any CPU
		{F41C7F7E-A287-449A-A545-E7152937EF77}.Release|Any CPU.ActiveCfg = Release|Any CPU
		{F41C7F7E-A287-449A-A545-E7152937EF77}.Release|Any CPU.Build.0 = Release|Any CPU
		{F41C7F7E-A287-449A-A545-E7152937EF77}.Release|Mixed Platforms.ActiveCfg = Release|Any CPU
		{F41C7F7E-A287-449A-A545-E7152937EF77}.Release|Mixed Platforms.Build.0 = Release|Any CPU
		{F41C7F7E-A287-449A-A545-E7152937EF77}.Release|x86.ActiveCfg = Release|Any CPU
	EndGlobalSection
	GlobalSection(SolutionProperties) = preSolution
		HideSolutionNode = FALSE
	EndGlobalSection
	GlobalSection(NestedProjects) = preSolution
		{3B90EB20-AEA3-4972-8219-936F1A62768C} = {86C266B7-8898-452C-AA95-4CCB81C382B7}
		{9DEE8674-D0CD-430D-BD9B-6CD95F3CAB22} = {86C266B7-8898-452C-AA95-4CCB81C382B7}
		{212823CD-25E1-41AC-92D1-D6DF4D53FC85} = {86C266B7-8898-452C-AA95-4CCB81C382B7}
		{4E087ECB-E7CA-4891-AC3C-3C76702715B6} = {86C266B7-8898-452C-AA95-4CCB81C382B7}
		{41AC479E-1EB2-4D23-AAF2-E4C8DF1BC2BA} = {86C266B7-8898-452C-AA95-4CCB81C382B7}
		{DA99A419-E137-40DB-9495-0C363B479D4B} = {86C266B7-8898-452C-AA95-4CCB81C382B7}
		{0F5287AD-37B3-4375-BA3E-3CED64B1FC5B} = {86C266B7-8898-452C-AA95-4CCB81C382B7}
		{486537C2-EDF7-404F-9CFB-EEE25996DF5F} = {86C266B7-8898-452C-AA95-4CCB81C382B7}
		{3E6401AC-3E33-4B61-A460-49953654A207} = {86C266B7-8898-452C-AA95-4CCB81C382B7}
		{267AC60C-751E-42E9-AA18-66035DEFF63A} = {86C266B7-8898-452C-AA95-4CCB81C382B7}
	EndGlobalSection
EndGlobal
