
Microsoft Visual Studio Solution File, Format Version 11.00
# Visual Studio 2010
Project("{FAE04EC0-301F-11D3-BF4B-00C04F79EFBC}") = "Raven.Bundles.Tests", "Raven.Bundles.Tests\Raven.Bundles.Tests.csproj", "{35CFAB1C-7934-4481-AC0D-7102F7DEE7F8}"
EndProject
Project("{FAE04EC0-301F-11D3-BF4B-00C04F79EFBC}") = "Raven.Bundles.Versioning", "Raven.Bundles.Versioning\Raven.Bundles.Versioning.csproj", "{22BCC20F-FC1F-4523-A717-77CDF8519C1D}"
EndProject
Global
	GlobalSection(SolutionConfigurationPlatforms) = preSolution
		Debug|Any CPU = Debug|Any CPU
		Release|Any CPU = Release|Any CPU
	EndGlobalSection
	GlobalSection(ProjectConfigurationPlatforms) = postSolution
		{35CFAB1C-7934-4481-AC0D-7102F7DEE7F8}.Debug|Any CPU.ActiveCfg = Debug|Any CPU
		{35CFAB1C-7934-4481-AC0D-7102F7DEE7F8}.Debug|Any CPU.Build.0 = Debug|Any CPU
		{35CFAB1C-7934-4481-AC0D-7102F7DEE7F8}.Release|Any CPU.ActiveCfg = Release|Any CPU
		{35CFAB1C-7934-4481-AC0D-7102F7DEE7F8}.Release|Any CPU.Build.0 = Release|Any CPU
		{22BCC20F-FC1F-4523-A717-77CDF8519C1D}.Debug|Any CPU.ActiveCfg = Debug|Any CPU
		{22BCC20F-FC1F-4523-A717-77CDF8519C1D}.Debug|Any CPU.Build.0 = Debug|Any CPU
		{22BCC20F-FC1F-4523-A717-77CDF8519C1D}.Release|Any CPU.ActiveCfg = Release|Any CPU
		{22BCC20F-FC1F-4523-A717-77CDF8519C1D}.Release|Any CPU.Build.0 = Release|Any CPU
	EndGlobalSection
	GlobalSection(SolutionProperties) = preSolution
		HideSolutionNode = FALSE
	EndGlobalSection
EndGlobal
