
Microsoft Visual Studio Solution File, Format Version 10.00
# Visual C# Express 2008
Project("{FAE04EC0-301F-11D3-BF4B-00C04F79EFBC}") = "FastVectorHighlighter.Net", "FastVectorHighlighter.Net\FastVectorHighlighter.Net.csproj", "{9D2E3153-076F-49C5-B83D-FB2573536B5F}"
EndProject
Project("{FAE04EC0-301F-11D3-BF4B-00C04F79EFBC}") = "Test", "Test\Test.csproj", "{33ED01FD-A87C-4208-BA49-2586EFE32974}"
EndProject
Global
	GlobalSection(SolutionConfigurationPlatforms) = preSolution
		Debug|Any CPU = Debug|Any CPU
		Release|Any CPU = Release|Any CPU
	EndGlobalSection
	GlobalSection(ProjectConfigurationPlatforms) = postSolution
		{9D2E3153-076F-49C5-B83D-FB2573536B5F}.Debug|Any CPU.ActiveCfg = Debug|Any CPU
		{9D2E3153-076F-49C5-B83D-FB2573536B5F}.Debug|Any CPU.Build.0 = Debug|Any CPU
		{9D2E3153-076F-49C5-B83D-FB2573536B5F}.Release|Any CPU.ActiveCfg = Release|Any CPU
		{9D2E3153-076F-49C5-B83D-FB2573536B5F}.Release|Any CPU.Build.0 = Release|Any CPU
		{33ED01FD-A87C-4208-BA49-2586EFE32974}.Debug|Any CPU.ActiveCfg = Debug|Any CPU
		{33ED01FD-A87C-4208-BA49-2586EFE32974}.Debug|Any CPU.Build.0 = Debug|Any CPU
		{33ED01FD-A87C-4208-BA49-2586EFE32974}.Release|Any CPU.ActiveCfg = Release|Any CPU
		{33ED01FD-A87C-4208-BA49-2586EFE32974}.Release|Any CPU.Build.0 = Release|Any CPU
	EndGlobalSection
	GlobalSection(SolutionProperties) = preSolution
		HideSolutionNode = FALSE
	EndGlobalSection
EndGlobal
