
Microsoft Visual Studio Solution File, Format Version 11.00
# Visual Studio 2010
Project("{FAE04EC0-301F-11D3-BF4B-00C04F79EFBC}") = "MissingBitFromSilverlight", "MissingBitFromSilverlight\MissingBitFromSilverlight.csproj", "{FD1C04F2-C076-468C-8CEC-625C8B46ABDF}"
EndProject
Global
	GlobalSection(SolutionConfigurationPlatforms) = preSolution
		Debug|Any CPU = Debug|Any CPU
		Release|Any CPU = Release|Any CPU
	EndGlobalSection
	GlobalSection(ProjectConfigurationPlatforms) = postSolution
		{FD1C04F2-C076-468C-8CEC-625C8B46ABDF}.Debug|Any CPU.ActiveCfg = Debug|Any CPU
		{FD1C04F2-C076-468C-8CEC-625C8B46ABDF}.Debug|Any CPU.Build.0 = Debug|Any CPU
		{FD1C04F2-C076-468C-8CEC-625C8B46ABDF}.Release|Any CPU.ActiveCfg = Release|Any CPU
		{FD1C04F2-C076-468C-8CEC-625C8B46ABDF}.Release|Any CPU.Build.0 = Release|Any CPU
	EndGlobalSection
	GlobalSection(SolutionProperties) = preSolution
		HideSolutionNode = FALSE
	EndGlobalSection
EndGlobal
