
Microsoft Visual Studio Solution File, Format Version 12.00
# Visual Studio 2012
Project("{FAE04EC0-301F-11D3-BF4B-00C04F79EFBC}") = "Rachis", "Rachis\Rachis.csproj", "{F796F69F-D17B-4260-92D6-65CB94C0E05C}"
EndProject
Project("{FAE04EC0-301F-11D3-BF4B-00C04F79EFBC}") = "Rachis.Tests", "Rachis.Tests\Rachis.Tests.csproj", "{61B3D01A-F286-42B1-AA6B-83D9D6DF0873}"
EndProject
Project("{FAE04EC0-301F-11D3-BF4B-00C04F79EFBC}") = "Tryouts", "Tryouts\Tryouts.csproj", "{54412F82-A711-4AF6-931B-D8AF808E57C5}"
EndProject
Project("{2150E333-8FDC-42A3-9474-1A3956D46DE8}") = ".nuget", ".nuget", "{279C1A0A-49E4-4EB2-96DB-AC1E9C20DB0E}"
	ProjectSection(SolutionItems) = preProject
		.nuget\NuGet.Config = .nuget\NuGet.Config
		.nuget\NuGet.exe = .nuget\NuGet.exe
		.nuget\NuGet.targets = .nuget\NuGet.targets
	EndProjectSection
EndProject
Project("{FAE04EC0-301F-11D3-BF4B-00C04F79EFBC}") = "Voron", "..\ravendb\Raven.Voron\Voron\Voron.csproj", "{FF83C7C2-BC7B-4DCC-A782-49EF9BBD9390}"
EndProject
Project("{FAE04EC0-301F-11D3-BF4B-00C04F79EFBC}") = "TailFeather", "TailFeather\TailFeather.csproj", "{832A4C02-72AE-4F30-9691-E286457DD39D}"
EndProject
Project("{FAE04EC0-301F-11D3-BF4B-00C04F79EFBC}") = "TailFeather.Client", "TailFeather.Client\TailFeather.Client.csproj", "{1E267CF9-EAE8-4F87-BE37-BB1E7C9E86D6}"
EndProject
Global
	GlobalSection(SolutionConfigurationPlatforms) = preSolution
		Debug|Any CPU = Debug|Any CPU
		Release|Any CPU = Release|Any CPU
	EndGlobalSection
	GlobalSection(ProjectConfigurationPlatforms) = postSolution
		{1E267CF9-EAE8-4F87-BE37-BB1E7C9E86D6}.Debug|Any CPU.ActiveCfg = Debug|Any CPU
		{1E267CF9-EAE8-4F87-BE37-BB1E7C9E86D6}.Debug|Any CPU.Build.0 = Debug|Any CPU
		{1E267CF9-EAE8-4F87-BE37-BB1E7C9E86D6}.Release|Any CPU.ActiveCfg = Release|Any CPU
		{1E267CF9-EAE8-4F87-BE37-BB1E7C9E86D6}.Release|Any CPU.Build.0 = Release|Any CPU
		{54412F82-A711-4AF6-931B-D8AF808E57C5}.Debug|Any CPU.ActiveCfg = Debug|Any CPU
		{54412F82-A711-4AF6-931B-D8AF808E57C5}.Debug|Any CPU.Build.0 = Debug|Any CPU
		{54412F82-A711-4AF6-931B-D8AF808E57C5}.Release|Any CPU.ActiveCfg = Release|Any CPU
		{54412F82-A711-4AF6-931B-D8AF808E57C5}.Release|Any CPU.Build.0 = Release|Any CPU
		{61B3D01A-F286-42B1-AA6B-83D9D6DF0873}.Debug|Any CPU.ActiveCfg = Debug|Any CPU
		{61B3D01A-F286-42B1-AA6B-83D9D6DF0873}.Debug|Any CPU.Build.0 = Debug|Any CPU
		{61B3D01A-F286-42B1-AA6B-83D9D6DF0873}.Release|Any CPU.ActiveCfg = Release|Any CPU
		{61B3D01A-F286-42B1-AA6B-83D9D6DF0873}.Release|Any CPU.Build.0 = Release|Any CPU
		{832A4C02-72AE-4F30-9691-E286457DD39D}.Debug|Any CPU.ActiveCfg = Debug|Any CPU
		{832A4C02-72AE-4F30-9691-E286457DD39D}.Debug|Any CPU.Build.0 = Debug|Any CPU
		{832A4C02-72AE-4F30-9691-E286457DD39D}.Release|Any CPU.ActiveCfg = Release|Any CPU
		{832A4C02-72AE-4F30-9691-E286457DD39D}.Release|Any CPU.Build.0 = Release|Any CPU
		{F796F69F-D17B-4260-92D6-65CB94C0E05C}.Debug|Any CPU.ActiveCfg = Debug|Any CPU
		{F796F69F-D17B-4260-92D6-65CB94C0E05C}.Debug|Any CPU.Build.0 = Debug|Any CPU
		{F796F69F-D17B-4260-92D6-65CB94C0E05C}.Release|Any CPU.ActiveCfg = Release|Any CPU
		{F796F69F-D17B-4260-92D6-65CB94C0E05C}.Release|Any CPU.Build.0 = Release|Any CPU
		{FF83C7C2-BC7B-4DCC-A782-49EF9BBD9390}.Debug|Any CPU.ActiveCfg = Debug|Any CPU
		{FF83C7C2-BC7B-4DCC-A782-49EF9BBD9390}.Debug|Any CPU.Build.0 = Debug|Any CPU
		{FF83C7C2-BC7B-4DCC-A782-49EF9BBD9390}.Release|Any CPU.ActiveCfg = Release|Any CPU
		{FF83C7C2-BC7B-4DCC-A782-49EF9BBD9390}.Release|Any CPU.Build.0 = Release|Any CPU
	EndGlobalSection
	GlobalSection(NestedProjects) = preSolution
	EndGlobalSection
	GlobalSection(SolutionProperties) = preSolution
		HideSolutionNode = FALSE
	EndGlobalSection
EndGlobal
